{
  "version": 4,
  "terraform_version": "0.15.3",
  "serial": 226,
  "lineage": "145b32d6-92ab-a10b-8fb2-bd7d2f12fa40",
  "outputs": {},
  "resources": [
    {
      "mode": "data",
      "type": "aws_ami",
      "name": "ubuntu",
      "provider": "provider[\"registry.terraform.io/hashicorp/aws\"]",
      "instances": [
        {
          "schema_version": 0,
          "attributes": {
            "architecture": "x86_64",
            "arn": "arn:aws:ec2:us-east-1::image/ami-041c382187e3e6973",
            "block_device_mappings": [
              {
                "device_name": "/dev/sda1",
                "ebs": {
                  "delete_on_termination": "true",
                  "encrypted": "false",
                  "iops": "0",
                  "snapshot_id": "snap-013c63e341300c864",
                  "throughput": "0",
                  "volume_size": "8",
                  "volume_type": "gp2"
                },
                "no_device": "",
                "virtual_name": ""
              },
              {
                "device_name": "/dev/sdb",
                "ebs": {},
                "no_device": "",
                "virtual_name": "ephemeral0"
              },
              {
                "device_name": "/dev/sdc",
                "ebs": {},
                "no_device": "",
                "virtual_name": "ephemeral1"
              }
            ],
            "creation_date": "2021-05-04T00:36:41.000Z",
            "description": "Canonical, Ubuntu, 20.04 LTS, amd64 focal image build on 2021-05-03",
            "ena_support": true,
            "executable_users": null,
            "filter": [
              {
                "name": "name",
                "values": [
                  "ubuntu/images/hvm-ssd/ubuntu-focal-20.04-amd64-server-*"
                ]
              },
              {
                "name": "virtualization-type",
                "values": [
                  "hvm"
                ]
              }
            ],
            "hypervisor": "xen",
            "id": "ami-041c382187e3e6973",
            "image_id": "ami-041c382187e3e6973",
            "image_location": "099720109477/ubuntu/images/hvm-ssd/ubuntu-focal-20.04-amd64-server-20210503",
            "image_owner_alias": null,
            "image_type": "machine",
            "kernel_id": null,
            "most_recent": true,
            "name": "ubuntu/images/hvm-ssd/ubuntu-focal-20.04-amd64-server-20210503",
            "name_regex": null,
            "owner_id": "099720109477",
            "owners": [
              "099720109477"
            ],
            "platform": null,
            "platform_details": "Linux/UNIX",
            "product_codes": [],
            "public": true,
            "ramdisk_id": null,
            "root_device_name": "/dev/sda1",
            "root_device_type": "ebs",
            "root_snapshot_id": "snap-013c63e341300c864",
            "sriov_net_support": "simple",
            "state": "available",
            "state_reason": {
              "code": "UNSET",
              "message": "UNSET"
            },
            "tags": {},
            "usage_operation": "RunInstances",
            "virtualization_type": "hvm"
          },
          "sensitive_attributes": []
        }
      ]
    },
    {
      "mode": "managed",
      "type": "aws_lb_target_group_attachment",
      "name": "http",
      "provider": "provider[\"registry.terraform.io/hashicorp/aws\"]",
      "instances": [
        {
          "schema_version": 0,
          "attributes": {
            "availability_zone": null,
            "id": "arn:aws:elasticloadbalancing:us-east-1:324715918036:targetgroup/http20210507183335987700000001/6de7ae457eb7a6bf-20210507183343698000000003",
            "port": 80,
            "target_group_arn": "arn:aws:elasticloadbalancing:us-east-1:324715918036:targetgroup/http20210507183335987700000001/6de7ae457eb7a6bf",
            "target_id": "i-0020bda83b4f7c24d"
          },
          "sensitive_attributes": [],
          "private": "bnVsbA==",
          "dependencies": [
            "data.aws_ami.ubuntu",
            "module.ec2.aws_instance.this",
            "module.key_pair.aws_key_pair.this",
            "module.nlb.aws_lb.this",
            "module.nlb.aws_lb_target_group.main",
            "module.security_group.aws_security_group.this",
            "module.security_group.aws_security_group.this_name_prefix",
            "module.vpc.aws_subnet.private",
            "module.vpc.aws_subnet.public",
            "module.vpc.aws_vpc.this"
          ]
        }
      ]
    },
    {
      "mode": "managed",
      "type": "aws_lb_target_group_attachment",
      "name": "ssh",
      "provider": "provider[\"registry.terraform.io/hashicorp/aws\"]",
      "instances": [
        {
          "schema_version": 0,
          "attributes": {
            "availability_zone": null,
            "id": "arn:aws:elasticloadbalancing:us-east-1:324715918036:targetgroup/ssh20210507183335987900000002/c7be03091ad08cff-20210507183343787800000004",
            "port": 22,
            "target_group_arn": "arn:aws:elasticloadbalancing:us-east-1:324715918036:targetgroup/ssh20210507183335987900000002/c7be03091ad08cff",
            "target_id": "i-0020bda83b4f7c24d"
          },
          "sensitive_attributes": [],
          "private": "bnVsbA==",
          "dependencies": [
            "data.aws_ami.ubuntu",
            "module.ec2.aws_instance.this",
            "module.key_pair.aws_key_pair.this",
            "module.nlb.aws_lb.this",
            "module.nlb.aws_lb_target_group.main",
            "module.security_group.aws_security_group.this",
            "module.security_group.aws_security_group.this_name_prefix",
            "module.vpc.aws_subnet.private",
            "module.vpc.aws_subnet.public",
            "module.vpc.aws_vpc.this"
          ]
        }
      ]
    },
    {
      "mode": "managed",
      "type": "null_resource",
      "name": "get_keys",
      "provider": "provider[\"registry.terraform.io/hashicorp/null\"]",
      "instances": [
        {
          "schema_version": 0,
          "attributes": {
            "id": "2064742486441496884",
            "triggers": null
          },
          "sensitive_attributes": [],
          "private": "bnVsbA==",
          "dependencies": [
            "tls_private_key.ec2_key"
          ]
        }
      ]
    },
    {
      "mode": "managed",
      "type": "tls_private_key",
      "name": "ec2_key",
      "provider": "provider[\"registry.terraform.io/hashicorp/tls\"]",
      "instances": [
        {
          "schema_version": 0,
          "attributes": {
            "algorithm": "RSA",
            "ecdsa_curve": "P224",
            "id": "fce19ae4acbd9518ce474eff465dc6f42e683365",
            "private_key_pem": "-----BEGIN RSA PRIVATE KEY-----\nMIIJKQIBAAKCAgEA5Tfd51ejBb/bIrnLifBhGSOQnT34zx3+SfZB1zslIbwY/9fo\nG0KRMkCE4z3cIkirCaVwCFTR2NJ/qYBH3afTrhPNHNPUBhs+9m3kZPDR6UbEz7ps\nKVnnB6pKLXBuqTtql4dh5BSuD6UB7uvXjuiwUTEuP1d7SuIvgKuguopBIV51KgHP\nnCm91iq5ME66zaE+1E6PBJJoOkSspqwAzRwzzRjuuGvBfDqUbwnXfiJZ8/yRkpGl\nB8UOfqJWA+7VnhHWwySX1JPui+qQaP0w/OcDXCgPRk8WX0/L/JWYAkvvDYry1/FF\n+y5vFzGmTyxF4xf44mjmbdJCILYywQmFlrcHtdHHpz3R5QDUD4n79PFLQTbvgl+r\nYPg7axxd8xpAkvLFPLgQEwwWVQeOcrc+BIfKLzg/Bul5AEnOcJ1LmOmppEVCK94q\nG98zEnKonNzNZUMaCiflh2Yt11NZtwIDpuQcU8yiZ+v66QjMVaGEop2gtkHtMKNI\n56z/q0gbIwec2PkbYjFR4BvvmXXENZ+mh9sLf8D3AZ4r7/Ks9YvdKq2ovDuScUyU\nIiFi8juSCPrgcd9/ztCQ3NjiC3+AIysWymfLVSWrILJDdoaEASwWNcsprw5SxL8c\npDIODAYgYetxu5QQFdaBs2OFv1OmKMZRUZC6g4Hyhqrpm9AVTkBJX/QpARcCAwEA\nAQKCAgA8uzScGugimdahuMBo57uSQY4LW2QU3EmHpyuCrzUDXybwgnAI6PY3bkjH\nPJiarM5EXAT28CI5ZGxWqJph7Bl1weFShf1jMMzZ1fvxkqzLNejncOk/e4ZuzXuh\n1mw7gnaXd1NEbwY/NuTwPKR8RMKSgIlUVwVfrdYQLWkEg6UGBlTcsGYlZhnaKK+w\nUOvFl7dh4P6bo37iEVf9QQ1lSteeu8BkNIirNYomcWEbFlbnAkA/qT8kc92HR9Oq\nbxlCLE/OnF9t/1Pw1lE0wAC+wSZuwF5rroCq+CV/4tLHqP7Jg8sb091K096zMoBx\n8bUCmlNjCZAkANVsfVmtM6ylZhEwZunW6fHhWDq/VhY3AYZEZlc/5QzF0sCF8cCP\n1g8MqR48PuQ+KK5fVS0derlmxf/x3zhQeyJYYKlzF3tVRY20UviwUoayu7QHa2/z\nRR5xCKrj8qc4SVW1mKsL63VxWXHp8hTSIREXKUlL4wNXyha4/N5vZ8ZnqN8J1Ctq\nNg+w3n6X3i2H4ALbK4mPph2yWkIFhlyI1nheVVMjT9rT6HGt/xzHmzt/WinQY81Y\nma0EDxL8PGEGFUdOhCOdXyxOImNB2vkjdXYKE3OlX5XhyL0HRUdcVtG7rhaJgkft\nGAgk/o/xnRzE+P6GQL2COaj1gfWpmqOpLgDGiMccUqMF6YVaoQKCAQEA7/a0c9/Q\nE1vTPx9cxyOHq67MtKJjBb94llRVZ22YBpBqZEXEmk1M7XRXuF3FXwFerPXPuIJ1\nAuYAKvcvnPw9/sKkOFgbx5VwSeRmnBqVeEvEhMXd6w+/T0NXz3D5vlnpyo8Svll/\nPRuWxT6zGb9Q7T/tKt+LQ3/Ixu+JtP3w/kTmwHN8cgZWnjRL5m8XwOF3RqVFSRB/\nvWOsvzP1U3Gt7oOHYLPCNhHpAmVXRJ/6soa0BngtxzxO/PyNfG/iajqqALEaO54c\nQF5Zc/wL4a+KfnORBm88sIDf9ew2oWUxYmISLD5LrX2C1+n0NzrGNmfu/Gtf4ar/\nkX3raFnKy4PquwKCAQEA9IlUJ+CTzjZ8y8/XF553mogmxeqyWfJLieSOzH5flh9k\n+bte8XP+M4M25FrUIgV/0qtoy5tC/cFI+u73pXI46l44hKIYluWXybZBJZrWStYb\nNpFCRU4c/luJvSNxMFON+0C9D2ObTC9Xp2LZjmZGUTS4NBg5GSOcojxP4U5sosy3\nhciKCDof5R11jWFNMOwOXpJhpbR12DSxjLQA/tfWj2ujNoyJWjoO3GKW1bgngJw7\npYPM/jmVa05tmUd4I4Xfeq284uXB7QOdpWs7F+fzG+SaiZYw9YSRbNQcqifyau2k\npQngSLRUUbD08JTvU8nydeGtVkc2YD2N/FTjs8WjVQKCAQEA4q4FdzSk5bSnkIh6\n5y88GUVN4RFJQ4PFURUnfEW+B+1iY4i4mR6Onf16ZBJIwV+U5QRsDhtGl89Xtz68\nPqrVkZSi9wrcayRS56qX97zxF6tTYC1eXpAIo8K076QEd/mN7ahMB36ZwMsQGRIK\ntDbTJtttmkOD1eafbrWXO19ryXajGIe/tiMgreAvFuY45R7Xwuea1NN+KBVBeXmG\ntSW9LYQYXZRR0SwIFhhPYOdTNlQjOb1LWVsyLrAQo805cCosr+ydIFZSz8eQ7wzY\n2IAv7xYSmKZ6CS4k4rYaQUpLZWnJSvwqFyBqerZp2cZuubRiwRZZg985/2GZAIFa\nHfhmwwKCAQBM21S969HIwEtc64gY/k9tHFnDXs6LgqHHRzSyhQ2Z62gbLY7bqK8+\nlYENKJb/0maoWgNn6vaVNsivRahEMbA9yTtORHwiAStB1KyJGy86+iw3bFQ94B0w\nvKh/78HFhJ1dWK2TRqUqvr5395OVNAPpxf4XMX3Qruat/vLER5fRWzJbM/peN5aK\ntkWaF/jg5XBmvO8/24YmW/lp1bFyZ3giP5xeqrEI0LKXBc2OgoC35WLB1Lj7NjIG\nNfIweMwDrjHdJvn0/m2DBt3nfdpm2xoHrEP99lyQ7gefAtO3jzKb9PEIhiAd+b9+\npXV2n/jQhupTroiCU4N9oBseMbgXaoi5AoIBAQC5cvfvMThnTqyEYBAZPiMI0nYp\nOxoSYpq2tv0HPagTLGs1SkJo/lh6Am/L/iaJhsMxWKWIdQ+lJWU4uYnfoZjcfd14\n3rNjAabPv3CLgyZ0VKby0Diombp3kCqxW1UYh36ZusI5z9qpFvcYoJezcAU6udJP\nuf6eMpmQIRbAGn6loQyK1gwaVoyiqRDZQQ5t97NiROwrz943Okho6saw7Ty1TFLC\nGU03G/GgPwXypgftOl8i40Hb9OV8OB7caaQ+bWtU7ScUBHbbsl8j2r43D7PvFqjr\nWCcLs4JJpNI0U/h7HvDk/rzEdqG8dcFWJT9xwmmOIZENWd68YCk4pOEI+ZCj\n-----END RSA PRIVATE KEY-----\n",
            "public_key_fingerprint_md5": "0e:0f:ea:c7:21:e5:48:19:25:93:d5:0b:15:13:4e:1b",
            "public_key_openssh": "ssh-rsa AAAAB3NzaC1yc2EAAAADAQABAAACAQDlN93nV6MFv9siucuJ8GEZI5CdPfjPHf5J9kHXOyUhvBj/1+gbQpEyQITjPdwiSKsJpXAIVNHY0n+pgEfdp9OuE80c09QGGz72beRk8NHpRsTPumwpWecHqkotcG6pO2qXh2HkFK4PpQHu69eO6LBRMS4/V3tK4i+Aq6C6ikEhXnUqAc+cKb3WKrkwTrrNoT7UTo8Ekmg6RKymrADNHDPNGO64a8F8OpRvCdd+Ilnz/JGSkaUHxQ5+olYD7tWeEdbDJJfUk+6L6pBo/TD85wNcKA9GTxZfT8v8lZgCS+8NivLX8UX7Lm8XMaZPLEXjF/jiaOZt0kIgtjLBCYWWtwe10cenPdHlANQPifv08UtBNu+CX6tg+DtrHF3zGkCS8sU8uBATDBZVB45ytz4Eh8ovOD8G6XkASc5wnUuY6amkRUIr3iob3zMScqic3M1lQxoKJ+WHZi3XU1m3AgOm5BxTzKJn6/rpCMxVoYSinaC2Qe0wo0jnrP+rSBsjB5zY+RtiMVHgG++ZdcQ1n6aH2wt/wPcBnivv8qz1i90qrai8O5JxTJQiIWLyO5II+uBx33/O0JDc2OILf4AjKxbKZ8tVJasgskN2hoQBLBY1yymvDlLEvxykMg4MBiBh63G7lBAV1oGzY4W/U6YoxlFRkLqDgfKGqumb0BVOQElf9CkBFw==\n",
            "public_key_pem": "-----BEGIN PUBLIC KEY-----\nMIICIjANBgkqhkiG9w0BAQEFAAOCAg8AMIICCgKCAgEA5Tfd51ejBb/bIrnLifBh\nGSOQnT34zx3+SfZB1zslIbwY/9foG0KRMkCE4z3cIkirCaVwCFTR2NJ/qYBH3afT\nrhPNHNPUBhs+9m3kZPDR6UbEz7psKVnnB6pKLXBuqTtql4dh5BSuD6UB7uvXjuiw\nUTEuP1d7SuIvgKuguopBIV51KgHPnCm91iq5ME66zaE+1E6PBJJoOkSspqwAzRwz\nzRjuuGvBfDqUbwnXfiJZ8/yRkpGlB8UOfqJWA+7VnhHWwySX1JPui+qQaP0w/OcD\nXCgPRk8WX0/L/JWYAkvvDYry1/FF+y5vFzGmTyxF4xf44mjmbdJCILYywQmFlrcH\ntdHHpz3R5QDUD4n79PFLQTbvgl+rYPg7axxd8xpAkvLFPLgQEwwWVQeOcrc+BIfK\nLzg/Bul5AEnOcJ1LmOmppEVCK94qG98zEnKonNzNZUMaCiflh2Yt11NZtwIDpuQc\nU8yiZ+v66QjMVaGEop2gtkHtMKNI56z/q0gbIwec2PkbYjFR4BvvmXXENZ+mh9sL\nf8D3AZ4r7/Ks9YvdKq2ovDuScUyUIiFi8juSCPrgcd9/ztCQ3NjiC3+AIysWymfL\nVSWrILJDdoaEASwWNcsprw5SxL8cpDIODAYgYetxu5QQFdaBs2OFv1OmKMZRUZC6\ng4Hyhqrpm9AVTkBJX/QpARcCAwEAAQ==\n-----END PUBLIC KEY-----\n",
            "rsa_bits": 4096
          },
          "sensitive_attributes": [],
          "private": "bnVsbA=="
        }
      ]
    },
    {
      "module": "module.ec2",
      "mode": "managed",
      "type": "aws_instance",
      "name": "this",
      "provider": "provider[\"registry.terraform.io/hashicorp/aws\"]",
      "instances": [
        {
          "index_key": 0,
          "schema_version": 1,
          "attributes": {
            "ami": "ami-041c382187e3e6973",
            "arn": "arn:aws:ec2:us-east-1:324715918036:instance/i-0020bda83b4f7c24d",
            "associate_public_ip_address": false,
            "availability_zone": "us-east-1a",
            "cpu_core_count": 1,
            "cpu_threads_per_core": 1,
            "credit_specification": [
              {
                "cpu_credits": "standard"
              }
            ],
            "disable_api_termination": false,
            "ebs_block_device": [],
            "ebs_optimized": false,
            "enclave_options": [
              {
                "enabled": false
              }
            ],
            "ephemeral_block_device": [],
            "get_password_data": false,
            "hibernation": false,
            "host_id": null,
            "iam_instance_profile": "",
            "id": "i-0020bda83b4f7c24d",
            "instance_initiated_shutdown_behavior": "stop",
            "instance_state": "running",
            "instance_type": "t2.micro",
            "ipv6_address_count": 0,
            "ipv6_addresses": [],
            "key_name": "ec2_key",
            "metadata_options": [
              {
                "http_endpoint": "enabled",
                "http_put_response_hop_limit": 1,
                "http_tokens": "optional"
              }
            ],
            "monitoring": false,
            "network_interface": [],
            "outpost_arn": "",
            "password_data": "",
            "placement_group": "",
            "primary_network_interface_id": "eni-07028c275922f0e5f",
            "private_dns": "ip-10-0-1-253.ec2.internal",
            "private_ip": "10.0.1.253",
            "public_dns": "",
            "public_ip": "",
            "root_block_device": [
              {
                "delete_on_termination": true,
                "device_name": "/dev/sda1",
                "encrypted": false,
                "iops": 100,
                "kms_key_id": "",
                "tags": {},
                "throughput": 0,
                "volume_id": "vol-0738c8572630c92b1",
                "volume_size": 8,
                "volume_type": "gp2"
              }
            ],
            "secondary_private_ips": [],
            "security_groups": [],
            "source_dest_check": true,
            "subnet_id": "subnet-09b784fe1915b54dc",
            "tags": {
              "Name": "demo_ec2",
              "project": "terra_demo"
            },
            "tags_all": {
              "Name": "demo_ec2",
              "project": "terra_demo"
            },
            "tenancy": "default",
            "timeouts": null,
            "user_data": "9402af97399da95c22202d991131c289c399d339",
            "user_data_base64": null,
            "volume_tags": {
              "Name": "demo_ec2"
            },
            "vpc_security_group_ids": [
              "sg-01a9b08d9f28ebdff"
            ]
          },
          "sensitive_attributes": [],
          "private": "eyJlMmJmYjczMC1lY2FhLTExZTYtOGY4OC0zNDM2M2JjN2M0YzAiOnsiY3JlYXRlIjo2MDAwMDAwMDAwMDAsImRlbGV0ZSI6MTIwMDAwMDAwMDAwMCwidXBkYXRlIjo2MDAwMDAwMDAwMDB9LCJzY2hlbWFfdmVyc2lvbiI6IjEifQ==",
          "dependencies": [
            "data.aws_ami.ubuntu",
            "module.key_pair.aws_key_pair.this",
            "module.security_group.aws_security_group.this",
            "module.security_group.aws_security_group.this_name_prefix",
            "module.vpc.aws_subnet.private"
          ]
        }
      ]
    },
    {
      "module": "module.key_pair",
      "mode": "managed",
      "type": "aws_key_pair",
      "name": "this",
      "provider": "provider[\"registry.terraform.io/hashicorp/aws\"]",
      "instances": [
        {
          "index_key": 0,
          "schema_version": 1,
          "attributes": {
            "arn": "arn:aws:ec2:us-east-1:324715918036:key-pair/ec2_key",
            "fingerprint": "fb:29:01:9f:e3:1b:db:83:b2:37:51:d4:d0:fc:22:5e",
            "id": "ec2_key",
            "key_name": "ec2_key",
            "key_name_prefix": null,
            "key_pair_id": "key-0a6ecb12f040425a5",
            "public_key": "ssh-rsa AAAAB3NzaC1yc2EAAAADAQABAAACAQDlN93nV6MFv9siucuJ8GEZI5CdPfjPHf5J9kHXOyUhvBj/1+gbQpEyQITjPdwiSKsJpXAIVNHY0n+pgEfdp9OuE80c09QGGz72beRk8NHpRsTPumwpWecHqkotcG6pO2qXh2HkFK4PpQHu69eO6LBRMS4/V3tK4i+Aq6C6ikEhXnUqAc+cKb3WKrkwTrrNoT7UTo8Ekmg6RKymrADNHDPNGO64a8F8OpRvCdd+Ilnz/JGSkaUHxQ5+olYD7tWeEdbDJJfUk+6L6pBo/TD85wNcKA9GTxZfT8v8lZgCS+8NivLX8UX7Lm8XMaZPLEXjF/jiaOZt0kIgtjLBCYWWtwe10cenPdHlANQPifv08UtBNu+CX6tg+DtrHF3zGkCS8sU8uBATDBZVB45ytz4Eh8ovOD8G6XkASc5wnUuY6amkRUIr3iob3zMScqic3M1lQxoKJ+WHZi3XU1m3AgOm5BxTzKJn6/rpCMxVoYSinaC2Qe0wo0jnrP+rSBsjB5zY+RtiMVHgG++ZdcQ1n6aH2wt/wPcBnivv8qz1i90qrai8O5JxTJQiIWLyO5II+uBx33/O0JDc2OILf4AjKxbKZ8tVJasgskN2hoQBLBY1yymvDlLEvxykMg4MBiBh63G7lBAV1oGzY4W/U6YoxlFRkLqDgfKGqumb0BVOQElf9CkBFw==",
            "tags": {},
            "tags_all": {}
          },
          "sensitive_attributes": [],
          "private": "eyJzY2hlbWFfdmVyc2lvbiI6IjEifQ==",
          "dependencies": [
            "tls_private_key.ec2_key"
          ]
        }
      ]
    },
    {
      "module": "module.nlb",
      "mode": "managed",
      "type": "aws_lb",
      "name": "this",
      "provider": "provider[\"registry.terraform.io/hashicorp/aws\"]",
      "instances": [
        {
          "index_key": 0,
          "schema_version": 0,
          "attributes": {
            "access_logs": [
              {
                "bucket": "",
                "enabled": false,
                "prefix": ""
              }
            ],
            "arn": "arn:aws:elasticloadbalancing:us-east-1:324715918036:loadbalancer/net/demo-lb/88ee93e5acd982e5",
            "arn_suffix": "net/demo-lb/88ee93e5acd982e5",
            "customer_owned_ipv4_pool": "",
            "dns_name": "demo-lb-88ee93e5acd982e5.elb.us-east-1.amazonaws.com",
            "drop_invalid_header_fields": null,
            "enable_cross_zone_load_balancing": false,
            "enable_deletion_protection": false,
            "enable_http2": null,
            "id": "arn:aws:elasticloadbalancing:us-east-1:324715918036:loadbalancer/net/demo-lb/88ee93e5acd982e5",
            "idle_timeout": null,
            "internal": false,
            "ip_address_type": "ipv4",
            "load_balancer_type": "network",
            "name": "demo-lb",
            "name_prefix": null,
            "security_groups": [],
            "subnet_mapping": [
              {
                "allocation_id": "",
                "ipv6_address": "",
                "outpost_id": "",
                "private_ipv4_address": "",
                "subnet_id": "subnet-05dabc9f8ae2b0885"
              },
              {
                "allocation_id": "",
                "ipv6_address": "",
                "outpost_id": "",
                "private_ipv4_address": "",
                "subnet_id": "subnet-073586157cacd2ae4"
              },
              {
                "allocation_id": "",
                "ipv6_address": "",
                "outpost_id": "",
                "private_ipv4_address": "",
                "subnet_id": "subnet-0c5d764a926ab061b"
              }
            ],
            "subnets": [
              "subnet-05dabc9f8ae2b0885",
              "subnet-073586157cacd2ae4",
              "subnet-0c5d764a926ab061b"
            ],
            "tags": {
              "Name": "demo-lb",
              "project": "terra_demo"
            },
            "tags_all": {
              "Name": "demo-lb",
              "project": "terra_demo"
            },
            "timeouts": {
              "create": "10m",
              "delete": "10m",
              "update": "10m"
            },
            "vpc_id": "vpc-09f2434b7ae107079",
            "zone_id": "Z26RNL4JYFTOTI"
          },
          "sensitive_attributes": [],
          "private": "eyJlMmJmYjczMC1lY2FhLTExZTYtOGY4OC0zNDM2M2JjN2M0YzAiOnsiY3JlYXRlIjo2MDAwMDAwMDAwMDAsImRlbGV0ZSI6NjAwMDAwMDAwMDAwLCJ1cGRhdGUiOjYwMDAwMDAwMDAwMH19",
          "dependencies": [
            "module.vpc.aws_subnet.public"
          ],
          "create_before_destroy": true
        }
      ]
    },
    {
      "module": "module.nlb",
      "mode": "managed",
      "type": "aws_lb_listener",
      "name": "frontend_http_tcp",
      "provider": "provider[\"registry.terraform.io/hashicorp/aws\"]",
      "instances": [
        {
          "index_key": 0,
          "schema_version": 0,
          "attributes": {
            "alpn_policy": null,
            "arn": "arn:aws:elasticloadbalancing:us-east-1:324715918036:listener/net/demo-lb/88ee93e5acd982e5/5007b13b4eb053d6",
            "certificate_arn": null,
            "default_action": [
              {
                "authenticate_cognito": [],
                "authenticate_oidc": [],
                "fixed_response": [],
                "forward": [],
                "order": 1,
                "redirect": [],
                "target_group_arn": "arn:aws:elasticloadbalancing:us-east-1:324715918036:targetgroup/http20210507183335987700000001/6de7ae457eb7a6bf",
                "type": "forward"
              }
            ],
            "id": "arn:aws:elasticloadbalancing:us-east-1:324715918036:listener/net/demo-lb/88ee93e5acd982e5/5007b13b4eb053d6",
            "load_balancer_arn": "arn:aws:elasticloadbalancing:us-east-1:324715918036:loadbalancer/net/demo-lb/88ee93e5acd982e5",
            "port": 80,
            "protocol": "TCP",
            "ssl_policy": "",
            "timeouts": null
          },
          "sensitive_attributes": [],
          "private": "eyJlMmJmYjczMC1lY2FhLTExZTYtOGY4OC0zNDM2M2JjN2M0YzAiOnsicmVhZCI6NjAwMDAwMDAwMDAwfX0=",
          "dependencies": [
            "module.nlb.aws_lb.this",
            "module.nlb.aws_lb_target_group.main",
            "module.vpc.aws_subnet.public",
            "module.vpc.aws_vpc.this"
          ]
        },
        {
          "index_key": 1,
          "schema_version": 0,
          "attributes": {
            "alpn_policy": null,
            "arn": "arn:aws:elasticloadbalancing:us-east-1:324715918036:listener/net/demo-lb/88ee93e5acd982e5/9bf8a3dadfab4879",
            "certificate_arn": null,
            "default_action": [
              {
                "authenticate_cognito": [],
                "authenticate_oidc": [],
                "fixed_response": [],
                "forward": [],
                "order": 1,
                "redirect": [],
                "target_group_arn": "arn:aws:elasticloadbalancing:us-east-1:324715918036:targetgroup/ssh20210507183335987900000002/c7be03091ad08cff",
                "type": "forward"
              }
            ],
            "id": "arn:aws:elasticloadbalancing:us-east-1:324715918036:listener/net/demo-lb/88ee93e5acd982e5/9bf8a3dadfab4879",
            "load_balancer_arn": "arn:aws:elasticloadbalancing:us-east-1:324715918036:loadbalancer/net/demo-lb/88ee93e5acd982e5",
            "port": 22,
            "protocol": "TCP",
            "ssl_policy": "",
            "timeouts": null
          },
          "sensitive_attributes": [],
          "private": "eyJlMmJmYjczMC1lY2FhLTExZTYtOGY4OC0zNDM2M2JjN2M0YzAiOnsicmVhZCI6NjAwMDAwMDAwMDAwfX0=",
          "dependencies": [
            "module.nlb.aws_lb.this",
            "module.nlb.aws_lb_target_group.main",
            "module.vpc.aws_subnet.public",
            "module.vpc.aws_vpc.this"
          ]
        }
      ]
    },
    {
      "module": "module.nlb",
      "mode": "managed",
      "type": "aws_lb_target_group",
      "name": "main",
      "provider": "provider[\"registry.terraform.io/hashicorp/aws\"]",
      "instances": [
        {
          "index_key": 0,
          "schema_version": 0,
          "attributes": {
            "arn": "arn:aws:elasticloadbalancing:us-east-1:324715918036:targetgroup/http20210507183335987700000001/6de7ae457eb7a6bf",
            "arn_suffix": "targetgroup/http20210507183335987700000001/6de7ae457eb7a6bf",
            "deregistration_delay": 300,
            "health_check": [
              {
                "enabled": true,
                "healthy_threshold": 3,
                "interval": 30,
                "matcher": "",
                "path": "",
                "port": "traffic-port",
                "protocol": "TCP",
                "timeout": 10,
                "unhealthy_threshold": 3
              }
            ],
            "id": "arn:aws:elasticloadbalancing:us-east-1:324715918036:targetgroup/http20210507183335987700000001/6de7ae457eb7a6bf",
            "lambda_multi_value_headers_enabled": false,
            "load_balancing_algorithm_type": null,
            "name": "http20210507183335987700000001",
            "name_prefix": "http",
            "port": 80,
            "preserve_client_ip": "true",
            "protocol": "TCP",
            "protocol_version": null,
            "proxy_protocol_v2": false,
            "slow_start": 0,
            "stickiness": [
              {
                "cookie_duration": 0,
                "enabled": false,
                "type": "source_ip"
              }
            ],
            "tags": {
              "Name": "http",
              "project": "terra_demo"
            },
            "tags_all": {
              "Name": "http",
              "project": "terra_demo"
            },
            "target_type": "instance",
            "vpc_id": "vpc-09f2434b7ae107079"
          },
          "sensitive_attributes": [],
          "private": "bnVsbA==",
          "dependencies": [
            "module.nlb.aws_lb.this",
            "module.vpc.aws_subnet.public",
            "module.vpc.aws_vpc.this"
          ],
          "create_before_destroy": true
        },
        {
          "index_key": 1,
          "schema_version": 0,
          "attributes": {
            "arn": "arn:aws:elasticloadbalancing:us-east-1:324715918036:targetgroup/ssh20210507183335987900000002/c7be03091ad08cff",
            "arn_suffix": "targetgroup/ssh20210507183335987900000002/c7be03091ad08cff",
            "deregistration_delay": 300,
            "health_check": [
              {
                "enabled": true,
                "healthy_threshold": 3,
                "interval": 30,
                "matcher": "",
                "path": "",
                "port": "traffic-port",
                "protocol": "TCP",
                "timeout": 10,
                "unhealthy_threshold": 3
              }
            ],
            "id": "arn:aws:elasticloadbalancing:us-east-1:324715918036:targetgroup/ssh20210507183335987900000002/c7be03091ad08cff",
            "lambda_multi_value_headers_enabled": false,
            "load_balancing_algorithm_type": null,
            "name": "ssh20210507183335987900000002",
            "name_prefix": "ssh",
            "port": 22,
            "preserve_client_ip": "true",
            "protocol": "TCP",
            "protocol_version": null,
            "proxy_protocol_v2": false,
            "slow_start": 0,
            "stickiness": [
              {
                "cookie_duration": 0,
                "enabled": false,
                "type": "source_ip"
              }
            ],
            "tags": {
              "Name": "ssh",
              "project": "terra_demo"
            },
            "tags_all": {
              "Name": "ssh",
              "project": "terra_demo"
            },
            "target_type": "instance",
            "vpc_id": "vpc-09f2434b7ae107079"
          },
          "sensitive_attributes": [],
          "private": "bnVsbA==",
          "dependencies": [
            "module.nlb.aws_lb.this",
            "module.vpc.aws_subnet.public",
            "module.vpc.aws_vpc.this"
          ],
          "create_before_destroy": true
        }
      ]
    },
    {
      "module": "module.security_group",
      "mode": "managed",
      "type": "aws_security_group",
      "name": "this_name_prefix",
      "provider": "provider[\"registry.terraform.io/hashicorp/aws\"]",
      "instances": [
        {
          "index_key": 0,
          "schema_version": 1,
          "attributes": {
            "arn": "arn:aws:ec2:us-east-1:324715918036:security-group/sg-01a9b08d9f28ebdff",
            "description": "Security group for example usage with EC2 instance",
            "egress": [
              {
                "cidr_blocks": [
                  "0.0.0.0/0"
                ],
                "description": "All protocols",
                "from_port": 0,
                "ipv6_cidr_blocks": [
                  "::/0"
                ],
                "prefix_list_ids": [],
                "protocol": "-1",
                "security_groups": [],
                "self": false,
                "to_port": 0
              }
            ],
            "id": "sg-01a9b08d9f28ebdff",
            "ingress": [
              {
                "cidr_blocks": [
                  "0.0.0.0/0"
                ],
                "description": "Ingress Rule",
                "from_port": 22,
                "ipv6_cidr_blocks": [],
                "prefix_list_ids": [],
                "protocol": "tcp",
                "security_groups": [],
                "self": false,
                "to_port": 22
              },
              {
                "cidr_blocks": [
                  "118.189.0.0/16",
                  "116.206.0.0/16",
                  "223.25.0.0/16"
                ],
                "description": "Ingress Rule",
                "from_port": 80,
                "ipv6_cidr_blocks": [],
                "prefix_list_ids": [],
                "protocol": "tcp",
                "security_groups": [],
                "self": false,
                "to_port": 80
              }
            ],
            "name": "Private_SG-20210507182715107700000001",
            "name_prefix": "Private_SG-",
            "owner_id": "324715918036",
            "revoke_rules_on_delete": false,
            "tags": {
              "Name": "SG",
              "project": "terra_demo"
            },
            "tags_all": {
              "Name": "SG",
              "project": "terra_demo"
            },
            "timeouts": null,
            "vpc_id": "vpc-09f2434b7ae107079"
          },
          "sensitive_attributes": [],
          "private": "eyJlMmJmYjczMC1lY2FhLTExZTYtOGY4OC0zNDM2M2JjN2M0YzAiOnsiY3JlYXRlIjo2MDAwMDAwMDAwMDAsImRlbGV0ZSI6OTAwMDAwMDAwMDAwfSwic2NoZW1hX3ZlcnNpb24iOiIxIn0=",
          "dependencies": [
            "module.vpc.aws_vpc.this"
          ],
          "create_before_destroy": true
        }
      ]
    },
    {
      "module": "module.security_group",
      "mode": "managed",
      "type": "aws_security_group_rule",
      "name": "egress_rules",
      "provider": "provider[\"registry.terraform.io/hashicorp/aws\"]",
      "instances": [
        {
          "index_key": 0,
          "schema_version": 2,
          "attributes": {
            "cidr_blocks": [
              "0.0.0.0/0"
            ],
            "description": "All protocols",
            "from_port": 0,
            "id": "sgrule-1012627710",
            "ipv6_cidr_blocks": [
              "::/0"
            ],
            "prefix_list_ids": [],
            "protocol": "-1",
            "security_group_id": "sg-01a9b08d9f28ebdff",
            "self": false,
            "source_security_group_id": null,
            "to_port": 0,
            "type": "egress"
          },
          "sensitive_attributes": [],
          "private": "eyJzY2hlbWFfdmVyc2lvbiI6IjIifQ==",
          "dependencies": [
            "module.security_group.aws_security_group.this",
            "module.security_group.aws_security_group.this_name_prefix",
            "module.vpc.aws_vpc.this"
          ]
        }
      ]
    },
    {
      "module": "module.security_group",
      "mode": "managed",
      "type": "aws_security_group_rule",
      "name": "ingress_with_cidr_blocks",
      "provider": "provider[\"registry.terraform.io/hashicorp/aws\"]",
      "instances": [
        {
          "index_key": 0,
          "schema_version": 2,
          "attributes": {
            "cidr_blocks": [
              "0.0.0.0/0"
            ],
            "description": "Ingress Rule",
            "from_port": 22,
            "id": "sgrule-1857222590",
            "ipv6_cidr_blocks": [],
            "prefix_list_ids": [],
            "protocol": "tcp",
            "security_group_id": "sg-01a9b08d9f28ebdff",
            "self": false,
            "source_security_group_id": null,
            "to_port": 22,
            "type": "ingress"
          },
          "sensitive_attributes": [],
          "private": "eyJzY2hlbWFfdmVyc2lvbiI6IjIifQ==",
          "dependencies": [
            "module.security_group.aws_security_group.this_name_prefix",
            "module.vpc.aws_vpc.this",
            "module.security_group.aws_security_group.this"
          ]
        },
        {
          "index_key": 1,
          "schema_version": 2,
          "attributes": {
            "cidr_blocks": [
              "118.189.0.0/16",
              "116.206.0.0/16",
              "223.25.0.0/16"
            ],
            "description": "Ingress Rule",
            "from_port": 80,
            "id": "sgrule-3959796328",
            "ipv6_cidr_blocks": [],
            "prefix_list_ids": [],
            "protocol": "tcp",
            "security_group_id": "sg-01a9b08d9f28ebdff",
            "self": false,
            "source_security_group_id": null,
            "to_port": 80,
            "type": "ingress"
          },
          "sensitive_attributes": [],
          "private": "eyJzY2hlbWFfdmVyc2lvbiI6IjIifQ==",
          "dependencies": [
            "module.vpc.aws_vpc.this",
            "module.security_group.aws_security_group.this",
            "module.security_group.aws_security_group.this_name_prefix"
          ]
        }
      ]
    },
    {
      "module": "module.vpc",
      "mode": "managed",
      "type": "aws_eip",
      "name": "nat",
      "provider": "provider[\"registry.terraform.io/hashicorp/aws\"]",
      "instances": [
        {
          "index_key": 0,
          "schema_version": 0,
          "attributes": {
            "address": null,
            "allocation_id": null,
            "associate_with_private_ip": null,
            "association_id": "eipassoc-0ba67a8e446797577",
            "carrier_ip": "",
            "customer_owned_ip": "",
            "customer_owned_ipv4_pool": "",
            "domain": "vpc",
            "id": "eipalloc-0933daca4342911a1",
            "instance": "",
            "network_border_group": "us-east-1",
            "network_interface": "eni-0c5c334b01435fcd5",
            "private_dns": "ip-10-0-4-142.ec2.internal",
            "private_ip": "10.0.4.142",
            "public_dns": "ec2-107-20-119-123.compute-1.amazonaws.com",
            "public_ip": "107.20.119.123",
            "public_ipv4_pool": "amazon",
            "tags": {
              "Name": "demo",
              "project": "terra_demo"
            },
            "tags_all": {
              "Name": "demo",
              "project": "terra_demo"
            },
            "timeouts": null,
            "vpc": true
          },
          "sensitive_attributes": [],
          "private": "eyJlMmJmYjczMC1lY2FhLTExZTYtOGY4OC0zNDM2M2JjN2M0YzAiOnsiZGVsZXRlIjoxODAwMDAwMDAwMDAsInJlYWQiOjkwMDAwMDAwMDAwMCwidXBkYXRlIjozMDAwMDAwMDAwMDB9fQ=="
        }
      ]
    },
    {
      "module": "module.vpc",
      "mode": "managed",
      "type": "aws_internet_gateway",
      "name": "this",
      "provider": "provider[\"registry.terraform.io/hashicorp/aws\"]",
      "instances": [
        {
          "index_key": 0,
          "schema_version": 0,
          "attributes": {
            "arn": "arn:aws:ec2:us-east-1:324715918036:internet-gateway/igw-0b04fa60ba4458e60",
            "id": "igw-0b04fa60ba4458e60",
            "owner_id": "324715918036",
            "tags": {
              "Name": "demo",
              "project": "terra_demo"
            },
            "tags_all": {
              "Name": "demo",
              "project": "terra_demo"
            },
            "vpc_id": "vpc-09f2434b7ae107079"
          },
          "sensitive_attributes": [],
          "private": "bnVsbA==",
          "dependencies": [
            "module.vpc.aws_vpc.this",
            "module.vpc.aws_vpc_ipv4_cidr_block_association.this"
          ]
        }
      ]
    },
    {
      "module": "module.vpc",
      "mode": "managed",
      "type": "aws_nat_gateway",
      "name": "this",
      "provider": "provider[\"registry.terraform.io/hashicorp/aws\"]",
      "instances": [
        {
          "index_key": 0,
          "schema_version": 0,
          "attributes": {
            "allocation_id": "eipalloc-0933daca4342911a1",
            "id": "nat-0e06246fb75ee1e3d",
            "network_interface_id": "eni-0c5c334b01435fcd5",
            "private_ip": "10.0.4.142",
            "public_ip": "107.20.119.123",
            "subnet_id": "subnet-05dabc9f8ae2b0885",
            "tags": {
              "Name": "demo",
              "project": "terra_demo"
            },
            "tags_all": {
              "Name": "demo",
              "project": "terra_demo"
            }
          },
          "sensitive_attributes": [],
          "private": "bnVsbA==",
          "dependencies": [
            "module.vpc.aws_vpc_ipv4_cidr_block_association.this",
            "module.vpc.aws_eip.nat",
            "module.vpc.aws_internet_gateway.this",
            "module.vpc.aws_subnet.public",
            "module.vpc.aws_vpc.this"
          ]
        }
      ]
    },
    {
      "module": "module.vpc",
      "mode": "managed",
      "type": "aws_route",
      "name": "private_nat_gateway",
      "provider": "provider[\"registry.terraform.io/hashicorp/aws\"]",
      "instances": [
        {
          "index_key": 0,
          "schema_version": 0,
          "attributes": {
            "carrier_gateway_id": "",
            "destination_cidr_block": "0.0.0.0/0",
            "destination_ipv6_cidr_block": "",
            "destination_prefix_list_id": "",
            "egress_only_gateway_id": "",
            "gateway_id": "",
            "id": "r-rtb-0ada95d8fde1e4a211080289494",
            "instance_id": "",
            "instance_owner_id": "",
            "local_gateway_id": "",
            "nat_gateway_id": "nat-0e06246fb75ee1e3d",
            "network_interface_id": "",
            "origin": "CreateRoute",
            "route_table_id": "rtb-0ada95d8fde1e4a21",
            "state": "active",
            "timeouts": {
              "create": "5m",
              "delete": null
            },
            "transit_gateway_id": "",
            "vpc_endpoint_id": "",
            "vpc_peering_connection_id": ""
          },
          "sensitive_attributes": [],
          "private": "eyJlMmJmYjczMC1lY2FhLTExZTYtOGY4OC0zNDM2M2JjN2M0YzAiOnsiY3JlYXRlIjozMDAwMDAwMDAwMDAsImRlbGV0ZSI6MzAwMDAwMDAwMDAwfX0=",
          "dependencies": [
            "module.vpc.aws_eip.nat",
            "module.vpc.aws_internet_gateway.this",
            "module.vpc.aws_nat_gateway.this",
            "module.vpc.aws_route_table.private",
            "module.vpc.aws_subnet.public",
            "module.vpc.aws_vpc.this",
            "module.vpc.aws_vpc_ipv4_cidr_block_association.this"
          ]
        }
      ]
    },
    {
      "module": "module.vpc",
      "mode": "managed",
      "type": "aws_route",
      "name": "public_internet_gateway",
      "provider": "provider[\"registry.terraform.io/hashicorp/aws\"]",
      "instances": [
        {
          "index_key": 0,
          "schema_version": 0,
          "attributes": {
            "carrier_gateway_id": "",
            "destination_cidr_block": "0.0.0.0/0",
            "destination_ipv6_cidr_block": "",
            "destination_prefix_list_id": "",
            "egress_only_gateway_id": "",
            "gateway_id": "igw-0b04fa60ba4458e60",
            "id": "r-rtb-0816463f693824dbf1080289494",
            "instance_id": "",
            "instance_owner_id": "",
            "local_gateway_id": "",
            "nat_gateway_id": "",
            "network_interface_id": "",
            "origin": "CreateRoute",
            "route_table_id": "rtb-0816463f693824dbf",
            "state": "active",
            "timeouts": {
              "create": "5m",
              "delete": null
            },
            "transit_gateway_id": "",
            "vpc_endpoint_id": "",
            "vpc_peering_connection_id": ""
          },
          "sensitive_attributes": [],
          "private": "eyJlMmJmYjczMC1lY2FhLTExZTYtOGY4OC0zNDM2M2JjN2M0YzAiOnsiY3JlYXRlIjozMDAwMDAwMDAwMDAsImRlbGV0ZSI6MzAwMDAwMDAwMDAwfX0=",
          "dependencies": [
            "module.vpc.aws_vpc.this",
            "module.vpc.aws_vpc_ipv4_cidr_block_association.this",
            "module.vpc.aws_internet_gateway.this",
            "module.vpc.aws_route_table.public"
          ]
        }
      ]
    },
    {
      "module": "module.vpc",
      "mode": "managed",
      "type": "aws_route_table",
      "name": "private",
      "provider": "provider[\"registry.terraform.io/hashicorp/aws\"]",
      "instances": [
        {
          "index_key": 0,
          "schema_version": 0,
          "attributes": {
            "arn": "arn:aws:ec2:us-east-1:324715918036:route-table/rtb-0ada95d8fde1e4a21",
            "id": "rtb-0ada95d8fde1e4a21",
            "owner_id": "324715918036",
            "propagating_vgws": [],
            "route": [
              {
                "carrier_gateway_id": "",
                "cidr_block": "0.0.0.0/0",
                "destination_prefix_list_id": "",
                "egress_only_gateway_id": "",
                "gateway_id": "",
                "instance_id": "",
                "ipv6_cidr_block": "",
                "local_gateway_id": "",
                "nat_gateway_id": "nat-0e06246fb75ee1e3d",
                "network_interface_id": "",
                "transit_gateway_id": "",
                "vpc_endpoint_id": "",
                "vpc_peering_connection_id": ""
              }
            ],
            "tags": {
              "Name": "demo",
              "project": "terra_demo"
            },
            "tags_all": {
              "Name": "demo",
              "project": "terra_demo"
            },
            "vpc_id": "vpc-09f2434b7ae107079"
          },
          "sensitive_attributes": [],
          "private": "bnVsbA==",
          "dependencies": [
            "module.vpc.aws_vpc.this",
            "module.vpc.aws_vpc_ipv4_cidr_block_association.this"
          ]
        }
      ]
    },
    {
      "module": "module.vpc",
      "mode": "managed",
      "type": "aws_route_table",
      "name": "public",
      "provider": "provider[\"registry.terraform.io/hashicorp/aws\"]",
      "instances": [
        {
          "index_key": 0,
          "schema_version": 0,
          "attributes": {
            "arn": "arn:aws:ec2:us-east-1:324715918036:route-table/rtb-0816463f693824dbf",
            "id": "rtb-0816463f693824dbf",
            "owner_id": "324715918036",
            "propagating_vgws": [],
            "route": [
              {
                "carrier_gateway_id": "",
                "cidr_block": "0.0.0.0/0",
                "destination_prefix_list_id": "",
                "egress_only_gateway_id": "",
                "gateway_id": "igw-0b04fa60ba4458e60",
                "instance_id": "",
                "ipv6_cidr_block": "",
                "local_gateway_id": "",
                "nat_gateway_id": "",
                "network_interface_id": "",
                "transit_gateway_id": "",
                "vpc_endpoint_id": "",
                "vpc_peering_connection_id": ""
              }
            ],
            "tags": {
              "Name": "demo",
              "project": "terra_demo"
            },
            "tags_all": {
              "Name": "demo",
              "project": "terra_demo"
            },
            "vpc_id": "vpc-09f2434b7ae107079"
          },
          "sensitive_attributes": [],
          "private": "bnVsbA==",
          "dependencies": [
            "module.vpc.aws_vpc_ipv4_cidr_block_association.this",
            "module.vpc.aws_vpc.this"
          ]
        }
      ]
    },
    {
      "module": "module.vpc",
      "mode": "managed",
      "type": "aws_route_table_association",
      "name": "private",
      "provider": "provider[\"registry.terraform.io/hashicorp/aws\"]",
      "instances": [
        {
          "index_key": 0,
          "schema_version": 0,
          "attributes": {
            "gateway_id": null,
            "id": "rtbassoc-08e6ad78a182b85ed",
            "route_table_id": "rtb-0ada95d8fde1e4a21",
            "subnet_id": "subnet-09b784fe1915b54dc"
          },
          "sensitive_attributes": [],
          "private": "bnVsbA==",
          "dependencies": [
            "module.vpc.aws_subnet.private",
            "module.vpc.aws_vpc.this",
            "module.vpc.aws_vpc_ipv4_cidr_block_association.this",
            "module.vpc.aws_route_table.private"
          ]
        },
        {
          "index_key": 1,
          "schema_version": 0,
          "attributes": {
            "gateway_id": null,
            "id": "rtbassoc-0db975c00d1bce0b0",
            "route_table_id": "rtb-0ada95d8fde1e4a21",
            "subnet_id": "subnet-03c8cff6be6bffb15"
          },
          "sensitive_attributes": [],
          "private": "bnVsbA==",
          "dependencies": [
            "module.vpc.aws_vpc.this",
            "module.vpc.aws_vpc_ipv4_cidr_block_association.this",
            "module.vpc.aws_route_table.private",
            "module.vpc.aws_subnet.private"
          ]
        },
        {
          "index_key": 2,
          "schema_version": 0,
          "attributes": {
            "gateway_id": null,
            "id": "rtbassoc-0b7e5426cb50a6e5f",
            "route_table_id": "rtb-0ada95d8fde1e4a21",
            "subnet_id": "subnet-0e1c0e622c655479a"
          },
          "sensitive_attributes": [],
          "private": "bnVsbA==",
          "dependencies": [
            "module.vpc.aws_route_table.private",
            "module.vpc.aws_subnet.private",
            "module.vpc.aws_vpc.this",
            "module.vpc.aws_vpc_ipv4_cidr_block_association.this"
          ]
        }
      ]
    },
    {
      "module": "module.vpc",
      "mode": "managed",
      "type": "aws_route_table_association",
      "name": "public",
      "provider": "provider[\"registry.terraform.io/hashicorp/aws\"]",
      "instances": [
        {
          "index_key": 0,
          "schema_version": 0,
          "attributes": {
            "gateway_id": null,
            "id": "rtbassoc-0451f1ef76f6aa898",
            "route_table_id": "rtb-0816463f693824dbf",
            "subnet_id": "subnet-05dabc9f8ae2b0885"
          },
          "sensitive_attributes": [],
          "private": "bnVsbA==",
          "dependencies": [
            "module.vpc.aws_vpc_ipv4_cidr_block_association.this",
            "module.vpc.aws_route_table.public",
            "module.vpc.aws_subnet.public",
            "module.vpc.aws_vpc.this"
          ]
        },
        {
          "index_key": 1,
          "schema_version": 0,
          "attributes": {
            "gateway_id": null,
            "id": "rtbassoc-01020b9ec89cb4574",
            "route_table_id": "rtb-0816463f693824dbf",
            "subnet_id": "subnet-073586157cacd2ae4"
          },
          "sensitive_attributes": [],
          "private": "bnVsbA==",
          "dependencies": [
            "module.vpc.aws_route_table.public",
            "module.vpc.aws_subnet.public",
            "module.vpc.aws_vpc.this",
            "module.vpc.aws_vpc_ipv4_cidr_block_association.this"
          ]
        },
        {
          "index_key": 2,
          "schema_version": 0,
          "attributes": {
            "gateway_id": null,
            "id": "rtbassoc-0a3f598d28147761e",
            "route_table_id": "rtb-0816463f693824dbf",
            "subnet_id": "subnet-0c5d764a926ab061b"
          },
          "sensitive_attributes": [],
          "private": "bnVsbA==",
          "dependencies": [
            "module.vpc.aws_vpc_ipv4_cidr_block_association.this",
            "module.vpc.aws_route_table.public",
            "module.vpc.aws_subnet.public",
            "module.vpc.aws_vpc.this"
          ]
        }
      ]
    },
    {
      "module": "module.vpc",
      "mode": "managed",
      "type": "aws_subnet",
      "name": "private",
      "provider": "provider[\"registry.terraform.io/hashicorp/aws\"]",
      "instances": [
        {
          "index_key": 0,
          "schema_version": 1,
          "attributes": {
            "arn": "arn:aws:ec2:us-east-1:324715918036:subnet/subnet-09b784fe1915b54dc",
            "assign_ipv6_address_on_creation": false,
            "availability_zone": "us-east-1a",
            "availability_zone_id": "use1-az2",
            "cidr_block": "10.0.1.0/24",
            "customer_owned_ipv4_pool": "",
            "id": "subnet-09b784fe1915b54dc",
            "ipv6_cidr_block": "",
            "ipv6_cidr_block_association_id": "",
            "map_customer_owned_ip_on_launch": false,
            "map_public_ip_on_launch": false,
            "outpost_arn": "",
            "owner_id": "324715918036",
            "tags": {
              "Name": "demo",
              "project": "terra_demo"
            },
            "tags_all": {
              "Name": "demo",
              "project": "terra_demo"
            },
            "timeouts": null,
            "vpc_id": "vpc-09f2434b7ae107079"
          },
          "sensitive_attributes": [],
          "private": "eyJlMmJmYjczMC1lY2FhLTExZTYtOGY4OC0zNDM2M2JjN2M0YzAiOnsiY3JlYXRlIjo2MDAwMDAwMDAwMDAsImRlbGV0ZSI6MTIwMDAwMDAwMDAwMH0sInNjaGVtYV92ZXJzaW9uIjoiMSJ9",
          "dependencies": [
            "module.vpc.aws_vpc.this",
            "module.vpc.aws_vpc_ipv4_cidr_block_association.this"
          ]
        },
        {
          "index_key": 1,
          "schema_version": 1,
          "attributes": {
            "arn": "arn:aws:ec2:us-east-1:324715918036:subnet/subnet-03c8cff6be6bffb15",
            "assign_ipv6_address_on_creation": false,
            "availability_zone": "us-east-1b",
            "availability_zone_id": "use1-az4",
            "cidr_block": "10.0.2.0/24",
            "customer_owned_ipv4_pool": "",
            "id": "subnet-03c8cff6be6bffb15",
            "ipv6_cidr_block": "",
            "ipv6_cidr_block_association_id": "",
            "map_customer_owned_ip_on_launch": false,
            "map_public_ip_on_launch": false,
            "outpost_arn": "",
            "owner_id": "324715918036",
            "tags": {
              "Name": "demo",
              "project": "terra_demo"
            },
            "tags_all": {
              "Name": "demo",
              "project": "terra_demo"
            },
            "timeouts": null,
            "vpc_id": "vpc-09f2434b7ae107079"
          },
          "sensitive_attributes": [],
          "private": "eyJlMmJmYjczMC1lY2FhLTExZTYtOGY4OC0zNDM2M2JjN2M0YzAiOnsiY3JlYXRlIjo2MDAwMDAwMDAwMDAsImRlbGV0ZSI6MTIwMDAwMDAwMDAwMH0sInNjaGVtYV92ZXJzaW9uIjoiMSJ9",
          "dependencies": [
            "module.vpc.aws_vpc.this",
            "module.vpc.aws_vpc_ipv4_cidr_block_association.this"
          ]
        },
        {
          "index_key": 2,
          "schema_version": 1,
          "attributes": {
            "arn": "arn:aws:ec2:us-east-1:324715918036:subnet/subnet-0e1c0e622c655479a",
            "assign_ipv6_address_on_creation": false,
            "availability_zone": "us-east-1c",
            "availability_zone_id": "use1-az6",
            "cidr_block": "10.0.3.0/24",
            "customer_owned_ipv4_pool": "",
            "id": "subnet-0e1c0e622c655479a",
            "ipv6_cidr_block": "",
            "ipv6_cidr_block_association_id": "",
            "map_customer_owned_ip_on_launch": false,
            "map_public_ip_on_launch": false,
            "outpost_arn": "",
            "owner_id": "324715918036",
            "tags": {
              "Name": "demo",
              "project": "terra_demo"
            },
            "tags_all": {
              "Name": "demo",
              "project": "terra_demo"
            },
            "timeouts": null,
            "vpc_id": "vpc-09f2434b7ae107079"
          },
          "sensitive_attributes": [],
          "private": "eyJlMmJmYjczMC1lY2FhLTExZTYtOGY4OC0zNDM2M2JjN2M0YzAiOnsiY3JlYXRlIjo2MDAwMDAwMDAwMDAsImRlbGV0ZSI6MTIwMDAwMDAwMDAwMH0sInNjaGVtYV92ZXJzaW9uIjoiMSJ9",
          "dependencies": [
            "module.vpc.aws_vpc.this",
            "module.vpc.aws_vpc_ipv4_cidr_block_association.this"
          ]
        }
      ]
    },
    {
      "module": "module.vpc",
      "mode": "managed",
      "type": "aws_subnet",
      "name": "public",
      "provider": "provider[\"registry.terraform.io/hashicorp/aws\"]",
      "instances": [
        {
          "index_key": 0,
          "schema_version": 1,
          "attributes": {
            "arn": "arn:aws:ec2:us-east-1:324715918036:subnet/subnet-05dabc9f8ae2b0885",
            "assign_ipv6_address_on_creation": false,
            "availability_zone": "us-east-1a",
            "availability_zone_id": "use1-az2",
            "cidr_block": "10.0.4.0/24",
            "customer_owned_ipv4_pool": "",
            "id": "subnet-05dabc9f8ae2b0885",
            "ipv6_cidr_block": "",
            "ipv6_cidr_block_association_id": "",
            "map_customer_owned_ip_on_launch": false,
            "map_public_ip_on_launch": true,
            "outpost_arn": "",
            "owner_id": "324715918036",
            "tags": {
              "Name": "demo",
              "project": "terra_demo"
            },
            "tags_all": {
              "Name": "demo",
              "project": "terra_demo"
            },
            "timeouts": null,
            "vpc_id": "vpc-09f2434b7ae107079"
          },
          "sensitive_attributes": [],
          "private": "eyJlMmJmYjczMC1lY2FhLTExZTYtOGY4OC0zNDM2M2JjN2M0YzAiOnsiY3JlYXRlIjo2MDAwMDAwMDAwMDAsImRlbGV0ZSI6MTIwMDAwMDAwMDAwMH0sInNjaGVtYV92ZXJzaW9uIjoiMSJ9",
          "dependencies": [
            "module.vpc.aws_vpc.this",
            "module.vpc.aws_vpc_ipv4_cidr_block_association.this"
          ],
          "create_before_destroy": true
        },
        {
          "index_key": 1,
          "schema_version": 1,
          "attributes": {
            "arn": "arn:aws:ec2:us-east-1:324715918036:subnet/subnet-073586157cacd2ae4",
            "assign_ipv6_address_on_creation": false,
            "availability_zone": "us-east-1b",
            "availability_zone_id": "use1-az4",
            "cidr_block": "10.0.5.0/24",
            "customer_owned_ipv4_pool": "",
            "id": "subnet-073586157cacd2ae4",
            "ipv6_cidr_block": "",
            "ipv6_cidr_block_association_id": "",
            "map_customer_owned_ip_on_launch": false,
            "map_public_ip_on_launch": true,
            "outpost_arn": "",
            "owner_id": "324715918036",
            "tags": {
              "Name": "demo",
              "project": "terra_demo"
            },
            "tags_all": {
              "Name": "demo",
              "project": "terra_demo"
            },
            "timeouts": null,
            "vpc_id": "vpc-09f2434b7ae107079"
          },
          "sensitive_attributes": [],
          "private": "eyJlMmJmYjczMC1lY2FhLTExZTYtOGY4OC0zNDM2M2JjN2M0YzAiOnsiY3JlYXRlIjo2MDAwMDAwMDAwMDAsImRlbGV0ZSI6MTIwMDAwMDAwMDAwMH0sInNjaGVtYV92ZXJzaW9uIjoiMSJ9",
          "dependencies": [
            "module.vpc.aws_vpc.this",
            "module.vpc.aws_vpc_ipv4_cidr_block_association.this"
          ],
          "create_before_destroy": true
        },
        {
          "index_key": 2,
          "schema_version": 1,
          "attributes": {
            "arn": "arn:aws:ec2:us-east-1:324715918036:subnet/subnet-0c5d764a926ab061b",
            "assign_ipv6_address_on_creation": false,
            "availability_zone": "us-east-1c",
            "availability_zone_id": "use1-az6",
            "cidr_block": "10.0.6.0/24",
            "customer_owned_ipv4_pool": "",
            "id": "subnet-0c5d764a926ab061b",
            "ipv6_cidr_block": "",
            "ipv6_cidr_block_association_id": "",
            "map_customer_owned_ip_on_launch": false,
            "map_public_ip_on_launch": true,
            "outpost_arn": "",
            "owner_id": "324715918036",
            "tags": {
              "Name": "demo",
              "project": "terra_demo"
            },
            "tags_all": {
              "Name": "demo",
              "project": "terra_demo"
            },
            "timeouts": null,
            "vpc_id": "vpc-09f2434b7ae107079"
          },
          "sensitive_attributes": [],
          "private": "eyJlMmJmYjczMC1lY2FhLTExZTYtOGY4OC0zNDM2M2JjN2M0YzAiOnsiY3JlYXRlIjo2MDAwMDAwMDAwMDAsImRlbGV0ZSI6MTIwMDAwMDAwMDAwMH0sInNjaGVtYV92ZXJzaW9uIjoiMSJ9",
          "dependencies": [
            "module.vpc.aws_vpc.this",
            "module.vpc.aws_vpc_ipv4_cidr_block_association.this"
          ],
          "create_before_destroy": true
        }
      ]
    },
    {
      "module": "module.vpc",
      "mode": "managed",
      "type": "aws_vpc",
      "name": "this",
      "provider": "provider[\"registry.terraform.io/hashicorp/aws\"]",
      "instances": [
        {
          "index_key": 0,
          "schema_version": 1,
          "attributes": {
            "arn": "arn:aws:ec2:us-east-1:324715918036:vpc/vpc-09f2434b7ae107079",
            "assign_generated_ipv6_cidr_block": false,
            "cidr_block": "10.0.0.0/16",
            "default_network_acl_id": "acl-06c5f07a70d4c152d",
            "default_route_table_id": "rtb-0a3023bf964492bca",
            "default_security_group_id": "sg-00393b0c8294158c6",
            "dhcp_options_id": "dopt-c565dbbf",
            "enable_classiclink": false,
            "enable_classiclink_dns_support": false,
            "enable_dns_hostnames": false,
            "enable_dns_support": true,
            "id": "vpc-09f2434b7ae107079",
            "instance_tenancy": "default",
            "ipv6_association_id": "",
            "ipv6_cidr_block": "",
            "main_route_table_id": "rtb-0a3023bf964492bca",
            "owner_id": "324715918036",
            "tags": {
              "Name": "demo",
              "project": "terra_demo"
            },
            "tags_all": {
              "Name": "demo",
              "project": "terra_demo"
            }
          },
          "sensitive_attributes": [],
          "private": "eyJzY2hlbWFfdmVyc2lvbiI6IjEifQ==",
          "create_before_destroy": true
        }
      ]
    }
  ]
}
