{
  "version": 4,
  "terraform_version": "0.15.3",
  "serial": 1699,
  "lineage": "145b32d6-92ab-a10b-8fb2-bd7d2f12fa40",
  "outputs": {
    "iam_user_details": {
      "value": "arn:aws:iam::324715918036:user/demo_tester",
      "type": "string"
    },
    "iam_user_password": {
      "value": "echo \"wcFMA3yoRJw4lAJ3ARAAjHZEFrV1blBNq5G6HrJDVgiZIJulbaoIbezLY0Ox5tm6mcYI+SCDY4YLSeHiT/91jquuW8TmZQQVZiZ8WV6ntVyD+5y8S7Z4oYQ++5K2xPqfaYOZWx82H34xD3E+d1ytQ02a7BSNcxw6cRf6I2NYmsBdjY6mp5JdMbhqTDs3PpU8RvIgja1diQcJXrLiLxX6/6fmArZRXpPVtQHOa0r1psmfYVLrwpEwL6wg/EyuaH+IyaZGsv2YiDGq5/PkRXzH+EsWoJp3MGkGg1kZR2csy4iBgN1y3pAdmZQbG9Dy4S3ls5RBGsB6pLtR7Z5jxGqCG/th1mnCtN2/7E8P5fVyBh+lMpnfnMDhC43RnPwxBkESGlHGFhQGr2TjAu3pd6bfJEPiZ+ioi4zN7rgctcBnYKXBRuR5HchGMEHrf3iH/ZhN3zaW1cxy1O6hvzIz7e7UDnG1xkj9QkH+yeyCKxqTuUFgVjYr3yMrKP4BZh4OADaUh0lCX6u5AINRxOSclwa0w2Hh/EdRtNs3YVyI0chvmSDV3/gZbJlSm5ZDJq0w3IlrGQgxUsFN3hFSttNa/IgeEML68s69oRrWKT+RVX8jLBKA33qkYi5kMRWKCDeVJDXlltIL3nrZPIEfRjWhBc7EHYhV6UAWfJBYGZdedbGgqK5TTcC0S5axvaQW2zeMMZfS4AHk3QEvxYG1UU5swstA7uG2AOEQU+Cn4AXhlrvgG+LCu68L4KHkkugXuyHMcGyeTAFXE4ZeruB14lU6CzPgjeSonAJULT93MqLH2ZLlWfxz4kvpM4vhmq0A\" | base64 --decode | keybase pgp decrypt\n",
      "type": "string"
    },
    "lb_dns_name": {
      "value": "demo-lb-ad77f79790da53ef.elb.ap-southeast-1.amazonaws.com",
      "type": "string"
    }
  },
  "resources": [
    {
      "mode": "data",
      "type": "aws_ami",
      "name": "ubuntu",
      "provider": "provider[\"registry.terraform.io/hashicorp/aws\"]",
      "instances": [
        {
          "schema_version": 0,
          "attributes": {
            "architecture": "x86_64",
            "arn": "arn:aws:ec2:ap-southeast-1::image/ami-0e0788b95140ed566",
            "block_device_mappings": [
              {
                "device_name": "/dev/sda1",
                "ebs": {
                  "delete_on_termination": "true",
                  "encrypted": "false",
                  "iops": "0",
                  "snapshot_id": "snap-0e415de2f5aa18ea9",
                  "throughput": "0",
                  "volume_size": "8",
                  "volume_type": "gp2"
                },
                "no_device": "",
                "virtual_name": ""
              },
              {
                "device_name": "/dev/sdb",
                "ebs": {},
                "no_device": "",
                "virtual_name": "ephemeral0"
              },
              {
                "device_name": "/dev/sdc",
                "ebs": {},
                "no_device": "",
                "virtual_name": "ephemeral1"
              }
            ],
            "creation_date": "2021-05-04T00:36:27.000Z",
            "description": "Canonical, Ubuntu, 20.04 LTS, amd64 focal image build on 2021-05-03",
            "ena_support": true,
            "executable_users": null,
            "filter": [
              {
                "name": "name",
                "values": [
                  "ubuntu/images/hvm-ssd/ubuntu-focal-20.04-amd64-server-*"
                ]
              },
              {
                "name": "virtualization-type",
                "values": [
                  "hvm"
                ]
              }
            ],
            "hypervisor": "xen",
            "id": "ami-0e0788b95140ed566",
            "image_id": "ami-0e0788b95140ed566",
            "image_location": "099720109477/ubuntu/images/hvm-ssd/ubuntu-focal-20.04-amd64-server-20210503",
            "image_owner_alias": null,
            "image_type": "machine",
            "kernel_id": null,
            "most_recent": true,
            "name": "ubuntu/images/hvm-ssd/ubuntu-focal-20.04-amd64-server-20210503",
            "name_regex": null,
            "owner_id": "099720109477",
            "owners": [
              "099720109477"
            ],
            "platform": null,
            "platform_details": "Linux/UNIX",
            "product_codes": [],
            "public": true,
            "ramdisk_id": null,
            "root_device_name": "/dev/sda1",
            "root_device_type": "ebs",
            "root_snapshot_id": "snap-0e415de2f5aa18ea9",
            "sriov_net_support": "simple",
            "state": "available",
            "state_reason": {
              "code": "UNSET",
              "message": "UNSET"
            },
            "tags": {},
            "usage_operation": "RunInstances",
            "virtualization_type": "hvm"
          },
          "sensitive_attributes": []
        }
      ]
    },
    {
      "mode": "data",
      "type": "cloudinit_config",
      "name": "initdocker",
      "provider": "provider[\"registry.terraform.io/hashicorp/cloudinit\"]",
      "instances": [
        {
          "schema_version": 0,
          "attributes": {
            "base64_encode": false,
            "boundary": "MIMEBOUNDARY",
            "gzip": false,
            "id": "2450945719",
            "part": [
              {
                "content": "\n{\"write_files\":[{\"content\":\"dmVyc2lvbjogJzMnCnNlcnZpY2VzOiAKICAgIHdlYjogCiAgICAgICAgaW1hZ2U6IG5naW54OjEuMTguMAogICAgICAgIHZvbHVtZXM6CiAgICAgICAgICAgIC0gLi9zcmM6L3Vzci9zaGFyZS9uZ2lueC9odG1sCiAgICAgICAgcG9ydHM6CiAgICAgICAgICAgIC0gIjgwOjgwIgogICAgICAgIAogIAoK\",\"encoding\":\"b64\",\"owner\":\"ubuntu:ubuntu\",\"path\":\"/home/ubuntu/docker-compose.yml\",\"permissions\":\"0644\"}]}\n",
                "content_type": "text/cloud-config",
                "filename": "docker-compose.yml",
                "merge_type": ""
              },
              {
                "content": "#!/bin/bash\nsudo apt-get update\nsudo apt-get install -y docker.io docker-compose\ncd /home/ubuntu\nmkdir src\necho -e '\u003ch1\u003eWelcome to nginx!\u003c/h1\u003e\u003cp \u003eMy name is \u003cspan style=\"color: #ffc400\"\u003eKevin Sham\u003c/span\u003e\u003c/p\u003e' \u003e src/index.html\nsudo docker-compose up --detach\n",
                "content_type": "text/x-shellscript",
                "filename": "",
                "merge_type": ""
              }
            ],
            "rendered": "Content-Type: multipart/mixed; boundary=\"MIMEBOUNDARY\"\nMIME-Version: 1.0\r\n\r\n--MIMEBOUNDARY\r\nContent-Disposition: attachment; filename=\"docker-compose.yml\"\r\nContent-Transfer-Encoding: 7bit\r\nContent-Type: text/cloud-config\r\nMime-Version: 1.0\r\n\r\n\n{\"write_files\":[{\"content\":\"dmVyc2lvbjogJzMnCnNlcnZpY2VzOiAKICAgIHdlYjogCiAgICAgICAgaW1hZ2U6IG5naW54OjEuMTguMAogICAgICAgIHZvbHVtZXM6CiAgICAgICAgICAgIC0gLi9zcmM6L3Vzci9zaGFyZS9uZ2lueC9odG1sCiAgICAgICAgcG9ydHM6CiAgICAgICAgICAgIC0gIjgwOjgwIgogICAgICAgIAogIAoK\",\"encoding\":\"b64\",\"owner\":\"ubuntu:ubuntu\",\"path\":\"/home/ubuntu/docker-compose.yml\",\"permissions\":\"0644\"}]}\n\r\n--MIMEBOUNDARY\r\nContent-Transfer-Encoding: 7bit\r\nContent-Type: text/x-shellscript\r\nMime-Version: 1.0\r\n\r\n#!/bin/bash\nsudo apt-get update\nsudo apt-get install -y docker.io docker-compose\ncd /home/ubuntu\nmkdir src\necho -e '\u003ch1\u003eWelcome to nginx!\u003c/h1\u003e\u003cp \u003eMy name is \u003cspan style=\"color: #ffc400\"\u003eKevin Sham\u003c/span\u003e\u003c/p\u003e' \u003e src/index.html\nsudo docker-compose up --detach\n\r\n--MIMEBOUNDARY--\r\n"
          },
          "sensitive_attributes": []
        }
      ]
    },
    {
      "mode": "managed",
      "type": "aws_lb_target_group_attachment",
      "name": "http",
      "provider": "provider[\"registry.terraform.io/hashicorp/aws\"]",
      "instances": [
        {
          "schema_version": 0,
          "attributes": {
            "availability_zone": null,
            "id": "arn:aws:elasticloadbalancing:ap-southeast-1:324715918036:targetgroup/http20210509110604172000000005/ce55d981c3cd6c10-20210509110605005700000007",
            "port": 80,
            "target_group_arn": "arn:aws:elasticloadbalancing:ap-southeast-1:324715918036:targetgroup/http20210509110604172000000005/ce55d981c3cd6c10",
            "target_id": "i-018963617212db520"
          },
          "sensitive_attributes": [],
          "private": "bnVsbA==",
          "dependencies": [
            "data.aws_ami.ubuntu",
            "data.cloudinit_config.initdocker",
            "module.ec2.aws_instance.this",
            "module.key_pair.aws_key_pair.this",
            "module.nlb.aws_lb.this",
            "module.nlb.aws_lb_target_group.main",
            "module.security_group.aws_security_group.this",
            "module.security_group.aws_security_group.this_name_prefix",
            "module.vpc.aws_cloudwatch_log_group.flow_log",
            "module.vpc.aws_customer_gateway.this",
            "module.vpc.aws_db_subnet_group.database",
            "module.vpc.aws_default_network_acl.this",
            "module.vpc.aws_default_route_table.default",
            "module.vpc.aws_default_security_group.this",
            "module.vpc.aws_default_vpc.this",
            "module.vpc.aws_egress_only_internet_gateway.this",
            "module.vpc.aws_eip.nat",
            "module.vpc.aws_elasticache_subnet_group.elasticache",
            "module.vpc.aws_flow_log.this",
            "module.vpc.aws_iam_policy.vpc_flow_log_cloudwatch",
            "module.vpc.aws_iam_role.vpc_flow_log_cloudwatch",
            "module.vpc.aws_iam_role_policy_attachment.vpc_flow_log_cloudwatch",
            "module.vpc.aws_internet_gateway.this",
            "module.vpc.aws_nat_gateway.this",
            "module.vpc.aws_network_acl.database",
            "module.vpc.aws_network_acl.elasticache",
            "module.vpc.aws_network_acl.intra",
            "module.vpc.aws_network_acl.outpost",
            "module.vpc.aws_network_acl.private",
            "module.vpc.aws_network_acl.public",
            "module.vpc.aws_network_acl.redshift",
            "module.vpc.aws_network_acl_rule.database_inbound",
            "module.vpc.aws_network_acl_rule.database_outbound",
            "module.vpc.aws_network_acl_rule.elasticache_inbound",
            "module.vpc.aws_network_acl_rule.elasticache_outbound",
            "module.vpc.aws_network_acl_rule.intra_inbound",
            "module.vpc.aws_network_acl_rule.intra_outbound",
            "module.vpc.aws_network_acl_rule.outpost_inbound",
            "module.vpc.aws_network_acl_rule.outpost_outbound",
            "module.vpc.aws_network_acl_rule.private_inbound",
            "module.vpc.aws_network_acl_rule.private_outbound",
            "module.vpc.aws_network_acl_rule.public_inbound",
            "module.vpc.aws_network_acl_rule.public_outbound",
            "module.vpc.aws_network_acl_rule.redshift_inbound",
            "module.vpc.aws_network_acl_rule.redshift_outbound",
            "module.vpc.aws_redshift_subnet_group.redshift",
            "module.vpc.aws_route.database_internet_gateway",
            "module.vpc.aws_route.database_ipv6_egress",
            "module.vpc.aws_route.database_nat_gateway",
            "module.vpc.aws_route.private_ipv6_egress",
            "module.vpc.aws_route.private_nat_gateway",
            "module.vpc.aws_route.public_internet_gateway",
            "module.vpc.aws_route.public_internet_gateway_ipv6",
            "module.vpc.aws_route_table.database",
            "module.vpc.aws_route_table.elasticache",
            "module.vpc.aws_route_table.intra",
            "module.vpc.aws_route_table.private",
            "module.vpc.aws_route_table.public",
            "module.vpc.aws_route_table.redshift",
            "module.vpc.aws_route_table_association.database",
            "module.vpc.aws_route_table_association.elasticache",
            "module.vpc.aws_route_table_association.intra",
            "module.vpc.aws_route_table_association.outpost",
            "module.vpc.aws_route_table_association.private",
            "module.vpc.aws_route_table_association.public",
            "module.vpc.aws_route_table_association.redshift",
            "module.vpc.aws_route_table_association.redshift_public",
            "module.vpc.aws_subnet.database",
            "module.vpc.aws_subnet.elasticache",
            "module.vpc.aws_subnet.intra",
            "module.vpc.aws_subnet.outpost",
            "module.vpc.aws_subnet.private",
            "module.vpc.aws_subnet.public",
            "module.vpc.aws_subnet.redshift",
            "module.vpc.aws_vpc.this",
            "module.vpc.aws_vpc_dhcp_options.this",
            "module.vpc.aws_vpc_dhcp_options_association.this",
            "module.vpc.aws_vpc_ipv4_cidr_block_association.this",
            "module.vpc.aws_vpn_gateway.this",
            "module.vpc.aws_vpn_gateway_attachment.this",
            "module.vpc.aws_vpn_gateway_route_propagation.intra",
            "module.vpc.aws_vpn_gateway_route_propagation.private",
            "module.vpc.aws_vpn_gateway_route_propagation.public",
            "module.vpc.data.aws_iam_policy_document.flow_log_cloudwatch_assume_role",
            "module.vpc.data.aws_iam_policy_document.vpc_flow_log_cloudwatch",
            "tls_private_key.ec2_key"
          ]
        }
      ]
    },
    {
      "mode": "managed",
      "type": "aws_lb_target_group_attachment",
      "name": "ssh",
      "provider": "provider[\"registry.terraform.io/hashicorp/aws\"]",
      "instances": [
        {
          "schema_version": 0,
          "attributes": {
            "availability_zone": null,
            "id": "arn:aws:elasticloadbalancing:ap-southeast-1:324715918036:targetgroup/ssh20210509110604172100000006/a36ddabfc0ea283f-20210509110605079500000008",
            "port": 22,
            "target_group_arn": "arn:aws:elasticloadbalancing:ap-southeast-1:324715918036:targetgroup/ssh20210509110604172100000006/a36ddabfc0ea283f",
            "target_id": "i-018963617212db520"
          },
          "sensitive_attributes": [],
          "private": "bnVsbA==",
          "dependencies": [
            "data.aws_ami.ubuntu",
            "data.cloudinit_config.initdocker",
            "module.ec2.aws_instance.this",
            "module.key_pair.aws_key_pair.this",
            "module.nlb.aws_lb.this",
            "module.nlb.aws_lb_target_group.main",
            "module.security_group.aws_security_group.this",
            "module.security_group.aws_security_group.this_name_prefix",
            "module.vpc.aws_cloudwatch_log_group.flow_log",
            "module.vpc.aws_customer_gateway.this",
            "module.vpc.aws_db_subnet_group.database",
            "module.vpc.aws_default_network_acl.this",
            "module.vpc.aws_default_route_table.default",
            "module.vpc.aws_default_security_group.this",
            "module.vpc.aws_default_vpc.this",
            "module.vpc.aws_egress_only_internet_gateway.this",
            "module.vpc.aws_eip.nat",
            "module.vpc.aws_elasticache_subnet_group.elasticache",
            "module.vpc.aws_flow_log.this",
            "module.vpc.aws_iam_policy.vpc_flow_log_cloudwatch",
            "module.vpc.aws_iam_role.vpc_flow_log_cloudwatch",
            "module.vpc.aws_iam_role_policy_attachment.vpc_flow_log_cloudwatch",
            "module.vpc.aws_internet_gateway.this",
            "module.vpc.aws_nat_gateway.this",
            "module.vpc.aws_network_acl.database",
            "module.vpc.aws_network_acl.elasticache",
            "module.vpc.aws_network_acl.intra",
            "module.vpc.aws_network_acl.outpost",
            "module.vpc.aws_network_acl.private",
            "module.vpc.aws_network_acl.public",
            "module.vpc.aws_network_acl.redshift",
            "module.vpc.aws_network_acl_rule.database_inbound",
            "module.vpc.aws_network_acl_rule.database_outbound",
            "module.vpc.aws_network_acl_rule.elasticache_inbound",
            "module.vpc.aws_network_acl_rule.elasticache_outbound",
            "module.vpc.aws_network_acl_rule.intra_inbound",
            "module.vpc.aws_network_acl_rule.intra_outbound",
            "module.vpc.aws_network_acl_rule.outpost_inbound",
            "module.vpc.aws_network_acl_rule.outpost_outbound",
            "module.vpc.aws_network_acl_rule.private_inbound",
            "module.vpc.aws_network_acl_rule.private_outbound",
            "module.vpc.aws_network_acl_rule.public_inbound",
            "module.vpc.aws_network_acl_rule.public_outbound",
            "module.vpc.aws_network_acl_rule.redshift_inbound",
            "module.vpc.aws_network_acl_rule.redshift_outbound",
            "module.vpc.aws_redshift_subnet_group.redshift",
            "module.vpc.aws_route.database_internet_gateway",
            "module.vpc.aws_route.database_ipv6_egress",
            "module.vpc.aws_route.database_nat_gateway",
            "module.vpc.aws_route.private_ipv6_egress",
            "module.vpc.aws_route.private_nat_gateway",
            "module.vpc.aws_route.public_internet_gateway",
            "module.vpc.aws_route.public_internet_gateway_ipv6",
            "module.vpc.aws_route_table.database",
            "module.vpc.aws_route_table.elasticache",
            "module.vpc.aws_route_table.intra",
            "module.vpc.aws_route_table.private",
            "module.vpc.aws_route_table.public",
            "module.vpc.aws_route_table.redshift",
            "module.vpc.aws_route_table_association.database",
            "module.vpc.aws_route_table_association.elasticache",
            "module.vpc.aws_route_table_association.intra",
            "module.vpc.aws_route_table_association.outpost",
            "module.vpc.aws_route_table_association.private",
            "module.vpc.aws_route_table_association.public",
            "module.vpc.aws_route_table_association.redshift",
            "module.vpc.aws_route_table_association.redshift_public",
            "module.vpc.aws_subnet.database",
            "module.vpc.aws_subnet.elasticache",
            "module.vpc.aws_subnet.intra",
            "module.vpc.aws_subnet.outpost",
            "module.vpc.aws_subnet.private",
            "module.vpc.aws_subnet.public",
            "module.vpc.aws_subnet.redshift",
            "module.vpc.aws_vpc.this",
            "module.vpc.aws_vpc_dhcp_options.this",
            "module.vpc.aws_vpc_dhcp_options_association.this",
            "module.vpc.aws_vpc_ipv4_cidr_block_association.this",
            "module.vpc.aws_vpn_gateway.this",
            "module.vpc.aws_vpn_gateway_attachment.this",
            "module.vpc.aws_vpn_gateway_route_propagation.intra",
            "module.vpc.aws_vpn_gateway_route_propagation.private",
            "module.vpc.aws_vpn_gateway_route_propagation.public",
            "module.vpc.data.aws_iam_policy_document.flow_log_cloudwatch_assume_role",
            "module.vpc.data.aws_iam_policy_document.vpc_flow_log_cloudwatch",
            "tls_private_key.ec2_key"
          ]
        }
      ]
    },
    {
      "mode": "managed",
      "type": "null_resource",
      "name": "get_keys",
      "provider": "provider[\"registry.terraform.io/hashicorp/null\"]",
      "instances": [
        {
          "schema_version": 0,
          "attributes": {
            "id": "395238636887246299",
            "triggers": null
          },
          "sensitive_attributes": [],
          "private": "bnVsbA==",
          "dependencies": [
            "tls_private_key.ec2_key"
          ]
        }
      ]
    },
    {
      "mode": "managed",
      "type": "tls_private_key",
      "name": "ec2_key",
      "provider": "provider[\"registry.terraform.io/hashicorp/tls\"]",
      "instances": [
        {
          "schema_version": 0,
          "attributes": {
            "algorithm": "RSA",
            "ecdsa_curve": "P224",
            "id": "0d4fe2307011cb581163cf814bb85376d863bd2b",
            "private_key_pem": "-----BEGIN RSA PRIVATE KEY-----\nMIIJKAIBAAKCAgEA22zSX4oRG7ZVA9H//gaA9VKKILuqgLgIyo2AxVgau6T+m91P\nIzF1zZG/aYsRZgn+7MKYa6JhubEW8WU1+IGKpHGWN5jRZygsRxGgUNJ9CWNSUsiA\n//97Xe02HODqdRJgpc9OEUka5zFPzFnWx20FnxMLl0bDm1wYT1eWPVsGo2a66ms4\n1Po5IJ8AJPOVYvzAP2wbvku2VnNFquw+nHQ9bTopFhNd6m5RkZTKdLm5m07lj7g/\n+q/jJIdzyWqYNcKfQCUyalykMqVsoXaRzhm57nfS6VnnVX8xu5eydyPCDxlKBvW3\nkmyhQ08te5OntLMvBOhH83JwpWM4ONeUeW3CscfgdVYXNNaIMIIWw+51sjMBMqde\nCESgRdkTU5acfjkJO41bdBORw3iZ7qiLA8j74T5Htsi8gbRempa8bSJKbqGNxTgx\nQCc3fYPdtULED0ZcJ+kOESoz3GPAeSPD2Rb2wCoKTjQTw0Z9Y0xenPzX0lNd6WQc\niGSWG5EZ0mwEt82maQPAEXrqAsuGULm13sMgiAyy8vMnKoiNiTnvhqfrIsVpC0Lr\n1hcshDsu7eZg/Q3Uvx1PUZKkRCVwkHarw/l14f1EgfAZEHcukQlWVJ/Y+OIdHI9c\nSnbtERl2erzBPzcKjnOnwUPmPYn4SZFa7SPebZwCUPuti1VsXSuYTEbEbC8CAwEA\nAQKCAgBHebc9b9gK0uX2jJ16vducDfr4lqj/rPMQJ+/eWMi8fw6A7yIsMJxTDjrv\nwmE0f+UOcoT76rUyq8DxeSqPfIMQ9f8ctSbhF3D05YT3Ttl0CWpzlOSQf0RMYEzU\nM1+sKwRYfqLLdqjQzntT8Z/I7nZ6TtXjvSVSojk4/yrtaY1MBNa2LZ8hoTCis6h0\nYPQ0fmiRQEH5RuhqWLpE5xeuFx87SUrA6iYZiz3+0hzw0N7o/FZC7p3IpyqyZ30M\nCzDxsif12SgHBY5nAQPVxK3SGQc76sRFRwfYDcrBdLSponhAOtimU7wscj5FkrEa\nJArpDcUvMArf/lM7TIqv2Wl/9IUKkXECCtocuZNLK/t79P8h7xKceM4CQ2qyvgTR\nKsiTGVHt1TChoPlokkTUOwI5B8jG4umdU9oiNnlutEMAl0ImusbkLxsTrzX6ppLe\n8zavbToZMRZ88bePB+1VtZZZKcfwcZ+aj+OrDpd6jDoQs1BnCX8G3f8oqdFR7Akg\nMRhtkgmIIhh7Jo+FHGc8GpEQJtxUTeWt/pZxSQCjzfZ5olAYVRpOKcQ9tEsoKojh\ni7GUxIjot1Q2T0AeSJU3dTO+0yruBKQffg9rCz5SNG6mfG55hdmoa93bKNnsNnNK\nnoy8xIpk9NgeGzSGG/0EfNQNZZkwUy1stPsdFVk7ZlwUU42DQQKCAQEA/bfQim35\n58drKw2HoGtJHeDEa15w75DgKf3LSJ5/u1btcGlIOww1ehSBHn9fADEpDHC0BPen\ngdQaEM+HJQPfp/zC3CgxrJXeLwZ2YudN2aD6/kW7YhfpoBz7hs0ouvyDS3nww7b4\nTErDMrab12W5yiuHiczQ7jQDDiFj+6U20hX8UdwTWgjyFhbfZXgtS6qWWjOYkYcu\n+9Vlw/i4ArsstQ4Ja+ucLoyiGWG+ufnvMAz8kPCEz2HLkaTkeeru+MCy+75CtXco\nkJy4anbO61r8TqNpVebPcDxmo86xBkf8hKXJGdi6PEET/XUB4v5+oFLQcL1hc5nQ\n/4MAJ0llqt/bJwKCAQEA3WYMNtFJqYlP4J8iG+0RRsQZe9ARJsKsCv6EnbFFswYE\nis8S1fFp+ZBVmwta/KunH0VIuyQvnpEnw4rkPEV6uL5Zu0I/bQlmlG1Ep0oi/Z8J\nq85CNWuEQR2w5x61WKeQXHoO4ADBvZXCcrlC8MPBZ7DqNfO7Yk8m4q0SjjN8cbe7\nRPM7M7K7qgPYuW/6YJ9lzHjIahwfb4hB/A1z1ZC6Fzsqd5DOHtEj05pKUN4y3xpw\nqm87nvesCZvM3RrFFzswczqBZbhLEIZEzRpkCw+jl+XvNoFvoB+mFxIFpkS+rSCX\ngOOR5wtEsSuK6KJv1k4xbkIbZHzYygMQj/JK0QSruQKCAQB0Hi5ZTJ/1TjVkDNsn\ntjJOdFIw+ZYibmHJlhf1cmTvLoeYzPZ738iRyNSXSqAGDHnG8cXSCC4noxUS4Ifv\njuhLj8j2zYZ+gFChoQmJlmbw1VZKDUwHRv5rgxgyx65+dZb5ciOYzyKwd/8CNMT6\nPdpcBrQPgyeT/UXwr6N8xk5itCE4rcpFiJaTOYCghfHlEXuiaL7Iy9/a7f2XRTui\nNFvvuS7ir4BZZY/CohOSNiscCLWG+C0wZIewbpEKo1Ufj8HaqWcKejCcjr1wLFPj\nL08OBoftAqeprFslWTF3uHZ/lwiExcXmUbp+Y5CrfOIjKgOvtVzmdV1Ls37cfCEF\npVI9AoIBAFQDVl0y2/YGkhYVrNbWBflJjrYKBYgk1S4y2NYSH/XIMc8OtwISYvl9\nyM5V58f7xyY5n1jMaXmNcX5lZSht4Rzbtqc1g2X37EIkmKm2m0KMqBnW4g7tZrli\n7+80GvKyWziMZLqh7uLnQmtQW9OLJQgY/TdN7uxmRsY7kM//P5jTdK+8cNm0WDwy\ny3nKwUMLGZEWwE5rr44eMZPY8vy2t7b7D6lhfKX7DNJOOScoujspCFnUbdZr+4+F\n3J6GewXOwxrmt5WG8o0ptk/yVMZRv+1zJmwTf+1ONTOJ9jTa31RJCtSxBnubLgzh\nDgwrH6896soBMe3W5lj6Ar3s3nEkiZkCggEBAJ8klOhHmGRGwvyt4sY/nFpCg4A+\nYW7W3HibmT+qwWJSXUzwBo+GMrPoYpdLA3q2Mb/OHLEULDa5gG+rihNOQJ6ax375\npOxLCbd+RTGH6MTw47XMc//YUgHOCxyPGnRh7ihsd4AjDKHjQakvphy54ZxX0Rta\nVuTogSBQ2VMKFy4HJassjHg1ofhZsEIlgrQwKKlSxoAuB7oM03eQJel1fCs6msKC\n/24fYDJ+GfKEb+mVZp3WGoWOjiStU3ZON5JdeEjM/ICEkmT0h15HlPvGJ5ejLxXi\nOl6EoTFvm4TyM+NFFLPgvRbCdH7Uj7GJGXZpVg3TOlIe410Aefjxcbhf19I=\n-----END RSA PRIVATE KEY-----\n",
            "public_key_fingerprint_md5": "31:6a:8b:61:99:1b:d3:b2:b1:92:f8:21:27:8e:a3:00",
            "public_key_openssh": "ssh-rsa AAAAB3NzaC1yc2EAAAADAQABAAACAQDbbNJfihEbtlUD0f/+BoD1Uoogu6qAuAjKjYDFWBq7pP6b3U8jMXXNkb9pixFmCf7swphromG5sRbxZTX4gYqkcZY3mNFnKCxHEaBQ0n0JY1JSyID//3td7TYc4Op1EmClz04RSRrnMU/MWdbHbQWfEwuXRsObXBhPV5Y9WwajZrrqazjU+jkgnwAk85Vi/MA/bBu+S7ZWc0Wq7D6cdD1tOikWE13qblGRlMp0ubmbTuWPuD/6r+Mkh3PJapg1wp9AJTJqXKQypWyhdpHOGbnud9LpWedVfzG7l7J3I8IPGUoG9beSbKFDTy17k6e0sy8E6EfzcnClYzg415R5bcKxx+B1Vhc01ogwghbD7nWyMwEyp14IRKBF2RNTlpx+OQk7jVt0E5HDeJnuqIsDyPvhPke2yLyBtF6alrxtIkpuoY3FODFAJzd9g921QsQPRlwn6Q4RKjPcY8B5I8PZFvbAKgpONBPDRn1jTF6c/NfSU13pZByIZJYbkRnSbAS3zaZpA8AReuoCy4ZQubXewyCIDLLy8ycqiI2JOe+Gp+sixWkLQuvWFyyEOy7t5mD9DdS/HU9RkqREJXCQdqvD+XXh/USB8BkQdy6RCVZUn9j44h0cj1xKdu0RGXZ6vME/NwqOc6fBQ+Y9ifhJkVrtI95tnAJQ+62LVWxdK5hMRsRsLw==\n",
            "public_key_pem": "-----BEGIN PUBLIC KEY-----\nMIICIjANBgkqhkiG9w0BAQEFAAOCAg8AMIICCgKCAgEA22zSX4oRG7ZVA9H//gaA\n9VKKILuqgLgIyo2AxVgau6T+m91PIzF1zZG/aYsRZgn+7MKYa6JhubEW8WU1+IGK\npHGWN5jRZygsRxGgUNJ9CWNSUsiA//97Xe02HODqdRJgpc9OEUka5zFPzFnWx20F\nnxMLl0bDm1wYT1eWPVsGo2a66ms41Po5IJ8AJPOVYvzAP2wbvku2VnNFquw+nHQ9\nbTopFhNd6m5RkZTKdLm5m07lj7g/+q/jJIdzyWqYNcKfQCUyalykMqVsoXaRzhm5\n7nfS6VnnVX8xu5eydyPCDxlKBvW3kmyhQ08te5OntLMvBOhH83JwpWM4ONeUeW3C\nscfgdVYXNNaIMIIWw+51sjMBMqdeCESgRdkTU5acfjkJO41bdBORw3iZ7qiLA8j7\n4T5Htsi8gbRempa8bSJKbqGNxTgxQCc3fYPdtULED0ZcJ+kOESoz3GPAeSPD2Rb2\nwCoKTjQTw0Z9Y0xenPzX0lNd6WQciGSWG5EZ0mwEt82maQPAEXrqAsuGULm13sMg\niAyy8vMnKoiNiTnvhqfrIsVpC0Lr1hcshDsu7eZg/Q3Uvx1PUZKkRCVwkHarw/l1\n4f1EgfAZEHcukQlWVJ/Y+OIdHI9cSnbtERl2erzBPzcKjnOnwUPmPYn4SZFa7SPe\nbZwCUPuti1VsXSuYTEbEbC8CAwEAAQ==\n-----END PUBLIC KEY-----\n",
            "rsa_bits": 4096
          },
          "sensitive_attributes": [],
          "private": "bnVsbA=="
        }
      ]
    },
    {
      "module": "module.ec2",
      "mode": "managed",
      "type": "aws_instance",
      "name": "this",
      "provider": "provider[\"registry.terraform.io/hashicorp/aws\"]",
      "instances": [
        {
          "index_key": 0,
          "schema_version": 1,
          "attributes": {
            "ami": "ami-0e0788b95140ed566",
            "arn": "arn:aws:ec2:ap-southeast-1:324715918036:instance/i-018963617212db520",
            "associate_public_ip_address": false,
            "availability_zone": "ap-southeast-1a",
            "cpu_core_count": 1,
            "cpu_threads_per_core": 1,
            "credit_specification": [
              {
                "cpu_credits": "standard"
              }
            ],
            "disable_api_termination": false,
            "ebs_block_device": [],
            "ebs_optimized": false,
            "enclave_options": [
              {
                "enabled": false
              }
            ],
            "ephemeral_block_device": [],
            "get_password_data": false,
            "hibernation": false,
            "host_id": null,
            "iam_instance_profile": "",
            "id": "i-018963617212db520",
            "instance_initiated_shutdown_behavior": "stop",
            "instance_state": "running",
            "instance_type": "t2.micro",
            "ipv6_address_count": 0,
            "ipv6_addresses": [],
            "key_name": "ec2_key",
            "metadata_options": [
              {
                "http_endpoint": "enabled",
                "http_put_response_hop_limit": 1,
                "http_tokens": "optional"
              }
            ],
            "monitoring": false,
            "network_interface": [],
            "outpost_arn": "",
            "password_data": "",
            "placement_group": "",
            "primary_network_interface_id": "eni-05a78b1cd3cbb6619",
            "private_dns": "ip-10-0-1-27.ap-southeast-1.compute.internal",
            "private_ip": "10.0.1.27",
            "public_dns": "",
            "public_ip": "",
            "root_block_device": [
              {
                "delete_on_termination": true,
                "device_name": "/dev/sda1",
                "encrypted": false,
                "iops": 100,
                "kms_key_id": "",
                "tags": {},
                "throughput": 0,
                "volume_id": "vol-06d0850da9647c0d1",
                "volume_size": 8,
                "volume_type": "gp2"
              }
            ],
            "secondary_private_ips": [],
            "security_groups": [],
            "source_dest_check": true,
            "subnet_id": "subnet-016ac3e0c11054cd2",
            "tags": {
              "Name": "demo_ec2",
              "project": "terra_demo"
            },
            "tags_all": {
              "Name": "demo_ec2",
              "project": "terra_demo"
            },
            "tenancy": "default",
            "timeouts": null,
            "user_data": "77dbf1a1aff7102ed5873b60c4ed139d197fb29b",
            "user_data_base64": null,
            "volume_tags": {
              "Name": "demo_ec2"
            },
            "vpc_security_group_ids": [
              "sg-06592ae4be79adbec"
            ]
          },
          "sensitive_attributes": [],
          "private": "eyJlMmJmYjczMC1lY2FhLTExZTYtOGY4OC0zNDM2M2JjN2M0YzAiOnsiY3JlYXRlIjo2MDAwMDAwMDAwMDAsImRlbGV0ZSI6MTIwMDAwMDAwMDAwMCwidXBkYXRlIjo2MDAwMDAwMDAwMDB9LCJzY2hlbWFfdmVyc2lvbiI6IjEifQ==",
          "dependencies": [
            "data.aws_ami.ubuntu",
            "data.cloudinit_config.initdocker",
            "module.key_pair.aws_key_pair.this",
            "module.security_group.aws_security_group.this",
            "module.security_group.aws_security_group.this_name_prefix",
            "module.vpc.aws_cloudwatch_log_group.flow_log",
            "module.vpc.aws_customer_gateway.this",
            "module.vpc.aws_db_subnet_group.database",
            "module.vpc.aws_default_network_acl.this",
            "module.vpc.aws_default_route_table.default",
            "module.vpc.aws_default_security_group.this",
            "module.vpc.aws_default_vpc.this",
            "module.vpc.aws_egress_only_internet_gateway.this",
            "module.vpc.aws_eip.nat",
            "module.vpc.aws_elasticache_subnet_group.elasticache",
            "module.vpc.aws_flow_log.this",
            "module.vpc.aws_iam_policy.vpc_flow_log_cloudwatch",
            "module.vpc.aws_iam_role.vpc_flow_log_cloudwatch",
            "module.vpc.aws_iam_role_policy_attachment.vpc_flow_log_cloudwatch",
            "module.vpc.aws_internet_gateway.this",
            "module.vpc.aws_nat_gateway.this",
            "module.vpc.aws_network_acl.database",
            "module.vpc.aws_network_acl.elasticache",
            "module.vpc.aws_network_acl.intra",
            "module.vpc.aws_network_acl.outpost",
            "module.vpc.aws_network_acl.private",
            "module.vpc.aws_network_acl.public",
            "module.vpc.aws_network_acl.redshift",
            "module.vpc.aws_network_acl_rule.database_inbound",
            "module.vpc.aws_network_acl_rule.database_outbound",
            "module.vpc.aws_network_acl_rule.elasticache_inbound",
            "module.vpc.aws_network_acl_rule.elasticache_outbound",
            "module.vpc.aws_network_acl_rule.intra_inbound",
            "module.vpc.aws_network_acl_rule.intra_outbound",
            "module.vpc.aws_network_acl_rule.outpost_inbound",
            "module.vpc.aws_network_acl_rule.outpost_outbound",
            "module.vpc.aws_network_acl_rule.private_inbound",
            "module.vpc.aws_network_acl_rule.private_outbound",
            "module.vpc.aws_network_acl_rule.public_inbound",
            "module.vpc.aws_network_acl_rule.public_outbound",
            "module.vpc.aws_network_acl_rule.redshift_inbound",
            "module.vpc.aws_network_acl_rule.redshift_outbound",
            "module.vpc.aws_redshift_subnet_group.redshift",
            "module.vpc.aws_route.database_internet_gateway",
            "module.vpc.aws_route.database_ipv6_egress",
            "module.vpc.aws_route.database_nat_gateway",
            "module.vpc.aws_route.private_ipv6_egress",
            "module.vpc.aws_route.private_nat_gateway",
            "module.vpc.aws_route.public_internet_gateway",
            "module.vpc.aws_route.public_internet_gateway_ipv6",
            "module.vpc.aws_route_table.database",
            "module.vpc.aws_route_table.elasticache",
            "module.vpc.aws_route_table.intra",
            "module.vpc.aws_route_table.private",
            "module.vpc.aws_route_table.public",
            "module.vpc.aws_route_table.redshift",
            "module.vpc.aws_route_table_association.database",
            "module.vpc.aws_route_table_association.elasticache",
            "module.vpc.aws_route_table_association.intra",
            "module.vpc.aws_route_table_association.outpost",
            "module.vpc.aws_route_table_association.private",
            "module.vpc.aws_route_table_association.public",
            "module.vpc.aws_route_table_association.redshift",
            "module.vpc.aws_route_table_association.redshift_public",
            "module.vpc.aws_subnet.database",
            "module.vpc.aws_subnet.elasticache",
            "module.vpc.aws_subnet.intra",
            "module.vpc.aws_subnet.outpost",
            "module.vpc.aws_subnet.private",
            "module.vpc.aws_subnet.public",
            "module.vpc.aws_subnet.redshift",
            "module.vpc.aws_vpc.this",
            "module.vpc.aws_vpc_dhcp_options.this",
            "module.vpc.aws_vpc_dhcp_options_association.this",
            "module.vpc.aws_vpc_ipv4_cidr_block_association.this",
            "module.vpc.aws_vpn_gateway.this",
            "module.vpc.aws_vpn_gateway_attachment.this",
            "module.vpc.aws_vpn_gateway_route_propagation.intra",
            "module.vpc.aws_vpn_gateway_route_propagation.private",
            "module.vpc.aws_vpn_gateway_route_propagation.public",
            "module.vpc.data.aws_iam_policy_document.flow_log_cloudwatch_assume_role",
            "module.vpc.data.aws_iam_policy_document.vpc_flow_log_cloudwatch",
            "tls_private_key.ec2_key"
          ]
        }
      ]
    },
    {
      "module": "module.iam_group_with_policies",
      "mode": "data",
      "type": "aws_caller_identity",
      "name": "current",
      "provider": "provider[\"registry.terraform.io/hashicorp/aws\"]",
      "instances": [
        {
          "index_key": 0,
          "schema_version": 0,
          "attributes": {
            "account_id": "324715918036",
            "arn": "arn:aws:iam::324715918036:user/myadmin",
            "id": "324715918036",
            "user_id": "AIDAUXGUTWLKJJI7NOECF"
          },
          "sensitive_attributes": []
        }
      ]
    },
    {
      "module": "module.iam_group_with_policies",
      "mode": "data",
      "type": "aws_iam_policy_document",
      "name": "iam_self_management",
      "provider": "provider[\"registry.terraform.io/hashicorp/aws\"]",
      "instances": [
        {
          "schema_version": 0,
          "attributes": {
            "id": "1709573533",
            "json": "{\n  \"Version\": \"2012-10-17\",\n  \"Statement\": [\n    {\n      \"Sid\": \"AllowSelfManagement\",\n      \"Effect\": \"Allow\",\n      \"Action\": [\n        \"iam:UploadSigningCertificate\",\n        \"iam:UploadSSHPublicKey\",\n        \"iam:UpdateUser\",\n        \"iam:UpdateLoginProfile\",\n        \"iam:UpdateAccessKey\",\n        \"iam:ResyncMFADevice\",\n        \"iam:List*\",\n        \"iam:Get*\",\n        \"iam:GenerateServiceLastAccessedDetails\",\n        \"iam:GenerateCredentialReport\",\n        \"iam:EnableMFADevice\",\n        \"iam:DeleteVirtualMFADevice\",\n        \"iam:DeleteLoginProfile\",\n        \"iam:DeleteAccessKey\",\n        \"iam:CreateVirtualMFADevice\",\n        \"iam:CreateLoginProfile\",\n        \"iam:CreateAccessKey\",\n        \"iam:ChangePassword\"\n      ],\n      \"Resource\": [\n        \"arn:aws:iam::324715918036:user/*/${aws:username}\",\n        \"arn:aws:iam::324715918036:user/${aws:username}\",\n        \"arn:aws:iam::324715918036:mfa/${aws:username}\"\n      ]\n    },\n    {\n      \"Sid\": \"AllowIAMReadOnly\",\n      \"Effect\": \"Allow\",\n      \"Action\": [\n        \"iam:List*\",\n        \"iam:Get*\"\n      ],\n      \"Resource\": \"*\"\n    },\n    {\n      \"Sid\": \"AllowDeactivateMFADevice\",\n      \"Effect\": \"Allow\",\n      \"Action\": \"iam:DeactivateMFADevice\",\n      \"Resource\": [\n        \"arn:aws:iam::324715918036:user/*/${aws:username}\",\n        \"arn:aws:iam::324715918036:user/${aws:username}\",\n        \"arn:aws:iam::324715918036:mfa/${aws:username}\"\n      ],\n      \"Condition\": {\n        \"Bool\": {\n          \"aws:MultiFactorAuthPresent\": [\n            \"true\"\n          ]\n        },\n        \"NumericLessThan\": {\n          \"aws:MultiFactorAuthAge\": [\n            \"3600\"\n          ]\n        }\n      }\n    }\n  ]\n}",
            "override_json": null,
            "override_policy_documents": null,
            "policy_id": null,
            "source_json": null,
            "source_policy_documents": null,
            "statement": [
              {
                "actions": [
                  "iam:ChangePassword",
                  "iam:CreateAccessKey",
                  "iam:CreateLoginProfile",
                  "iam:CreateVirtualMFADevice",
                  "iam:DeleteAccessKey",
                  "iam:DeleteLoginProfile",
                  "iam:DeleteVirtualMFADevice",
                  "iam:EnableMFADevice",
                  "iam:GenerateCredentialReport",
                  "iam:GenerateServiceLastAccessedDetails",
                  "iam:Get*",
                  "iam:List*",
                  "iam:ResyncMFADevice",
                  "iam:UpdateAccessKey",
                  "iam:UpdateLoginProfile",
                  "iam:UpdateUser",
                  "iam:UploadSSHPublicKey",
                  "iam:UploadSigningCertificate"
                ],
                "condition": [],
                "effect": "Allow",
                "not_actions": [],
                "not_principals": [],
                "not_resources": [],
                "principals": [],
                "resources": [
                  "arn:aws:iam::324715918036:mfa/${aws:username}",
                  "arn:aws:iam::324715918036:user/${aws:username}",
                  "arn:aws:iam::324715918036:user/*/${aws:username}"
                ],
                "sid": "AllowSelfManagement"
              },
              {
                "actions": [
                  "iam:Get*",
                  "iam:List*"
                ],
                "condition": [],
                "effect": "Allow",
                "not_actions": [],
                "not_principals": [],
                "not_resources": [],
                "principals": [],
                "resources": [
                  "*"
                ],
                "sid": "AllowIAMReadOnly"
              },
              {
                "actions": [
                  "iam:DeactivateMFADevice"
                ],
                "condition": [
                  {
                    "test": "Bool",
                    "values": [
                      "true"
                    ],
                    "variable": "aws:MultiFactorAuthPresent"
                  },
                  {
                    "test": "NumericLessThan",
                    "values": [
                      "3600"
                    ],
                    "variable": "aws:MultiFactorAuthAge"
                  }
                ],
                "effect": "Allow",
                "not_actions": [],
                "not_principals": [],
                "not_resources": [],
                "principals": [],
                "resources": [
                  "arn:aws:iam::324715918036:mfa/${aws:username}",
                  "arn:aws:iam::324715918036:user/${aws:username}",
                  "arn:aws:iam::324715918036:user/*/${aws:username}"
                ],
                "sid": "AllowDeactivateMFADevice"
              }
            ],
            "version": "2012-10-17"
          },
          "sensitive_attributes": []
        }
      ]
    },
    {
      "module": "module.iam_group_with_policies",
      "mode": "data",
      "type": "aws_partition",
      "name": "current",
      "provider": "provider[\"registry.terraform.io/hashicorp/aws\"]",
      "instances": [
        {
          "schema_version": 0,
          "attributes": {
            "dns_suffix": "amazonaws.com",
            "id": "aws",
            "partition": "aws",
            "reverse_dns_prefix": "com.amazonaws"
          },
          "sensitive_attributes": []
        }
      ]
    },
    {
      "module": "module.iam_group_with_policies",
      "mode": "managed",
      "type": "aws_iam_group",
      "name": "this",
      "provider": "provider[\"registry.terraform.io/hashicorp/aws\"]",
      "instances": [
        {
          "index_key": 0,
          "schema_version": 0,
          "attributes": {
            "arn": "arn:aws:iam::324715918036:group/demo_readonly",
            "id": "demo_readonly",
            "name": "demo_readonly",
            "path": "/",
            "unique_id": "AGPAUXGUTWLKDZUOJF7IL"
          },
          "sensitive_attributes": [],
          "private": "bnVsbA=="
        }
      ]
    },
    {
      "module": "module.iam_group_with_policies",
      "mode": "managed",
      "type": "aws_iam_group_membership",
      "name": "this",
      "provider": "provider[\"registry.terraform.io/hashicorp/aws\"]",
      "instances": [
        {
          "index_key": 0,
          "schema_version": 0,
          "attributes": {
            "group": "demo_readonly",
            "id": "demo_readonly",
            "name": "demo_readonly",
            "users": [
              "demo_tester"
            ]
          },
          "sensitive_attributes": [],
          "private": "bnVsbA==",
          "dependencies": [
            "module.iam_group_with_policies.aws_iam_group.this",
            "module.iam_user.aws_iam_user.this"
          ]
        }
      ]
    },
    {
      "module": "module.iam_group_with_policies",
      "mode": "managed",
      "type": "aws_iam_group_policy_attachment",
      "name": "custom_arns",
      "provider": "provider[\"registry.terraform.io/hashicorp/aws\"]",
      "instances": [
        {
          "index_key": 0,
          "schema_version": 0,
          "attributes": {
            "group": "demo_readonly",
            "id": "demo_readonly-20210509110312032200000003",
            "policy_arn": "arn:aws:iam::aws:policy/ReadOnlyAccess"
          },
          "sensitive_attributes": [],
          "private": "bnVsbA==",
          "dependencies": [
            "module.iam_group_with_policies.aws_iam_group.this"
          ]
        }
      ]
    },
    {
      "module": "module.iam_group_with_policies",
      "mode": "managed",
      "type": "aws_iam_group_policy_attachment",
      "name": "iam_self_management",
      "provider": "provider[\"registry.terraform.io/hashicorp/aws\"]",
      "instances": [
        {
          "index_key": 0,
          "schema_version": 0,
          "attributes": {
            "group": "demo_readonly",
            "id": "demo_readonly-20210509110405508400000004",
            "policy_arn": "arn:aws:iam::324715918036:policy/IAMSelfManagement-20210509110308446900000001"
          },
          "sensitive_attributes": [],
          "private": "bnVsbA==",
          "dependencies": [
            "module.iam_group_with_policies.aws_iam_group.this",
            "module.iam_group_with_policies.aws_iam_policy.iam_self_management",
            "module.iam_group_with_policies.data.aws_iam_policy_document.iam_self_management"
          ]
        }
      ]
    },
    {
      "module": "module.iam_group_with_policies",
      "mode": "managed",
      "type": "aws_iam_policy",
      "name": "iam_self_management",
      "provider": "provider[\"registry.terraform.io/hashicorp/aws\"]",
      "instances": [
        {
          "index_key": 0,
          "schema_version": 0,
          "attributes": {
            "arn": "arn:aws:iam::324715918036:policy/IAMSelfManagement-20210509110308446900000001",
            "description": "",
            "id": "arn:aws:iam::324715918036:policy/IAMSelfManagement-20210509110308446900000001",
            "name": "IAMSelfManagement-20210509110308446900000001",
            "name_prefix": "IAMSelfManagement-",
            "path": "/",
            "policy": "{\n  \"Version\": \"2012-10-17\",\n  \"Statement\": [\n    {\n      \"Sid\": \"AllowSelfManagement\",\n      \"Effect\": \"Allow\",\n      \"Action\": [\n        \"iam:UploadSigningCertificate\",\n        \"iam:UploadSSHPublicKey\",\n        \"iam:UpdateUser\",\n        \"iam:UpdateLoginProfile\",\n        \"iam:UpdateAccessKey\",\n        \"iam:ResyncMFADevice\",\n        \"iam:List*\",\n        \"iam:Get*\",\n        \"iam:GenerateServiceLastAccessedDetails\",\n        \"iam:GenerateCredentialReport\",\n        \"iam:EnableMFADevice\",\n        \"iam:DeleteVirtualMFADevice\",\n        \"iam:DeleteLoginProfile\",\n        \"iam:DeleteAccessKey\",\n        \"iam:CreateVirtualMFADevice\",\n        \"iam:CreateLoginProfile\",\n        \"iam:CreateAccessKey\",\n        \"iam:ChangePassword\"\n      ],\n      \"Resource\": [\n        \"arn:aws:iam::324715918036:user/*/${aws:username}\",\n        \"arn:aws:iam::324715918036:user/${aws:username}\",\n        \"arn:aws:iam::324715918036:mfa/${aws:username}\"\n      ]\n    },\n    {\n      \"Sid\": \"AllowIAMReadOnly\",\n      \"Effect\": \"Allow\",\n      \"Action\": [\n        \"iam:List*\",\n        \"iam:Get*\"\n      ],\n      \"Resource\": \"*\"\n    },\n    {\n      \"Sid\": \"AllowDeactivateMFADevice\",\n      \"Effect\": \"Allow\",\n      \"Action\": \"iam:DeactivateMFADevice\",\n      \"Resource\": [\n        \"arn:aws:iam::324715918036:user/*/${aws:username}\",\n        \"arn:aws:iam::324715918036:user/${aws:username}\",\n        \"arn:aws:iam::324715918036:mfa/${aws:username}\"\n      ],\n      \"Condition\": {\n        \"Bool\": {\n          \"aws:MultiFactorAuthPresent\": [\n            \"true\"\n          ]\n        },\n        \"NumericLessThan\": {\n          \"aws:MultiFactorAuthAge\": [\n            \"3600\"\n          ]\n        }\n      }\n    }\n  ]\n}",
            "policy_id": "ANPAUXGUTWLKK2JHAWICN",
            "tags": null,
            "tags_all": {}
          },
          "sensitive_attributes": [],
          "private": "bnVsbA==",
          "dependencies": [
            "module.iam_group_with_policies.data.aws_iam_policy_document.iam_self_management"
          ]
        }
      ]
    },
    {
      "module": "module.iam_user",
      "mode": "managed",
      "type": "aws_iam_access_key",
      "name": "this",
      "provider": "provider[\"registry.terraform.io/hashicorp/aws\"]",
      "instances": [
        {
          "index_key": 0,
          "schema_version": 0,
          "attributes": {
            "create_date": "2021-05-09T11:03:22Z",
            "encrypted_secret": "wcFMA3yoRJw4lAJ3ARAAsdrjU0uwQJmCptHb4ka4/nHOn2iVqI+vh01DP+oCsTbeS+7bowtFkdOv+rm0BYHJIszqrEqmkjGO7riy+dvB1OzLkFb6BKkOx8IR71WUBLZlSuDIZmJY/lzPKCGri95o4hHNClg5HzuUo4gdPhgzbsMGaq91IQ4v+/XIcQnF7lwHbM9ERlnopuBi2PqW6TqexrwysBYs7+z+woFb67ySqEFi4yo1xdhWxoYrvLaWZuIe9SyeeA8ODPHAing3IWbvNp6Qq0mh3TBAcUs2HScLxA+IBLL/fIWKc1NsT0NzuEwtFaf9Bw660XB+4Yu6KGfV1zKAzkNJoWnsQHOocfwOZz+l2NY4FkIlhQ8K2GOisHxz/x8gTerBqdkB42TOm17xrIz4Gt9pmQDoeqLWVeUO6yg0RoFquuzWmb3hT8pCONY1LwaUKSZ+0C4kdjLywS/0N1EtnyHrExV9Cvr5bQHqWkLekWhKm26DrV3u33q4hkoDKTAD26A6MOvazbJArPgOjW11SfgxvOS7H81bg0t+ypRiUofOiOfh3Wwkd/zYPhlFaoIndTDEnWSUxZdrpvF2ag6j1r/nwc9ndFvxVw6xdG1b4zCnk97vz9/MmIu702dS4g9b24gOIGXvWdKtKrYZAnKurUKmefMI724UrJQ0IIoiBvpZfYdQsvCAq/Q4n+3S4AHkkGNIO3DlJb1oFj1MUvW0luHdxOAN4J/hwE3gs+LOUirl4OvlNIbmFksBF9eQcyot2OPjIVhT6ORLsfbtEFLMEn2522Dg++NszG2GVO5UEOA/5N2GGwviWog5DEkYkvUnrhfiEKHDVOEkowA=",
            "id": "AKIAUXGUTWLKN27SLRZF",
            "key_fingerprint": "35b2d048ecae13e695d51fd8396d83c13e735c1a",
            "pgp_key": "keybase:demo_tester",
            "secret": null,
            "ses_smtp_password_v4": "BKmAD2Qzu1J+CgBnbGG/awddb/Ct2ZB6ewinYeISld+t",
            "status": "Active",
            "user": "demo_tester"
          },
          "sensitive_attributes": [],
          "private": "bnVsbA==",
          "dependencies": [
            "module.iam_user.aws_iam_user.this"
          ]
        }
      ]
    },
    {
      "module": "module.iam_user",
      "mode": "managed",
      "type": "aws_iam_user",
      "name": "this",
      "provider": "provider[\"registry.terraform.io/hashicorp/aws\"]",
      "instances": [
        {
          "index_key": 0,
          "schema_version": 0,
          "attributes": {
            "arn": "arn:aws:iam::324715918036:user/demo_tester",
            "force_destroy": true,
            "id": "demo_tester",
            "name": "demo_tester",
            "path": "/",
            "permissions_boundary": "",
            "tags": null,
            "tags_all": {},
            "unique_id": "AIDAUXGUTWLKJFQUWDMND"
          },
          "sensitive_attributes": [],
          "private": "bnVsbA=="
        }
      ]
    },
    {
      "module": "module.iam_user",
      "mode": "managed",
      "type": "aws_iam_user_login_profile",
      "name": "this",
      "provider": "provider[\"registry.terraform.io/hashicorp/aws\"]",
      "instances": [
        {
          "index_key": 0,
          "schema_version": 0,
          "attributes": {
            "encrypted_password": "wcFMA3yoRJw4lAJ3ARAAjHZEFrV1blBNq5G6HrJDVgiZIJulbaoIbezLY0Ox5tm6mcYI+SCDY4YLSeHiT/91jquuW8TmZQQVZiZ8WV6ntVyD+5y8S7Z4oYQ++5K2xPqfaYOZWx82H34xD3E+d1ytQ02a7BSNcxw6cRf6I2NYmsBdjY6mp5JdMbhqTDs3PpU8RvIgja1diQcJXrLiLxX6/6fmArZRXpPVtQHOa0r1psmfYVLrwpEwL6wg/EyuaH+IyaZGsv2YiDGq5/PkRXzH+EsWoJp3MGkGg1kZR2csy4iBgN1y3pAdmZQbG9Dy4S3ls5RBGsB6pLtR7Z5jxGqCG/th1mnCtN2/7E8P5fVyBh+lMpnfnMDhC43RnPwxBkESGlHGFhQGr2TjAu3pd6bfJEPiZ+ioi4zN7rgctcBnYKXBRuR5HchGMEHrf3iH/ZhN3zaW1cxy1O6hvzIz7e7UDnG1xkj9QkH+yeyCKxqTuUFgVjYr3yMrKP4BZh4OADaUh0lCX6u5AINRxOSclwa0w2Hh/EdRtNs3YVyI0chvmSDV3/gZbJlSm5ZDJq0w3IlrGQgxUsFN3hFSttNa/IgeEML68s69oRrWKT+RVX8jLBKA33qkYi5kMRWKCDeVJDXlltIL3nrZPIEfRjWhBc7EHYhV6UAWfJBYGZdedbGgqK5TTcC0S5axvaQW2zeMMZfS4AHk3QEvxYG1UU5swstA7uG2AOEQU+Cn4AXhlrvgG+LCu68L4KHkkugXuyHMcGyeTAFXE4ZeruB14lU6CzPgjeSonAJULT93MqLH2ZLlWfxz4kvpM4vhmq0A",
            "id": "demo_tester",
            "key_fingerprint": "35b2d048ecae13e695d51fd8396d83c13e735c1a",
            "password_length": 20,
            "password_reset_required": false,
            "pgp_key": "keybase:demo_tester",
            "user": "demo_tester"
          },
          "sensitive_attributes": [],
          "private": "bnVsbA==",
          "dependencies": [
            "module.iam_user.aws_iam_user.this"
          ]
        }
      ]
    },
    {
      "module": "module.key_pair",
      "mode": "managed",
      "type": "aws_key_pair",
      "name": "this",
      "provider": "provider[\"registry.terraform.io/hashicorp/aws\"]",
      "instances": [
        {
          "index_key": 0,
          "schema_version": 1,
          "attributes": {
            "arn": "arn:aws:ec2:ap-southeast-1:324715918036:key-pair/ec2_key",
            "fingerprint": "f7:a4:56:44:7f:92:25:f0:b0:49:fe:80:41:1b:a8:e2",
            "id": "ec2_key",
            "key_name": "ec2_key",
            "key_name_prefix": null,
            "key_pair_id": "key-0614ea6813a050694",
            "public_key": "ssh-rsa AAAAB3NzaC1yc2EAAAADAQABAAACAQDbbNJfihEbtlUD0f/+BoD1Uoogu6qAuAjKjYDFWBq7pP6b3U8jMXXNkb9pixFmCf7swphromG5sRbxZTX4gYqkcZY3mNFnKCxHEaBQ0n0JY1JSyID//3td7TYc4Op1EmClz04RSRrnMU/MWdbHbQWfEwuXRsObXBhPV5Y9WwajZrrqazjU+jkgnwAk85Vi/MA/bBu+S7ZWc0Wq7D6cdD1tOikWE13qblGRlMp0ubmbTuWPuD/6r+Mkh3PJapg1wp9AJTJqXKQypWyhdpHOGbnud9LpWedVfzG7l7J3I8IPGUoG9beSbKFDTy17k6e0sy8E6EfzcnClYzg415R5bcKxx+B1Vhc01ogwghbD7nWyMwEyp14IRKBF2RNTlpx+OQk7jVt0E5HDeJnuqIsDyPvhPke2yLyBtF6alrxtIkpuoY3FODFAJzd9g921QsQPRlwn6Q4RKjPcY8B5I8PZFvbAKgpONBPDRn1jTF6c/NfSU13pZByIZJYbkRnSbAS3zaZpA8AReuoCy4ZQubXewyCIDLLy8ycqiI2JOe+Gp+sixWkLQuvWFyyEOy7t5mD9DdS/HU9RkqREJXCQdqvD+XXh/USB8BkQdy6RCVZUn9j44h0cj1xKdu0RGXZ6vME/NwqOc6fBQ+Y9ifhJkVrtI95tnAJQ+62LVWxdK5hMRsRsLw==",
            "tags": null,
            "tags_all": {}
          },
          "sensitive_attributes": [],
          "private": "eyJzY2hlbWFfdmVyc2lvbiI6IjEifQ==",
          "dependencies": [
            "tls_private_key.ec2_key"
          ]
        }
      ]
    },
    {
      "module": "module.nlb",
      "mode": "managed",
      "type": "aws_lb",
      "name": "this",
      "provider": "provider[\"registry.terraform.io/hashicorp/aws\"]",
      "instances": [
        {
          "index_key": 0,
          "schema_version": 0,
          "attributes": {
            "access_logs": [
              {
                "bucket": "",
                "enabled": false,
                "prefix": ""
              }
            ],
            "arn": "arn:aws:elasticloadbalancing:ap-southeast-1:324715918036:loadbalancer/net/demo-lb/ad77f79790da53ef",
            "arn_suffix": "net/demo-lb/ad77f79790da53ef",
            "customer_owned_ipv4_pool": "",
            "dns_name": "demo-lb-ad77f79790da53ef.elb.ap-southeast-1.amazonaws.com",
            "drop_invalid_header_fields": null,
            "enable_cross_zone_load_balancing": false,
            "enable_deletion_protection": false,
            "enable_http2": null,
            "id": "arn:aws:elasticloadbalancing:ap-southeast-1:324715918036:loadbalancer/net/demo-lb/ad77f79790da53ef",
            "idle_timeout": null,
            "internal": false,
            "ip_address_type": "ipv4",
            "load_balancer_type": "network",
            "name": "demo-lb",
            "name_prefix": null,
            "security_groups": [],
            "subnet_mapping": [
              {
                "allocation_id": "",
                "ipv6_address": "",
                "outpost_id": "",
                "private_ipv4_address": "",
                "subnet_id": "subnet-07f741b378079c1d0"
              },
              {
                "allocation_id": "",
                "ipv6_address": "",
                "outpost_id": "",
                "private_ipv4_address": "",
                "subnet_id": "subnet-094fbc09090b750fd"
              },
              {
                "allocation_id": "",
                "ipv6_address": "",
                "outpost_id": "",
                "private_ipv4_address": "",
                "subnet_id": "subnet-0b4b8aabc82a30ed2"
              }
            ],
            "subnets": [
              "subnet-07f741b378079c1d0",
              "subnet-094fbc09090b750fd",
              "subnet-0b4b8aabc82a30ed2"
            ],
            "tags": {
              "Name": "demo-lb",
              "project": "terra_demo"
            },
            "tags_all": {
              "Name": "demo-lb",
              "project": "terra_demo"
            },
            "timeouts": {
              "create": "10m",
              "delete": "10m",
              "update": "10m"
            },
            "vpc_id": "vpc-03bc4598508a642cd",
            "zone_id": "ZKVM4W9LS7TM"
          },
          "sensitive_attributes": [],
          "private": "eyJlMmJmYjczMC1lY2FhLTExZTYtOGY4OC0zNDM2M2JjN2M0YzAiOnsiY3JlYXRlIjo2MDAwMDAwMDAwMDAsImRlbGV0ZSI6NjAwMDAwMDAwMDAwLCJ1cGRhdGUiOjYwMDAwMDAwMDAwMH19",
          "dependencies": [
            "module.vpc.aws_subnet.public",
            "module.vpc.aws_vpc.this",
            "module.vpc.aws_vpc_ipv4_cidr_block_association.this"
          ],
          "create_before_destroy": true
        }
      ]
    },
    {
      "module": "module.nlb",
      "mode": "managed",
      "type": "aws_lb_listener",
      "name": "frontend_http_tcp",
      "provider": "provider[\"registry.terraform.io/hashicorp/aws\"]",
      "instances": [
        {
          "index_key": 0,
          "schema_version": 0,
          "attributes": {
            "alpn_policy": null,
            "arn": "arn:aws:elasticloadbalancing:ap-southeast-1:324715918036:listener/net/demo-lb/ad77f79790da53ef/36a68e05092e08c4",
            "certificate_arn": null,
            "default_action": [
              {
                "authenticate_cognito": [],
                "authenticate_oidc": [],
                "fixed_response": [],
                "forward": [],
                "order": 1,
                "redirect": [],
                "target_group_arn": "arn:aws:elasticloadbalancing:ap-southeast-1:324715918036:targetgroup/http20210509110604172000000005/ce55d981c3cd6c10",
                "type": "forward"
              }
            ],
            "id": "arn:aws:elasticloadbalancing:ap-southeast-1:324715918036:listener/net/demo-lb/ad77f79790da53ef/36a68e05092e08c4",
            "load_balancer_arn": "arn:aws:elasticloadbalancing:ap-southeast-1:324715918036:loadbalancer/net/demo-lb/ad77f79790da53ef",
            "port": 80,
            "protocol": "TCP",
            "ssl_policy": "",
            "timeouts": null
          },
          "sensitive_attributes": [],
          "private": "eyJlMmJmYjczMC1lY2FhLTExZTYtOGY4OC0zNDM2M2JjN2M0YzAiOnsicmVhZCI6NjAwMDAwMDAwMDAwfX0=",
          "dependencies": [
            "module.nlb.aws_lb.this",
            "module.nlb.aws_lb_target_group.main",
            "module.vpc.aws_subnet.public",
            "module.vpc.aws_vpc.this",
            "module.vpc.aws_vpc_ipv4_cidr_block_association.this"
          ]
        },
        {
          "index_key": 1,
          "schema_version": 0,
          "attributes": {
            "alpn_policy": null,
            "arn": "arn:aws:elasticloadbalancing:ap-southeast-1:324715918036:listener/net/demo-lb/ad77f79790da53ef/a6bcfac12fc4d845",
            "certificate_arn": null,
            "default_action": [
              {
                "authenticate_cognito": [],
                "authenticate_oidc": [],
                "fixed_response": [],
                "forward": [],
                "order": 1,
                "redirect": [],
                "target_group_arn": "arn:aws:elasticloadbalancing:ap-southeast-1:324715918036:targetgroup/ssh20210509110604172100000006/a36ddabfc0ea283f",
                "type": "forward"
              }
            ],
            "id": "arn:aws:elasticloadbalancing:ap-southeast-1:324715918036:listener/net/demo-lb/ad77f79790da53ef/a6bcfac12fc4d845",
            "load_balancer_arn": "arn:aws:elasticloadbalancing:ap-southeast-1:324715918036:loadbalancer/net/demo-lb/ad77f79790da53ef",
            "port": 22,
            "protocol": "TCP",
            "ssl_policy": "",
            "timeouts": null
          },
          "sensitive_attributes": [],
          "private": "eyJlMmJmYjczMC1lY2FhLTExZTYtOGY4OC0zNDM2M2JjN2M0YzAiOnsicmVhZCI6NjAwMDAwMDAwMDAwfX0=",
          "dependencies": [
            "module.nlb.aws_lb.this",
            "module.nlb.aws_lb_target_group.main",
            "module.vpc.aws_subnet.public",
            "module.vpc.aws_vpc.this",
            "module.vpc.aws_vpc_ipv4_cidr_block_association.this"
          ]
        }
      ]
    },
    {
      "module": "module.nlb",
      "mode": "managed",
      "type": "aws_lb_target_group",
      "name": "main",
      "provider": "provider[\"registry.terraform.io/hashicorp/aws\"]",
      "instances": [
        {
          "index_key": 0,
          "schema_version": 0,
          "attributes": {
            "arn": "arn:aws:elasticloadbalancing:ap-southeast-1:324715918036:targetgroup/http20210509110604172000000005/ce55d981c3cd6c10",
            "arn_suffix": "targetgroup/http20210509110604172000000005/ce55d981c3cd6c10",
            "deregistration_delay": 300,
            "health_check": [
              {
                "enabled": true,
                "healthy_threshold": 3,
                "interval": 30,
                "matcher": "",
                "path": "",
                "port": "traffic-port",
                "protocol": "TCP",
                "timeout": 10,
                "unhealthy_threshold": 3
              }
            ],
            "id": "arn:aws:elasticloadbalancing:ap-southeast-1:324715918036:targetgroup/http20210509110604172000000005/ce55d981c3cd6c10",
            "lambda_multi_value_headers_enabled": false,
            "load_balancing_algorithm_type": null,
            "name": "http20210509110604172000000005",
            "name_prefix": "http",
            "port": 80,
            "preserve_client_ip": "true",
            "protocol": "TCP",
            "protocol_version": null,
            "proxy_protocol_v2": false,
            "slow_start": 0,
            "stickiness": [
              {
                "cookie_duration": 0,
                "enabled": false,
                "type": "source_ip"
              }
            ],
            "tags": {
              "Name": "http",
              "project": "terra_demo"
            },
            "tags_all": {
              "Name": "http",
              "project": "terra_demo"
            },
            "target_type": "instance",
            "vpc_id": "vpc-03bc4598508a642cd"
          },
          "sensitive_attributes": [],
          "private": "bnVsbA==",
          "dependencies": [
            "module.nlb.aws_lb.this",
            "module.vpc.aws_subnet.public",
            "module.vpc.aws_vpc.this",
            "module.vpc.aws_vpc_ipv4_cidr_block_association.this"
          ],
          "create_before_destroy": true
        },
        {
          "index_key": 1,
          "schema_version": 0,
          "attributes": {
            "arn": "arn:aws:elasticloadbalancing:ap-southeast-1:324715918036:targetgroup/ssh20210509110604172100000006/a36ddabfc0ea283f",
            "arn_suffix": "targetgroup/ssh20210509110604172100000006/a36ddabfc0ea283f",
            "deregistration_delay": 300,
            "health_check": [
              {
                "enabled": true,
                "healthy_threshold": 3,
                "interval": 30,
                "matcher": "",
                "path": "",
                "port": "traffic-port",
                "protocol": "TCP",
                "timeout": 10,
                "unhealthy_threshold": 3
              }
            ],
            "id": "arn:aws:elasticloadbalancing:ap-southeast-1:324715918036:targetgroup/ssh20210509110604172100000006/a36ddabfc0ea283f",
            "lambda_multi_value_headers_enabled": false,
            "load_balancing_algorithm_type": null,
            "name": "ssh20210509110604172100000006",
            "name_prefix": "ssh",
            "port": 22,
            "preserve_client_ip": "true",
            "protocol": "TCP",
            "protocol_version": null,
            "proxy_protocol_v2": false,
            "slow_start": 0,
            "stickiness": [
              {
                "cookie_duration": 0,
                "enabled": false,
                "type": "source_ip"
              }
            ],
            "tags": {
              "Name": "ssh",
              "project": "terra_demo"
            },
            "tags_all": {
              "Name": "ssh",
              "project": "terra_demo"
            },
            "target_type": "instance",
            "vpc_id": "vpc-03bc4598508a642cd"
          },
          "sensitive_attributes": [],
          "private": "bnVsbA==",
          "dependencies": [
            "module.nlb.aws_lb.this",
            "module.vpc.aws_subnet.public",
            "module.vpc.aws_vpc.this",
            "module.vpc.aws_vpc_ipv4_cidr_block_association.this"
          ],
          "create_before_destroy": true
        }
      ]
    },
    {
      "module": "module.security_group",
      "mode": "managed",
      "type": "aws_security_group",
      "name": "this_name_prefix",
      "provider": "provider[\"registry.terraform.io/hashicorp/aws\"]",
      "instances": [
        {
          "index_key": 0,
          "schema_version": 1,
          "attributes": {
            "arn": "arn:aws:ec2:ap-southeast-1:324715918036:security-group/sg-06592ae4be79adbec",
            "description": "Security group for example usage with EC2 instance",
            "egress": [],
            "id": "sg-06592ae4be79adbec",
            "ingress": [],
            "name": "Private_SG-20210509110310770300000002",
            "name_prefix": "Private_SG-",
            "owner_id": "324715918036",
            "revoke_rules_on_delete": false,
            "tags": {
              "Name": "SG",
              "project": "terra_demo"
            },
            "tags_all": {
              "Name": "SG",
              "project": "terra_demo"
            },
            "timeouts": null,
            "vpc_id": "vpc-03bc4598508a642cd"
          },
          "sensitive_attributes": [],
          "private": "eyJlMmJmYjczMC1lY2FhLTExZTYtOGY4OC0zNDM2M2JjN2M0YzAiOnsiY3JlYXRlIjo2MDAwMDAwMDAwMDAsImRlbGV0ZSI6OTAwMDAwMDAwMDAwfSwic2NoZW1hX3ZlcnNpb24iOiIxIn0=",
          "dependencies": [
            "module.vpc.aws_vpc.this"
          ],
          "create_before_destroy": true
        }
      ]
    },
    {
      "module": "module.security_group",
      "mode": "managed",
      "type": "aws_security_group_rule",
      "name": "egress_rules",
      "provider": "provider[\"registry.terraform.io/hashicorp/aws\"]",
      "instances": [
        {
          "index_key": 0,
          "schema_version": 2,
          "attributes": {
            "cidr_blocks": [
              "0.0.0.0/0"
            ],
            "description": "All protocols",
            "from_port": -1,
            "id": "sgrule-197338172",
            "ipv6_cidr_blocks": [
              "::/0"
            ],
            "prefix_list_ids": [],
            "protocol": "-1",
            "security_group_id": "sg-06592ae4be79adbec",
            "self": false,
            "source_security_group_id": null,
            "to_port": -1,
            "type": "egress"
          },
          "sensitive_attributes": [],
          "private": "eyJzY2hlbWFfdmVyc2lvbiI6IjIifQ==",
          "dependencies": [
            "module.security_group.aws_security_group.this",
            "module.security_group.aws_security_group.this_name_prefix",
            "module.vpc.aws_vpc.this"
          ]
        }
      ]
    },
    {
      "module": "module.security_group",
      "mode": "managed",
      "type": "aws_security_group_rule",
      "name": "ingress_with_cidr_blocks",
      "provider": "provider[\"registry.terraform.io/hashicorp/aws\"]",
      "instances": [
        {
          "index_key": 0,
          "schema_version": 2,
          "attributes": {
            "cidr_blocks": [
              "0.0.0.0/0"
            ],
            "description": "Ingress Rule",
            "from_port": 22,
            "id": "sgrule-339983497",
            "ipv6_cidr_blocks": null,
            "prefix_list_ids": [],
            "protocol": "tcp",
            "security_group_id": "sg-06592ae4be79adbec",
            "self": false,
            "source_security_group_id": null,
            "to_port": 22,
            "type": "ingress"
          },
          "sensitive_attributes": [],
          "private": "eyJzY2hlbWFfdmVyc2lvbiI6IjIifQ==",
          "dependencies": [
            "module.security_group.aws_security_group.this",
            "module.security_group.aws_security_group.this_name_prefix",
            "module.vpc.aws_vpc.this"
          ]
        },
        {
          "index_key": 1,
          "schema_version": 2,
          "attributes": {
            "cidr_blocks": [
              "118.189.0.0/16",
              "116.206.0.0/16",
              "223.25.0.0/16"
            ],
            "description": "Ingress Rule",
            "from_port": 80,
            "id": "sgrule-1592351085",
            "ipv6_cidr_blocks": null,
            "prefix_list_ids": [],
            "protocol": "tcp",
            "security_group_id": "sg-06592ae4be79adbec",
            "self": false,
            "source_security_group_id": null,
            "to_port": 80,
            "type": "ingress"
          },
          "sensitive_attributes": [],
          "private": "eyJzY2hlbWFfdmVyc2lvbiI6IjIifQ==",
          "dependencies": [
            "module.security_group.aws_security_group.this",
            "module.security_group.aws_security_group.this_name_prefix",
            "module.vpc.aws_vpc.this"
          ]
        }
      ]
    },
    {
      "module": "module.vpc",
      "mode": "managed",
      "type": "aws_eip",
      "name": "nat",
      "provider": "provider[\"registry.terraform.io/hashicorp/aws\"]",
      "instances": [
        {
          "index_key": 0,
          "schema_version": 0,
          "attributes": {
            "address": null,
            "allocation_id": null,
            "associate_with_private_ip": null,
            "association_id": "",
            "carrier_ip": "",
            "customer_owned_ip": "",
            "customer_owned_ipv4_pool": "",
            "domain": "vpc",
            "id": "eipalloc-05dbdb5f044d73256",
            "instance": "",
            "network_border_group": "ap-southeast-1",
            "network_interface": "",
            "private_dns": null,
            "private_ip": "",
            "public_dns": "ec2-52-76-157-28.ap-southeast-1.compute.amazonaws.com",
            "public_ip": "52.76.157.28",
            "public_ipv4_pool": "amazon",
            "tags": {
              "Name": "demo",
              "project": "terra_demo"
            },
            "tags_all": {
              "Name": "demo",
              "project": "terra_demo"
            },
            "timeouts": null,
            "vpc": true
          },
          "sensitive_attributes": [],
          "private": "eyJlMmJmYjczMC1lY2FhLTExZTYtOGY4OC0zNDM2M2JjN2M0YzAiOnsiZGVsZXRlIjoxODAwMDAwMDAwMDAsInJlYWQiOjkwMDAwMDAwMDAwMCwidXBkYXRlIjozMDAwMDAwMDAwMDB9fQ=="
        }
      ]
    },
    {
      "module": "module.vpc",
      "mode": "managed",
      "type": "aws_internet_gateway",
      "name": "this",
      "provider": "provider[\"registry.terraform.io/hashicorp/aws\"]",
      "instances": [
        {
          "index_key": 0,
          "schema_version": 0,
          "attributes": {
            "arn": "arn:aws:ec2:ap-southeast-1:324715918036:internet-gateway/igw-0ded2d56d75a47a7b",
            "id": "igw-0ded2d56d75a47a7b",
            "owner_id": "324715918036",
            "tags": {
              "Name": "demo",
              "project": "terra_demo"
            },
            "tags_all": {
              "Name": "demo",
              "project": "terra_demo"
            },
            "vpc_id": "vpc-03bc4598508a642cd"
          },
          "sensitive_attributes": [],
          "private": "bnVsbA==",
          "dependencies": [
            "module.vpc.aws_vpc.this",
            "module.vpc.aws_vpc_ipv4_cidr_block_association.this"
          ]
        }
      ]
    },
    {
      "module": "module.vpc",
      "mode": "managed",
      "type": "aws_nat_gateway",
      "name": "this",
      "provider": "provider[\"registry.terraform.io/hashicorp/aws\"]",
      "instances": [
        {
          "index_key": 0,
          "schema_version": 0,
          "attributes": {
            "allocation_id": "eipalloc-05dbdb5f044d73256",
            "id": "nat-08fc90cd4c54f70a5",
            "network_interface_id": "eni-0e679509e7c0e5bb8",
            "private_ip": "10.0.4.93",
            "public_ip": "52.76.157.28",
            "subnet_id": "subnet-0b4b8aabc82a30ed2",
            "tags": {
              "Name": "demo",
              "project": "terra_demo"
            },
            "tags_all": {
              "Name": "demo",
              "project": "terra_demo"
            }
          },
          "sensitive_attributes": [],
          "private": "bnVsbA==",
          "dependencies": [
            "module.vpc.aws_eip.nat",
            "module.vpc.aws_internet_gateway.this",
            "module.vpc.aws_subnet.public",
            "module.vpc.aws_vpc.this",
            "module.vpc.aws_vpc_ipv4_cidr_block_association.this"
          ]
        }
      ]
    },
    {
      "module": "module.vpc",
      "mode": "managed",
      "type": "aws_route",
      "name": "private_nat_gateway",
      "provider": "provider[\"registry.terraform.io/hashicorp/aws\"]",
      "instances": [
        {
          "index_key": 0,
          "schema_version": 0,
          "attributes": {
            "carrier_gateway_id": "",
            "destination_cidr_block": "0.0.0.0/0",
            "destination_ipv6_cidr_block": "",
            "destination_prefix_list_id": "",
            "egress_only_gateway_id": "",
            "gateway_id": "",
            "id": "r-rtb-08f6b8ee280a0fbc41080289494",
            "instance_id": "",
            "instance_owner_id": "",
            "local_gateway_id": "",
            "nat_gateway_id": "nat-08fc90cd4c54f70a5",
            "network_interface_id": "",
            "origin": "CreateRoute",
            "route_table_id": "rtb-08f6b8ee280a0fbc4",
            "state": "active",
            "timeouts": {
              "create": "5m",
              "delete": null
            },
            "transit_gateway_id": "",
            "vpc_endpoint_id": "",
            "vpc_peering_connection_id": ""
          },
          "sensitive_attributes": [],
          "private": "eyJlMmJmYjczMC1lY2FhLTExZTYtOGY4OC0zNDM2M2JjN2M0YzAiOnsiY3JlYXRlIjozMDAwMDAwMDAwMDAsImRlbGV0ZSI6MzAwMDAwMDAwMDAwfX0=",
          "dependencies": [
            "module.vpc.aws_eip.nat",
            "module.vpc.aws_internet_gateway.this",
            "module.vpc.aws_nat_gateway.this",
            "module.vpc.aws_route_table.private",
            "module.vpc.aws_subnet.public",
            "module.vpc.aws_vpc.this",
            "module.vpc.aws_vpc_ipv4_cidr_block_association.this"
          ]
        }
      ]
    },
    {
      "module": "module.vpc",
      "mode": "managed",
      "type": "aws_route",
      "name": "public_internet_gateway",
      "provider": "provider[\"registry.terraform.io/hashicorp/aws\"]",
      "instances": [
        {
          "index_key": 0,
          "schema_version": 0,
          "attributes": {
            "carrier_gateway_id": "",
            "destination_cidr_block": "0.0.0.0/0",
            "destination_ipv6_cidr_block": "",
            "destination_prefix_list_id": "",
            "egress_only_gateway_id": "",
            "gateway_id": "igw-0ded2d56d75a47a7b",
            "id": "r-rtb-05358f2634cffbe191080289494",
            "instance_id": "",
            "instance_owner_id": "",
            "local_gateway_id": "",
            "nat_gateway_id": "",
            "network_interface_id": "",
            "origin": "CreateRoute",
            "route_table_id": "rtb-05358f2634cffbe19",
            "state": "active",
            "timeouts": {
              "create": "5m",
              "delete": null
            },
            "transit_gateway_id": "",
            "vpc_endpoint_id": "",
            "vpc_peering_connection_id": ""
          },
          "sensitive_attributes": [],
          "private": "eyJlMmJmYjczMC1lY2FhLTExZTYtOGY4OC0zNDM2M2JjN2M0YzAiOnsiY3JlYXRlIjozMDAwMDAwMDAwMDAsImRlbGV0ZSI6MzAwMDAwMDAwMDAwfX0=",
          "dependencies": [
            "module.vpc.aws_internet_gateway.this",
            "module.vpc.aws_route_table.public",
            "module.vpc.aws_vpc.this",
            "module.vpc.aws_vpc_ipv4_cidr_block_association.this"
          ]
        }
      ]
    },
    {
      "module": "module.vpc",
      "mode": "managed",
      "type": "aws_route_table",
      "name": "private",
      "provider": "provider[\"registry.terraform.io/hashicorp/aws\"]",
      "instances": [
        {
          "index_key": 0,
          "schema_version": 0,
          "attributes": {
            "arn": "arn:aws:ec2:ap-southeast-1:324715918036:route-table/rtb-08f6b8ee280a0fbc4",
            "id": "rtb-08f6b8ee280a0fbc4",
            "owner_id": "324715918036",
            "propagating_vgws": [],
            "route": [],
            "tags": {
              "Name": "demo",
              "project": "terra_demo"
            },
            "tags_all": {
              "Name": "demo",
              "project": "terra_demo"
            },
            "vpc_id": "vpc-03bc4598508a642cd"
          },
          "sensitive_attributes": [],
          "private": "bnVsbA==",
          "dependencies": [
            "module.vpc.aws_vpc.this",
            "module.vpc.aws_vpc_ipv4_cidr_block_association.this"
          ]
        }
      ]
    },
    {
      "module": "module.vpc",
      "mode": "managed",
      "type": "aws_route_table",
      "name": "public",
      "provider": "provider[\"registry.terraform.io/hashicorp/aws\"]",
      "instances": [
        {
          "index_key": 0,
          "schema_version": 0,
          "attributes": {
            "arn": "arn:aws:ec2:ap-southeast-1:324715918036:route-table/rtb-05358f2634cffbe19",
            "id": "rtb-05358f2634cffbe19",
            "owner_id": "324715918036",
            "propagating_vgws": [],
            "route": [],
            "tags": {
              "Name": "demo",
              "project": "terra_demo"
            },
            "tags_all": {
              "Name": "demo",
              "project": "terra_demo"
            },
            "vpc_id": "vpc-03bc4598508a642cd"
          },
          "sensitive_attributes": [],
          "private": "bnVsbA==",
          "dependencies": [
            "module.vpc.aws_vpc.this",
            "module.vpc.aws_vpc_ipv4_cidr_block_association.this"
          ]
        }
      ]
    },
    {
      "module": "module.vpc",
      "mode": "managed",
      "type": "aws_route_table_association",
      "name": "private",
      "provider": "provider[\"registry.terraform.io/hashicorp/aws\"]",
      "instances": [
        {
          "index_key": 0,
          "schema_version": 0,
          "attributes": {
            "gateway_id": null,
            "id": "rtbassoc-07930da95510b1add",
            "route_table_id": "rtb-08f6b8ee280a0fbc4",
            "subnet_id": "subnet-016ac3e0c11054cd2"
          },
          "sensitive_attributes": [],
          "private": "bnVsbA==",
          "dependencies": [
            "module.vpc.aws_route_table.private",
            "module.vpc.aws_subnet.private",
            "module.vpc.aws_vpc.this",
            "module.vpc.aws_vpc_ipv4_cidr_block_association.this"
          ]
        },
        {
          "index_key": 1,
          "schema_version": 0,
          "attributes": {
            "gateway_id": null,
            "id": "rtbassoc-0abde84fc3a19566f",
            "route_table_id": "rtb-08f6b8ee280a0fbc4",
            "subnet_id": "subnet-02628be120bf2e73b"
          },
          "sensitive_attributes": [],
          "private": "bnVsbA==",
          "dependencies": [
            "module.vpc.aws_route_table.private",
            "module.vpc.aws_subnet.private",
            "module.vpc.aws_vpc.this",
            "module.vpc.aws_vpc_ipv4_cidr_block_association.this"
          ]
        },
        {
          "index_key": 2,
          "schema_version": 0,
          "attributes": {
            "gateway_id": null,
            "id": "rtbassoc-07c52753dbccb7486",
            "route_table_id": "rtb-08f6b8ee280a0fbc4",
            "subnet_id": "subnet-045397cbe59d5ce49"
          },
          "sensitive_attributes": [],
          "private": "bnVsbA==",
          "dependencies": [
            "module.vpc.aws_route_table.private",
            "module.vpc.aws_subnet.private",
            "module.vpc.aws_vpc.this",
            "module.vpc.aws_vpc_ipv4_cidr_block_association.this"
          ]
        }
      ]
    },
    {
      "module": "module.vpc",
      "mode": "managed",
      "type": "aws_route_table_association",
      "name": "public",
      "provider": "provider[\"registry.terraform.io/hashicorp/aws\"]",
      "instances": [
        {
          "index_key": 0,
          "schema_version": 0,
          "attributes": {
            "gateway_id": null,
            "id": "rtbassoc-0b57a8502cba47622",
            "route_table_id": "rtb-05358f2634cffbe19",
            "subnet_id": "subnet-0b4b8aabc82a30ed2"
          },
          "sensitive_attributes": [],
          "private": "bnVsbA==",
          "dependencies": [
            "module.vpc.aws_route_table.public",
            "module.vpc.aws_subnet.public",
            "module.vpc.aws_vpc.this",
            "module.vpc.aws_vpc_ipv4_cidr_block_association.this"
          ]
        },
        {
          "index_key": 1,
          "schema_version": 0,
          "attributes": {
            "gateway_id": null,
            "id": "rtbassoc-01580c3ae0c08ce6b",
            "route_table_id": "rtb-05358f2634cffbe19",
            "subnet_id": "subnet-07f741b378079c1d0"
          },
          "sensitive_attributes": [],
          "private": "bnVsbA==",
          "dependencies": [
            "module.vpc.aws_route_table.public",
            "module.vpc.aws_subnet.public",
            "module.vpc.aws_vpc.this",
            "module.vpc.aws_vpc_ipv4_cidr_block_association.this"
          ]
        },
        {
          "index_key": 2,
          "schema_version": 0,
          "attributes": {
            "gateway_id": null,
            "id": "rtbassoc-0dbdb3f833e08b057",
            "route_table_id": "rtb-05358f2634cffbe19",
            "subnet_id": "subnet-094fbc09090b750fd"
          },
          "sensitive_attributes": [],
          "private": "bnVsbA==",
          "dependencies": [
            "module.vpc.aws_route_table.public",
            "module.vpc.aws_subnet.public",
            "module.vpc.aws_vpc.this",
            "module.vpc.aws_vpc_ipv4_cidr_block_association.this"
          ]
        }
      ]
    },
    {
      "module": "module.vpc",
      "mode": "managed",
      "type": "aws_subnet",
      "name": "private",
      "provider": "provider[\"registry.terraform.io/hashicorp/aws\"]",
      "instances": [
        {
          "index_key": 0,
          "schema_version": 1,
          "attributes": {
            "arn": "arn:aws:ec2:ap-southeast-1:324715918036:subnet/subnet-016ac3e0c11054cd2",
            "assign_ipv6_address_on_creation": false,
            "availability_zone": "ap-southeast-1a",
            "availability_zone_id": "apse1-az1",
            "cidr_block": "10.0.1.0/24",
            "customer_owned_ipv4_pool": "",
            "id": "subnet-016ac3e0c11054cd2",
            "ipv6_cidr_block": "",
            "ipv6_cidr_block_association_id": "",
            "map_customer_owned_ip_on_launch": false,
            "map_public_ip_on_launch": false,
            "outpost_arn": "",
            "owner_id": "324715918036",
            "tags": {
              "Name": "demo",
              "project": "terra_demo"
            },
            "tags_all": {
              "Name": "demo",
              "project": "terra_demo"
            },
            "timeouts": null,
            "vpc_id": "vpc-03bc4598508a642cd"
          },
          "sensitive_attributes": [],
          "private": "eyJlMmJmYjczMC1lY2FhLTExZTYtOGY4OC0zNDM2M2JjN2M0YzAiOnsiY3JlYXRlIjo2MDAwMDAwMDAwMDAsImRlbGV0ZSI6MTIwMDAwMDAwMDAwMH0sInNjaGVtYV92ZXJzaW9uIjoiMSJ9",
          "dependencies": [
            "module.vpc.aws_vpc.this",
            "module.vpc.aws_vpc_ipv4_cidr_block_association.this"
          ]
        },
        {
          "index_key": 1,
          "schema_version": 1,
          "attributes": {
            "arn": "arn:aws:ec2:ap-southeast-1:324715918036:subnet/subnet-02628be120bf2e73b",
            "assign_ipv6_address_on_creation": false,
            "availability_zone": "ap-southeast-1b",
            "availability_zone_id": "apse1-az2",
            "cidr_block": "10.0.2.0/24",
            "customer_owned_ipv4_pool": "",
            "id": "subnet-02628be120bf2e73b",
            "ipv6_cidr_block": "",
            "ipv6_cidr_block_association_id": "",
            "map_customer_owned_ip_on_launch": false,
            "map_public_ip_on_launch": false,
            "outpost_arn": "",
            "owner_id": "324715918036",
            "tags": {
              "Name": "demo",
              "project": "terra_demo"
            },
            "tags_all": {
              "Name": "demo",
              "project": "terra_demo"
            },
            "timeouts": null,
            "vpc_id": "vpc-03bc4598508a642cd"
          },
          "sensitive_attributes": [],
          "private": "eyJlMmJmYjczMC1lY2FhLTExZTYtOGY4OC0zNDM2M2JjN2M0YzAiOnsiY3JlYXRlIjo2MDAwMDAwMDAwMDAsImRlbGV0ZSI6MTIwMDAwMDAwMDAwMH0sInNjaGVtYV92ZXJzaW9uIjoiMSJ9",
          "dependencies": [
            "module.vpc.aws_vpc.this",
            "module.vpc.aws_vpc_ipv4_cidr_block_association.this"
          ]
        },
        {
          "index_key": 2,
          "schema_version": 1,
          "attributes": {
            "arn": "arn:aws:ec2:ap-southeast-1:324715918036:subnet/subnet-045397cbe59d5ce49",
            "assign_ipv6_address_on_creation": false,
            "availability_zone": "ap-southeast-1c",
            "availability_zone_id": "apse1-az3",
            "cidr_block": "10.0.3.0/24",
            "customer_owned_ipv4_pool": "",
            "id": "subnet-045397cbe59d5ce49",
            "ipv6_cidr_block": "",
            "ipv6_cidr_block_association_id": "",
            "map_customer_owned_ip_on_launch": false,
            "map_public_ip_on_launch": false,
            "outpost_arn": "",
            "owner_id": "324715918036",
            "tags": {
              "Name": "demo",
              "project": "terra_demo"
            },
            "tags_all": {
              "Name": "demo",
              "project": "terra_demo"
            },
            "timeouts": null,
            "vpc_id": "vpc-03bc4598508a642cd"
          },
          "sensitive_attributes": [],
          "private": "eyJlMmJmYjczMC1lY2FhLTExZTYtOGY4OC0zNDM2M2JjN2M0YzAiOnsiY3JlYXRlIjo2MDAwMDAwMDAwMDAsImRlbGV0ZSI6MTIwMDAwMDAwMDAwMH0sInNjaGVtYV92ZXJzaW9uIjoiMSJ9",
          "dependencies": [
            "module.vpc.aws_vpc.this",
            "module.vpc.aws_vpc_ipv4_cidr_block_association.this"
          ]
        }
      ]
    },
    {
      "module": "module.vpc",
      "mode": "managed",
      "type": "aws_subnet",
      "name": "public",
      "provider": "provider[\"registry.terraform.io/hashicorp/aws\"]",
      "instances": [
        {
          "index_key": 0,
          "schema_version": 1,
          "attributes": {
            "arn": "arn:aws:ec2:ap-southeast-1:324715918036:subnet/subnet-0b4b8aabc82a30ed2",
            "assign_ipv6_address_on_creation": false,
            "availability_zone": "ap-southeast-1a",
            "availability_zone_id": "apse1-az1",
            "cidr_block": "10.0.4.0/24",
            "customer_owned_ipv4_pool": "",
            "id": "subnet-0b4b8aabc82a30ed2",
            "ipv6_cidr_block": "",
            "ipv6_cidr_block_association_id": "",
            "map_customer_owned_ip_on_launch": false,
            "map_public_ip_on_launch": true,
            "outpost_arn": "",
            "owner_id": "324715918036",
            "tags": {
              "Name": "demo",
              "project": "terra_demo"
            },
            "tags_all": {
              "Name": "demo",
              "project": "terra_demo"
            },
            "timeouts": null,
            "vpc_id": "vpc-03bc4598508a642cd"
          },
          "sensitive_attributes": [],
          "private": "eyJlMmJmYjczMC1lY2FhLTExZTYtOGY4OC0zNDM2M2JjN2M0YzAiOnsiY3JlYXRlIjo2MDAwMDAwMDAwMDAsImRlbGV0ZSI6MTIwMDAwMDAwMDAwMH0sInNjaGVtYV92ZXJzaW9uIjoiMSJ9",
          "dependencies": [
            "module.vpc.aws_vpc.this",
            "module.vpc.aws_vpc_ipv4_cidr_block_association.this"
          ],
          "create_before_destroy": true
        },
        {
          "index_key": 1,
          "schema_version": 1,
          "attributes": {
            "arn": "arn:aws:ec2:ap-southeast-1:324715918036:subnet/subnet-07f741b378079c1d0",
            "assign_ipv6_address_on_creation": false,
            "availability_zone": "ap-southeast-1b",
            "availability_zone_id": "apse1-az2",
            "cidr_block": "10.0.5.0/24",
            "customer_owned_ipv4_pool": "",
            "id": "subnet-07f741b378079c1d0",
            "ipv6_cidr_block": "",
            "ipv6_cidr_block_association_id": "",
            "map_customer_owned_ip_on_launch": false,
            "map_public_ip_on_launch": true,
            "outpost_arn": "",
            "owner_id": "324715918036",
            "tags": {
              "Name": "demo",
              "project": "terra_demo"
            },
            "tags_all": {
              "Name": "demo",
              "project": "terra_demo"
            },
            "timeouts": null,
            "vpc_id": "vpc-03bc4598508a642cd"
          },
          "sensitive_attributes": [],
          "private": "eyJlMmJmYjczMC1lY2FhLTExZTYtOGY4OC0zNDM2M2JjN2M0YzAiOnsiY3JlYXRlIjo2MDAwMDAwMDAwMDAsImRlbGV0ZSI6MTIwMDAwMDAwMDAwMH0sInNjaGVtYV92ZXJzaW9uIjoiMSJ9",
          "dependencies": [
            "module.vpc.aws_vpc.this",
            "module.vpc.aws_vpc_ipv4_cidr_block_association.this"
          ],
          "create_before_destroy": true
        },
        {
          "index_key": 2,
          "schema_version": 1,
          "attributes": {
            "arn": "arn:aws:ec2:ap-southeast-1:324715918036:subnet/subnet-094fbc09090b750fd",
            "assign_ipv6_address_on_creation": false,
            "availability_zone": "ap-southeast-1c",
            "availability_zone_id": "apse1-az3",
            "cidr_block": "10.0.6.0/24",
            "customer_owned_ipv4_pool": "",
            "id": "subnet-094fbc09090b750fd",
            "ipv6_cidr_block": "",
            "ipv6_cidr_block_association_id": "",
            "map_customer_owned_ip_on_launch": false,
            "map_public_ip_on_launch": true,
            "outpost_arn": "",
            "owner_id": "324715918036",
            "tags": {
              "Name": "demo",
              "project": "terra_demo"
            },
            "tags_all": {
              "Name": "demo",
              "project": "terra_demo"
            },
            "timeouts": null,
            "vpc_id": "vpc-03bc4598508a642cd"
          },
          "sensitive_attributes": [],
          "private": "eyJlMmJmYjczMC1lY2FhLTExZTYtOGY4OC0zNDM2M2JjN2M0YzAiOnsiY3JlYXRlIjo2MDAwMDAwMDAwMDAsImRlbGV0ZSI6MTIwMDAwMDAwMDAwMH0sInNjaGVtYV92ZXJzaW9uIjoiMSJ9",
          "dependencies": [
            "module.vpc.aws_vpc.this",
            "module.vpc.aws_vpc_ipv4_cidr_block_association.this"
          ],
          "create_before_destroy": true
        }
      ]
    },
    {
      "module": "module.vpc",
      "mode": "managed",
      "type": "aws_vpc",
      "name": "this",
      "provider": "provider[\"registry.terraform.io/hashicorp/aws\"]",
      "instances": [
        {
          "index_key": 0,
          "schema_version": 1,
          "attributes": {
            "arn": "arn:aws:ec2:ap-southeast-1:324715918036:vpc/vpc-03bc4598508a642cd",
            "assign_generated_ipv6_cidr_block": false,
            "cidr_block": "10.0.0.0/16",
            "default_network_acl_id": "acl-0bb4dd5d20861c33a",
            "default_route_table_id": "rtb-04f9d1f16a6a833ce",
            "default_security_group_id": "sg-08188bd22f1c6050e",
            "dhcp_options_id": "dopt-22a4b345",
            "enable_classiclink": false,
            "enable_classiclink_dns_support": false,
            "enable_dns_hostnames": false,
            "enable_dns_support": true,
            "id": "vpc-03bc4598508a642cd",
            "instance_tenancy": "default",
            "ipv6_association_id": "",
            "ipv6_cidr_block": "",
            "main_route_table_id": "rtb-04f9d1f16a6a833ce",
            "owner_id": "324715918036",
            "tags": {
              "Name": "demo",
              "project": "terra_demo"
            },
            "tags_all": {
              "Name": "demo",
              "project": "terra_demo"
            }
          },
          "sensitive_attributes": [],
          "private": "eyJzY2hlbWFfdmVyc2lvbiI6IjEifQ==",
          "create_before_destroy": true
        }
      ]
    }
  ]
}
