{
  "version": 4,
  "terraform_version": "0.15.3",
  "serial": 1418,
  "lineage": "145b32d6-92ab-a10b-8fb2-bd7d2f12fa40",
  "outputs": {
    "lb_dns_name": {
      "value": "demo-lb-ce1b33b74c718fb3.elb.ap-southeast-1.amazonaws.com",
      "type": "string"
    }
  },
  "resources": [
    {
      "mode": "data",
      "type": "aws_ami",
      "name": "ubuntu",
      "provider": "provider[\"registry.terraform.io/hashicorp/aws\"]",
      "instances": [
        {
          "schema_version": 0,
          "attributes": {
            "architecture": "x86_64",
            "arn": "arn:aws:ec2:ap-southeast-1::image/ami-0e0788b95140ed566",
            "block_device_mappings": [
              {
                "device_name": "/dev/sda1",
                "ebs": {
                  "delete_on_termination": "true",
                  "encrypted": "false",
                  "iops": "0",
                  "snapshot_id": "snap-0e415de2f5aa18ea9",
                  "throughput": "0",
                  "volume_size": "8",
                  "volume_type": "gp2"
                },
                "no_device": "",
                "virtual_name": ""
              },
              {
                "device_name": "/dev/sdb",
                "ebs": {},
                "no_device": "",
                "virtual_name": "ephemeral0"
              },
              {
                "device_name": "/dev/sdc",
                "ebs": {},
                "no_device": "",
                "virtual_name": "ephemeral1"
              }
            ],
            "creation_date": "2021-05-04T00:36:27.000Z",
            "description": "Canonical, Ubuntu, 20.04 LTS, amd64 focal image build on 2021-05-03",
            "ena_support": true,
            "executable_users": null,
            "filter": [
              {
                "name": "name",
                "values": [
                  "ubuntu/images/hvm-ssd/ubuntu-focal-20.04-amd64-server-*"
                ]
              },
              {
                "name": "virtualization-type",
                "values": [
                  "hvm"
                ]
              }
            ],
            "hypervisor": "xen",
            "id": "ami-0e0788b95140ed566",
            "image_id": "ami-0e0788b95140ed566",
            "image_location": "099720109477/ubuntu/images/hvm-ssd/ubuntu-focal-20.04-amd64-server-20210503",
            "image_owner_alias": null,
            "image_type": "machine",
            "kernel_id": null,
            "most_recent": true,
            "name": "ubuntu/images/hvm-ssd/ubuntu-focal-20.04-amd64-server-20210503",
            "name_regex": null,
            "owner_id": "099720109477",
            "owners": [
              "099720109477"
            ],
            "platform": null,
            "platform_details": "Linux/UNIX",
            "product_codes": [],
            "public": true,
            "ramdisk_id": null,
            "root_device_name": "/dev/sda1",
            "root_device_type": "ebs",
            "root_snapshot_id": "snap-0e415de2f5aa18ea9",
            "sriov_net_support": "simple",
            "state": "available",
            "state_reason": {
              "code": "UNSET",
              "message": "UNSET"
            },
            "tags": {},
            "usage_operation": "RunInstances",
            "virtualization_type": "hvm"
          },
          "sensitive_attributes": []
        }
      ]
    },
    {
      "mode": "data",
      "type": "cloudinit_config",
      "name": "initdocker",
      "provider": "provider[\"registry.terraform.io/hashicorp/cloudinit\"]",
      "instances": [
        {
          "schema_version": 0,
          "attributes": {
            "base64_encode": false,
            "boundary": "MIMEBOUNDARY",
            "gzip": false,
            "id": "650714554",
            "part": [
              {
                "content": "  \n{\"write_files\":[{\"content\":\"dmVyc2lvbjogJzMnCnNlcnZpY2VzOiAKICAgIHdlYjogCiAgICAgICAgaW1hZ2U6IG5naW54OjEuMTguMAogICAgICAgIHZvbHVtZXM6CiAgICAgICAgICAgIC0gLi9zcmM6L3Vzci9zaGFyZS9uZ2lueC9odG1sCiAgICAgICAgcG9ydHM6CiAgICAgICAgICAgIC0gIjgwOjgwIgogICAgICAgIAogIAoK\",\"encoding\":\"b64\",\"owner\":\"ubuntu:ubuntu\",\"path\":\"/home/ubuntu/docker-compose.yml\",\"permissions\":\"0644\"}]}\n",
                "content_type": "text/cloud-config",
                "filename": "docker-compose.yml",
                "merge_type": ""
              },
              {
                "content": "#!/bin/bash\nsudo apt-get update\nsudo apt-get install -y docker.io docker-compose\ncd /home/ubuntu\nmkdir src\necho -e '\u003ch1\u003eWelcome to nginx!\u003c/h1\u003e\u003cp \u003eMy name is \u003cspan style=\"color: #ffc400\"\u003eKevin Sham\u003c/span\u003e\u003c/p\u003e' \u003e src/index.html\nsudo docker-compose up --detach\n",
                "content_type": "text/x-shellscript",
                "filename": "",
                "merge_type": ""
              }
            ],
            "rendered": "Content-Type: multipart/mixed; boundary=\"MIMEBOUNDARY\"\nMIME-Version: 1.0\r\n\r\n--MIMEBOUNDARY\r\nContent-Disposition: attachment; filename=\"docker-compose.yml\"\r\nContent-Transfer-Encoding: 7bit\r\nContent-Type: text/cloud-config\r\nMime-Version: 1.0\r\n\r\n  \n{\"write_files\":[{\"content\":\"dmVyc2lvbjogJzMnCnNlcnZpY2VzOiAKICAgIHdlYjogCiAgICAgICAgaW1hZ2U6IG5naW54OjEuMTguMAogICAgICAgIHZvbHVtZXM6CiAgICAgICAgICAgIC0gLi9zcmM6L3Vzci9zaGFyZS9uZ2lueC9odG1sCiAgICAgICAgcG9ydHM6CiAgICAgICAgICAgIC0gIjgwOjgwIgogICAgICAgIAogIAoK\",\"encoding\":\"b64\",\"owner\":\"ubuntu:ubuntu\",\"path\":\"/home/ubuntu/docker-compose.yml\",\"permissions\":\"0644\"}]}\n\r\n--MIMEBOUNDARY\r\nContent-Transfer-Encoding: 7bit\r\nContent-Type: text/x-shellscript\r\nMime-Version: 1.0\r\n\r\n#!/bin/bash\nsudo apt-get update\nsudo apt-get install -y docker.io docker-compose\ncd /home/ubuntu\nmkdir src\necho -e '\u003ch1\u003eWelcome to nginx!\u003c/h1\u003e\u003cp \u003eMy name is \u003cspan style=\"color: #ffc400\"\u003eKevin Sham\u003c/span\u003e\u003c/p\u003e' \u003e src/index.html\nsudo docker-compose up --detach\n\r\n--MIMEBOUNDARY--\r\n"
          },
          "sensitive_attributes": []
        }
      ]
    },
    {
      "mode": "managed",
      "type": "aws_lb_target_group_attachment",
      "name": "http",
      "provider": "provider[\"registry.terraform.io/hashicorp/aws\"]",
      "instances": [
        {
          "schema_version": 0,
          "attributes": {
            "availability_zone": null,
            "id": "arn:aws:elasticloadbalancing:ap-southeast-1:324715918036:targetgroup/http20210508173451310800000003/e74e7ced7659ceb3-20210508173452177300000004",
            "port": 80,
            "target_group_arn": "arn:aws:elasticloadbalancing:ap-southeast-1:324715918036:targetgroup/http20210508173451310800000003/e74e7ced7659ceb3",
            "target_id": "i-079e5369427e6898b"
          },
          "sensitive_attributes": [],
          "private": "bnVsbA==",
          "dependencies": [
            "data.aws_ami.ubuntu",
            "data.cloudinit_config.initdocker",
            "module.ec2.aws_instance.this",
            "module.key_pair.aws_key_pair.this",
            "module.nlb.aws_lb.this",
            "module.nlb.aws_lb_target_group.main",
            "module.security_group.aws_security_group.this",
            "module.security_group.aws_security_group.this_name_prefix",
            "module.vpc.aws_cloudwatch_log_group.flow_log",
            "module.vpc.aws_customer_gateway.this",
            "module.vpc.aws_db_subnet_group.database",
            "module.vpc.aws_default_network_acl.this",
            "module.vpc.aws_default_route_table.default",
            "module.vpc.aws_default_security_group.this",
            "module.vpc.aws_default_vpc.this",
            "module.vpc.aws_egress_only_internet_gateway.this",
            "module.vpc.aws_eip.nat",
            "module.vpc.aws_elasticache_subnet_group.elasticache",
            "module.vpc.aws_flow_log.this",
            "module.vpc.aws_iam_policy.vpc_flow_log_cloudwatch",
            "module.vpc.aws_iam_role.vpc_flow_log_cloudwatch",
            "module.vpc.aws_iam_role_policy_attachment.vpc_flow_log_cloudwatch",
            "module.vpc.aws_internet_gateway.this",
            "module.vpc.aws_nat_gateway.this",
            "module.vpc.aws_network_acl.database",
            "module.vpc.aws_network_acl.elasticache",
            "module.vpc.aws_network_acl.intra",
            "module.vpc.aws_network_acl.outpost",
            "module.vpc.aws_network_acl.private",
            "module.vpc.aws_network_acl.public",
            "module.vpc.aws_network_acl.redshift",
            "module.vpc.aws_network_acl_rule.database_inbound",
            "module.vpc.aws_network_acl_rule.database_outbound",
            "module.vpc.aws_network_acl_rule.elasticache_inbound",
            "module.vpc.aws_network_acl_rule.elasticache_outbound",
            "module.vpc.aws_network_acl_rule.intra_inbound",
            "module.vpc.aws_network_acl_rule.intra_outbound",
            "module.vpc.aws_network_acl_rule.outpost_inbound",
            "module.vpc.aws_network_acl_rule.outpost_outbound",
            "module.vpc.aws_network_acl_rule.private_inbound",
            "module.vpc.aws_network_acl_rule.private_outbound",
            "module.vpc.aws_network_acl_rule.public_inbound",
            "module.vpc.aws_network_acl_rule.public_outbound",
            "module.vpc.aws_network_acl_rule.redshift_inbound",
            "module.vpc.aws_network_acl_rule.redshift_outbound",
            "module.vpc.aws_redshift_subnet_group.redshift",
            "module.vpc.aws_route.database_internet_gateway",
            "module.vpc.aws_route.database_ipv6_egress",
            "module.vpc.aws_route.database_nat_gateway",
            "module.vpc.aws_route.private_ipv6_egress",
            "module.vpc.aws_route.private_nat_gateway",
            "module.vpc.aws_route.public_internet_gateway",
            "module.vpc.aws_route.public_internet_gateway_ipv6",
            "module.vpc.aws_route_table.database",
            "module.vpc.aws_route_table.elasticache",
            "module.vpc.aws_route_table.intra",
            "module.vpc.aws_route_table.private",
            "module.vpc.aws_route_table.public",
            "module.vpc.aws_route_table.redshift",
            "module.vpc.aws_route_table_association.database",
            "module.vpc.aws_route_table_association.elasticache",
            "module.vpc.aws_route_table_association.intra",
            "module.vpc.aws_route_table_association.outpost",
            "module.vpc.aws_route_table_association.private",
            "module.vpc.aws_route_table_association.public",
            "module.vpc.aws_route_table_association.redshift",
            "module.vpc.aws_route_table_association.redshift_public",
            "module.vpc.aws_subnet.database",
            "module.vpc.aws_subnet.elasticache",
            "module.vpc.aws_subnet.intra",
            "module.vpc.aws_subnet.outpost",
            "module.vpc.aws_subnet.private",
            "module.vpc.aws_subnet.public",
            "module.vpc.aws_subnet.redshift",
            "module.vpc.aws_vpc.this",
            "module.vpc.aws_vpc_dhcp_options.this",
            "module.vpc.aws_vpc_dhcp_options_association.this",
            "module.vpc.aws_vpc_ipv4_cidr_block_association.this",
            "module.vpc.aws_vpn_gateway.this",
            "module.vpc.aws_vpn_gateway_attachment.this",
            "module.vpc.aws_vpn_gateway_route_propagation.intra",
            "module.vpc.aws_vpn_gateway_route_propagation.private",
            "module.vpc.aws_vpn_gateway_route_propagation.public",
            "module.vpc.data.aws_iam_policy_document.flow_log_cloudwatch_assume_role",
            "module.vpc.data.aws_iam_policy_document.vpc_flow_log_cloudwatch",
            "tls_private_key.ec2_key"
          ]
        }
      ]
    },
    {
      "mode": "managed",
      "type": "aws_lb_target_group_attachment",
      "name": "ssh",
      "provider": "provider[\"registry.terraform.io/hashicorp/aws\"]",
      "instances": [
        {
          "schema_version": 0,
          "attributes": {
            "availability_zone": null,
            "id": "arn:aws:elasticloadbalancing:ap-southeast-1:324715918036:targetgroup/ssh20210508173451310600000002/6696d8202cda0f90-20210508173452573700000005",
            "port": 22,
            "target_group_arn": "arn:aws:elasticloadbalancing:ap-southeast-1:324715918036:targetgroup/ssh20210508173451310600000002/6696d8202cda0f90",
            "target_id": "i-079e5369427e6898b"
          },
          "sensitive_attributes": [],
          "private": "bnVsbA==",
          "dependencies": [
            "data.aws_ami.ubuntu",
            "data.cloudinit_config.initdocker",
            "module.ec2.aws_instance.this",
            "module.key_pair.aws_key_pair.this",
            "module.nlb.aws_lb.this",
            "module.nlb.aws_lb_target_group.main",
            "module.security_group.aws_security_group.this",
            "module.security_group.aws_security_group.this_name_prefix",
            "module.vpc.aws_cloudwatch_log_group.flow_log",
            "module.vpc.aws_customer_gateway.this",
            "module.vpc.aws_db_subnet_group.database",
            "module.vpc.aws_default_network_acl.this",
            "module.vpc.aws_default_route_table.default",
            "module.vpc.aws_default_security_group.this",
            "module.vpc.aws_default_vpc.this",
            "module.vpc.aws_egress_only_internet_gateway.this",
            "module.vpc.aws_eip.nat",
            "module.vpc.aws_elasticache_subnet_group.elasticache",
            "module.vpc.aws_flow_log.this",
            "module.vpc.aws_iam_policy.vpc_flow_log_cloudwatch",
            "module.vpc.aws_iam_role.vpc_flow_log_cloudwatch",
            "module.vpc.aws_iam_role_policy_attachment.vpc_flow_log_cloudwatch",
            "module.vpc.aws_internet_gateway.this",
            "module.vpc.aws_nat_gateway.this",
            "module.vpc.aws_network_acl.database",
            "module.vpc.aws_network_acl.elasticache",
            "module.vpc.aws_network_acl.intra",
            "module.vpc.aws_network_acl.outpost",
            "module.vpc.aws_network_acl.private",
            "module.vpc.aws_network_acl.public",
            "module.vpc.aws_network_acl.redshift",
            "module.vpc.aws_network_acl_rule.database_inbound",
            "module.vpc.aws_network_acl_rule.database_outbound",
            "module.vpc.aws_network_acl_rule.elasticache_inbound",
            "module.vpc.aws_network_acl_rule.elasticache_outbound",
            "module.vpc.aws_network_acl_rule.intra_inbound",
            "module.vpc.aws_network_acl_rule.intra_outbound",
            "module.vpc.aws_network_acl_rule.outpost_inbound",
            "module.vpc.aws_network_acl_rule.outpost_outbound",
            "module.vpc.aws_network_acl_rule.private_inbound",
            "module.vpc.aws_network_acl_rule.private_outbound",
            "module.vpc.aws_network_acl_rule.public_inbound",
            "module.vpc.aws_network_acl_rule.public_outbound",
            "module.vpc.aws_network_acl_rule.redshift_inbound",
            "module.vpc.aws_network_acl_rule.redshift_outbound",
            "module.vpc.aws_redshift_subnet_group.redshift",
            "module.vpc.aws_route.database_internet_gateway",
            "module.vpc.aws_route.database_ipv6_egress",
            "module.vpc.aws_route.database_nat_gateway",
            "module.vpc.aws_route.private_ipv6_egress",
            "module.vpc.aws_route.private_nat_gateway",
            "module.vpc.aws_route.public_internet_gateway",
            "module.vpc.aws_route.public_internet_gateway_ipv6",
            "module.vpc.aws_route_table.database",
            "module.vpc.aws_route_table.elasticache",
            "module.vpc.aws_route_table.intra",
            "module.vpc.aws_route_table.private",
            "module.vpc.aws_route_table.public",
            "module.vpc.aws_route_table.redshift",
            "module.vpc.aws_route_table_association.database",
            "module.vpc.aws_route_table_association.elasticache",
            "module.vpc.aws_route_table_association.intra",
            "module.vpc.aws_route_table_association.outpost",
            "module.vpc.aws_route_table_association.private",
            "module.vpc.aws_route_table_association.public",
            "module.vpc.aws_route_table_association.redshift",
            "module.vpc.aws_route_table_association.redshift_public",
            "module.vpc.aws_subnet.database",
            "module.vpc.aws_subnet.elasticache",
            "module.vpc.aws_subnet.intra",
            "module.vpc.aws_subnet.outpost",
            "module.vpc.aws_subnet.private",
            "module.vpc.aws_subnet.public",
            "module.vpc.aws_subnet.redshift",
            "module.vpc.aws_vpc.this",
            "module.vpc.aws_vpc_dhcp_options.this",
            "module.vpc.aws_vpc_dhcp_options_association.this",
            "module.vpc.aws_vpc_ipv4_cidr_block_association.this",
            "module.vpc.aws_vpn_gateway.this",
            "module.vpc.aws_vpn_gateway_attachment.this",
            "module.vpc.aws_vpn_gateway_route_propagation.intra",
            "module.vpc.aws_vpn_gateway_route_propagation.private",
            "module.vpc.aws_vpn_gateway_route_propagation.public",
            "module.vpc.data.aws_iam_policy_document.flow_log_cloudwatch_assume_role",
            "module.vpc.data.aws_iam_policy_document.vpc_flow_log_cloudwatch",
            "tls_private_key.ec2_key"
          ]
        }
      ]
    },
    {
      "mode": "managed",
      "type": "null_resource",
      "name": "get_keys",
      "provider": "provider[\"registry.terraform.io/hashicorp/null\"]",
      "instances": [
        {
          "schema_version": 0,
          "attributes": {
            "id": "3252374168808083896",
            "triggers": null
          },
          "sensitive_attributes": [],
          "private": "bnVsbA==",
          "dependencies": [
            "tls_private_key.ec2_key"
          ]
        }
      ]
    },
    {
      "mode": "managed",
      "type": "tls_private_key",
      "name": "ec2_key",
      "provider": "provider[\"registry.terraform.io/hashicorp/tls\"]",
      "instances": [
        {
          "schema_version": 0,
          "attributes": {
            "algorithm": "RSA",
            "ecdsa_curve": "P224",
            "id": "beda6e89797b0cc03687e8d8dd68b7966b5234c2",
            "private_key_pem": "-----BEGIN RSA PRIVATE KEY-----\nMIIJKQIBAAKCAgEA+D2I0wxzQQjIkReAS97IbF6fNAiGGmFLdG7o9rKUTtE8YaDZ\n1HtuzQlDTiZ+l1KhFnSUfvzmow4vubLS3Kj1jHlGTZyNDIG0NaJQhHx9/gavs01w\n7oFa4CYM1Ca7fdmPhSBdAtEFmwVSegw78RM0AZhptMlL4v/JLU5E+U4uNAzchxWW\nuv3ySF3u+OJS2V1owUHkvphERIutaPJFfua8fxXoWK/bjv7r6ntgU5h5mWyMVRiG\nf7QKid5BkSxvetzwYSqhfieSEBFOnr+NnSGAA80F/GDzbVY0gH9T42VT51R+XEtF\nSiCu+j5ndk/cW2vaIPl9HPgRjPjCMdyALRoTwOjEnZ4JIxMKLWhjA/9ZCAjJ8XX8\nAWfGPEPZ17qD9vlyIwllHbt8qJQRgduNRSHxC2PjF/kwdjRyBDYApE59H7HQFcui\nCMFP5iGz+8SHfXjzSOm3efDTN6wrmDWPqmXgPWXdG07Cd6rFXGEq0iFfYdS5C2/D\nvZxbeenaGsdpUiiSM4FCeHg/As3eLYTSwWSJMDdrH3kPjjgqYlwVegxTw8xoqXxa\n8t6pRBTXxvKU7+UmqQBNDYUfbVVFQc8FuG2i3OmxPbmbx1+D1bKM+CT2iuWPJKJA\n6xReXiMs8SmQsr233JZUaDzIuXXzEx2WQ/oTJZCD1n+AqMFbp1S+z8+WSksCAwEA\nAQKCAgAKnf8jH64yQuDpK7smA5JI6Ecg35h0umKSyUeXfY3QTSyq9Ek8yEa16EaD\nqivR5wvSvQu43rIymSG7bIWOQH+4EVvLZ/20YjvF63pMIFL3MWwEXDSPTuMHITl9\nPWbZfBuiUv8HZs85kSG07J8HsY2Q3+btf4qKW+xLzsQucYSSX1ZzRJ4cw03AgJv+\n8xceCtu3IE1bRYHt+JdjHLGSOuYm/VXhrSvT0t1eOwakrKnOwRDDdvgRsC6fNO1S\n+zaNZ7O0RDGCBsk9fLADJCg3Zz5lazhtUew3ae9263s4B5ZuF3QMGIAPKpSxSUf9\njG7dTiCXNnR+b7G4eM89eLPWuf3MNdgH9GqPEP8IlAxmpTfWpUoX6kTm/sGiupr4\nf/H++8bxA3f5rBDFWiW58d6B1zybIEfDc6mIu+/T52HLI0lzf/as7BTPjp4nX0h0\nnV/awMRLkVELEnCdZ+F17UvX5g2hF9R5zf+hCG2oLnIcA+HIEo7hDEx4/u0QQNR2\n8HVWXpeE8Dn/vYzNtE1VgbzKPwJrkNTlakVA4gRkmil+pL2PAS9OBkSyXpDCPLf7\njy7B3AeOhp0Dta5+0opu6b3sPtDrfShMm7/WSZJ+nUpnPovCh6NLCLCyn0R4F5Wb\nPCe9zzodj5Aldh7UPjRzjNjb5TG7YxVtu0uG+LLZ2ED1mVdgCQKCAQEA/FKbMsvK\nylpegeZY2hajXceEZHEAGbuKBawegFdPtCuMyXpwxCXpq+1ofZFBRJ2PSSfntBUG\nOEQWrANt9ViVx6S3Jyjx/USyWMDtVfnMlG4oXIXbofkyczlpKjW7YMSJ/jzf1Wu5\nT6PAbDspmDAS7jDpz54Z81S1E6PPtoZyH7fCEM2dwDuKn5hFOdf2bWLywNaQiam6\nlTPSBFwbiW0ITFuHeyJsElBuxyKdq6Eefl+nAZ60BigHvf0ueE5Ui6qoPzgEgftb\nBoucEDoHfE/ZNqcFAkezOJXePapXNyLgnDFkSCKLgxm+dCQlXQ+HsnHXRHfFIj7P\n9qNHRL3y3zHEVQKCAQEA+9uyjhS//CR59I3GfPvl+wn84Zxs1Q/y+W8bUviZ9QC8\n77q2038qxp2PfqO5i3P3IyTKlHmQLorqx6o8jSW+2UHY9N5Q/uMb6GIIVAZTxRkN\naFTtifihWks/sFDIZYFWqYPFP6tnfsdRmqzDHSi8jsRyElqs8IhxMAQVGLckuMQz\nik8L5Vrw6Qp38xeno4VaqoFbOguT9FBJDdQllz/k/N9EBM7j1xzBcPD1HLqMvYDo\nCpiVWGf2KgbS70DvdbpBcfWLxpwgmNRoDLj/u6XGGuA1LjMvRtCA/NO4MwCATTAu\niiJs0iI06Frep70CarwyAFnOoHP2i4kbjg7CPjV0HwKCAQAa6IBOiXcl3z9G4RbG\nozVm0dknkPluxRYyBqn2C9mfICnSbrFJ6bUitZ24Dl6Ef70BEzVdegSAyZoVXARE\n7t6CPOmfTnmIBeRzHJfy3EHZ7ml1fHzwqA+eRBgX/UTvS+Zfa4R/UQ6hFJh3slN8\nPFw4dJTqpDSmQ3lQD98d2vaetU0H17WkA3WEEYwIYCSSg8PZlsgxNh2EvdL+zgfN\nvwfshLJNCl22EkfOCr3/yJ3k4jSAMrmGEozI0RA8mjXf8yIgI8wvRGvvpcHN5TJZ\nKnbCokshdB4Dwc/CicDlS13iqk3Ed5KjN4KdBiHJ69cPy54mWhN21HX/GmiGRy94\nZ+lFAoIBAQDz9vW4MZti6AaGgQsDKJK3IQ6nkHnPzXpEan7iWVPxAv0BjzDoICfU\nau2D856Y2gVMMqhVOIgUvZX9QQcUhrqfAuzhDbURofb3nHaKxfJBWyokpRfP7VqG\n95tC9I2Z3baPz8ezDBrdsL94f98kkMBN3zbMVq9s9A4IP/wbi9RzcgKm+DkCu5vf\ncbeNb52AhX206kbvLCXupBKP5a9gGpF67d6adbo4Nm+fMpmMcZxBOOwMz47jKxlF\nzoRnI9SRipE4jW0PP09IG4CKym1WXJdQk1yQWx5xjylTPtcP+G1P19tNDVmyF1Z+\nuP8zJqB/ubsJofTIcmwg7/gUHHHGBstrAoIBAQDwIIsQp1dzQK7KiQHL0eVC+rI4\nTeIDdqSSDwfJLvaF3iAGEjA4GLQ6ObH5M4+q2rJCAVwXnAyOUyw8kF55J4xC9UcH\npM3m0yW1YkO64kOizSsMXfsrybTtyXZPFwBpZ3czlxTg222gRgApailb2MtIhVG/\niYhbGSJ5Ij46/8+CnnRpf+R0Ad32fyhPIgI5KNv08teJrY8CPAX9D9/Vq/4Mnx4L\nMQXwNYQh0jz6QYConX61d5jHKOhOUmmWN6nOIVxfJP8y8eM1Wq0XgaVQSHL7b5J6\nLNhuqXfgzZJp1APBLi8VyV9kY/yH5BsOp8IlNvTw5ZhBZdkEdScDaasWfxRX\n-----END RSA PRIVATE KEY-----\n",
            "public_key_fingerprint_md5": "2f:64:eb:70:c6:0f:b7:ea:76:96:05:05:ae:93:52:4b",
            "public_key_openssh": "ssh-rsa AAAAB3NzaC1yc2EAAAADAQABAAACAQD4PYjTDHNBCMiRF4BL3shsXp80CIYaYUt0buj2spRO0TxhoNnUe27NCUNOJn6XUqEWdJR+/OajDi+5stLcqPWMeUZNnI0MgbQ1olCEfH3+Bq+zTXDugVrgJgzUJrt92Y+FIF0C0QWbBVJ6DDvxEzQBmGm0yUvi/8ktTkT5Ti40DNyHFZa6/fJIXe744lLZXWjBQeS+mEREi61o8kV+5rx/FehYr9uO/uvqe2BTmHmZbIxVGIZ/tAqJ3kGRLG963PBhKqF+J5IQEU6ev42dIYADzQX8YPNtVjSAf1PjZVPnVH5cS0VKIK76Pmd2T9xba9og+X0c+BGM+MIx3IAtGhPA6MSdngkjEwotaGMD/1kICMnxdfwBZ8Y8Q9nXuoP2+XIjCWUdu3yolBGB241FIfELY+MX+TB2NHIENgCkTn0fsdAVy6IIwU/mIbP7xId9ePNI6bd58NM3rCuYNY+qZeA9Zd0bTsJ3qsVcYSrSIV9h1LkLb8O9nFt56doax2lSKJIzgUJ4eD8Czd4thNLBZIkwN2sfeQ+OOCpiXBV6DFPDzGipfFry3qlEFNfG8pTv5SapAE0NhR9tVUVBzwW4baLc6bE9uZvHX4PVsoz4JPaK5Y8kokDrFF5eIyzxKZCyvbfcllRoPMi5dfMTHZZD+hMlkIPWf4CowVunVL7Pz5ZKSw==\n",
            "public_key_pem": "-----BEGIN PUBLIC KEY-----\nMIICIjANBgkqhkiG9w0BAQEFAAOCAg8AMIICCgKCAgEA+D2I0wxzQQjIkReAS97I\nbF6fNAiGGmFLdG7o9rKUTtE8YaDZ1HtuzQlDTiZ+l1KhFnSUfvzmow4vubLS3Kj1\njHlGTZyNDIG0NaJQhHx9/gavs01w7oFa4CYM1Ca7fdmPhSBdAtEFmwVSegw78RM0\nAZhptMlL4v/JLU5E+U4uNAzchxWWuv3ySF3u+OJS2V1owUHkvphERIutaPJFfua8\nfxXoWK/bjv7r6ntgU5h5mWyMVRiGf7QKid5BkSxvetzwYSqhfieSEBFOnr+NnSGA\nA80F/GDzbVY0gH9T42VT51R+XEtFSiCu+j5ndk/cW2vaIPl9HPgRjPjCMdyALRoT\nwOjEnZ4JIxMKLWhjA/9ZCAjJ8XX8AWfGPEPZ17qD9vlyIwllHbt8qJQRgduNRSHx\nC2PjF/kwdjRyBDYApE59H7HQFcuiCMFP5iGz+8SHfXjzSOm3efDTN6wrmDWPqmXg\nPWXdG07Cd6rFXGEq0iFfYdS5C2/DvZxbeenaGsdpUiiSM4FCeHg/As3eLYTSwWSJ\nMDdrH3kPjjgqYlwVegxTw8xoqXxa8t6pRBTXxvKU7+UmqQBNDYUfbVVFQc8FuG2i\n3OmxPbmbx1+D1bKM+CT2iuWPJKJA6xReXiMs8SmQsr233JZUaDzIuXXzEx2WQ/oT\nJZCD1n+AqMFbp1S+z8+WSksCAwEAAQ==\n-----END PUBLIC KEY-----\n",
            "rsa_bits": 4096
          },
          "sensitive_attributes": [],
          "private": "bnVsbA=="
        }
      ]
    },
    {
      "module": "module.ec2",
      "mode": "managed",
      "type": "aws_instance",
      "name": "this",
      "provider": "provider[\"registry.terraform.io/hashicorp/aws\"]",
      "instances": [
        {
          "index_key": 0,
          "schema_version": 1,
          "attributes": {
            "ami": "ami-0e0788b95140ed566",
            "arn": "arn:aws:ec2:ap-southeast-1:324715918036:instance/i-079e5369427e6898b",
            "associate_public_ip_address": false,
            "availability_zone": "ap-southeast-1a",
            "cpu_core_count": 1,
            "cpu_threads_per_core": 1,
            "credit_specification": [
              {
                "cpu_credits": "standard"
              }
            ],
            "disable_api_termination": false,
            "ebs_block_device": [],
            "ebs_optimized": false,
            "enclave_options": [
              {
                "enabled": false
              }
            ],
            "ephemeral_block_device": [],
            "get_password_data": false,
            "hibernation": false,
            "host_id": null,
            "iam_instance_profile": "",
            "id": "i-079e5369427e6898b",
            "instance_initiated_shutdown_behavior": "stop",
            "instance_state": "running",
            "instance_type": "t2.micro",
            "ipv6_address_count": 0,
            "ipv6_addresses": [],
            "key_name": "ec2_key",
            "metadata_options": [
              {
                "http_endpoint": "enabled",
                "http_put_response_hop_limit": 1,
                "http_tokens": "optional"
              }
            ],
            "monitoring": false,
            "network_interface": [],
            "outpost_arn": "",
            "password_data": "",
            "placement_group": "",
            "primary_network_interface_id": "eni-0fe787b71b440e716",
            "private_dns": "ip-10-0-1-248.ap-southeast-1.compute.internal",
            "private_ip": "10.0.1.248",
            "public_dns": "",
            "public_ip": "",
            "root_block_device": [
              {
                "delete_on_termination": true,
                "device_name": "/dev/sda1",
                "encrypted": false,
                "iops": 100,
                "kms_key_id": "",
                "tags": {},
                "throughput": 0,
                "volume_id": "vol-0d09f20438dce1574",
                "volume_size": 8,
                "volume_type": "gp2"
              }
            ],
            "secondary_private_ips": [],
            "security_groups": [],
            "source_dest_check": true,
            "subnet_id": "subnet-0e10ecdb7f32ed140",
            "tags": {
              "Name": "demo_ec2",
              "project": "terra_demo"
            },
            "tags_all": {
              "Name": "demo_ec2",
              "project": "terra_demo"
            },
            "tenancy": "default",
            "timeouts": null,
            "user_data": "a47c64b95e90e554beeea3b4f07007225c0809cd",
            "user_data_base64": null,
            "volume_tags": {
              "Name": "demo_ec2"
            },
            "vpc_security_group_ids": [
              "sg-0bd1c3d8dece5b360"
            ]
          },
          "sensitive_attributes": [],
          "private": "eyJlMmJmYjczMC1lY2FhLTExZTYtOGY4OC0zNDM2M2JjN2M0YzAiOnsiY3JlYXRlIjo2MDAwMDAwMDAwMDAsImRlbGV0ZSI6MTIwMDAwMDAwMDAwMCwidXBkYXRlIjo2MDAwMDAwMDAwMDB9LCJzY2hlbWFfdmVyc2lvbiI6IjEifQ==",
          "dependencies": [
            "data.aws_ami.ubuntu",
            "data.cloudinit_config.initdocker",
            "module.key_pair.aws_key_pair.this",
            "module.security_group.aws_security_group.this",
            "module.security_group.aws_security_group.this_name_prefix",
            "module.vpc.aws_cloudwatch_log_group.flow_log",
            "module.vpc.aws_customer_gateway.this",
            "module.vpc.aws_db_subnet_group.database",
            "module.vpc.aws_default_network_acl.this",
            "module.vpc.aws_default_route_table.default",
            "module.vpc.aws_default_security_group.this",
            "module.vpc.aws_default_vpc.this",
            "module.vpc.aws_egress_only_internet_gateway.this",
            "module.vpc.aws_eip.nat",
            "module.vpc.aws_elasticache_subnet_group.elasticache",
            "module.vpc.aws_flow_log.this",
            "module.vpc.aws_iam_policy.vpc_flow_log_cloudwatch",
            "module.vpc.aws_iam_role.vpc_flow_log_cloudwatch",
            "module.vpc.aws_iam_role_policy_attachment.vpc_flow_log_cloudwatch",
            "module.vpc.aws_internet_gateway.this",
            "module.vpc.aws_nat_gateway.this",
            "module.vpc.aws_network_acl.database",
            "module.vpc.aws_network_acl.elasticache",
            "module.vpc.aws_network_acl.intra",
            "module.vpc.aws_network_acl.outpost",
            "module.vpc.aws_network_acl.private",
            "module.vpc.aws_network_acl.public",
            "module.vpc.aws_network_acl.redshift",
            "module.vpc.aws_network_acl_rule.database_inbound",
            "module.vpc.aws_network_acl_rule.database_outbound",
            "module.vpc.aws_network_acl_rule.elasticache_inbound",
            "module.vpc.aws_network_acl_rule.elasticache_outbound",
            "module.vpc.aws_network_acl_rule.intra_inbound",
            "module.vpc.aws_network_acl_rule.intra_outbound",
            "module.vpc.aws_network_acl_rule.outpost_inbound",
            "module.vpc.aws_network_acl_rule.outpost_outbound",
            "module.vpc.aws_network_acl_rule.private_inbound",
            "module.vpc.aws_network_acl_rule.private_outbound",
            "module.vpc.aws_network_acl_rule.public_inbound",
            "module.vpc.aws_network_acl_rule.public_outbound",
            "module.vpc.aws_network_acl_rule.redshift_inbound",
            "module.vpc.aws_network_acl_rule.redshift_outbound",
            "module.vpc.aws_redshift_subnet_group.redshift",
            "module.vpc.aws_route.database_internet_gateway",
            "module.vpc.aws_route.database_ipv6_egress",
            "module.vpc.aws_route.database_nat_gateway",
            "module.vpc.aws_route.private_ipv6_egress",
            "module.vpc.aws_route.private_nat_gateway",
            "module.vpc.aws_route.public_internet_gateway",
            "module.vpc.aws_route.public_internet_gateway_ipv6",
            "module.vpc.aws_route_table.database",
            "module.vpc.aws_route_table.elasticache",
            "module.vpc.aws_route_table.intra",
            "module.vpc.aws_route_table.private",
            "module.vpc.aws_route_table.public",
            "module.vpc.aws_route_table.redshift",
            "module.vpc.aws_route_table_association.database",
            "module.vpc.aws_route_table_association.elasticache",
            "module.vpc.aws_route_table_association.intra",
            "module.vpc.aws_route_table_association.outpost",
            "module.vpc.aws_route_table_association.private",
            "module.vpc.aws_route_table_association.public",
            "module.vpc.aws_route_table_association.redshift",
            "module.vpc.aws_route_table_association.redshift_public",
            "module.vpc.aws_subnet.database",
            "module.vpc.aws_subnet.elasticache",
            "module.vpc.aws_subnet.intra",
            "module.vpc.aws_subnet.outpost",
            "module.vpc.aws_subnet.private",
            "module.vpc.aws_subnet.public",
            "module.vpc.aws_subnet.redshift",
            "module.vpc.aws_vpc.this",
            "module.vpc.aws_vpc_dhcp_options.this",
            "module.vpc.aws_vpc_dhcp_options_association.this",
            "module.vpc.aws_vpc_ipv4_cidr_block_association.this",
            "module.vpc.aws_vpn_gateway.this",
            "module.vpc.aws_vpn_gateway_attachment.this",
            "module.vpc.aws_vpn_gateway_route_propagation.intra",
            "module.vpc.aws_vpn_gateway_route_propagation.private",
            "module.vpc.aws_vpn_gateway_route_propagation.public",
            "module.vpc.data.aws_iam_policy_document.flow_log_cloudwatch_assume_role",
            "module.vpc.data.aws_iam_policy_document.vpc_flow_log_cloudwatch",
            "tls_private_key.ec2_key"
          ]
        }
      ]
    },
    {
      "module": "module.key_pair",
      "mode": "managed",
      "type": "aws_key_pair",
      "name": "this",
      "provider": "provider[\"registry.terraform.io/hashicorp/aws\"]",
      "instances": [
        {
          "index_key": 0,
          "schema_version": 1,
          "attributes": {
            "arn": "arn:aws:ec2:ap-southeast-1:324715918036:key-pair/ec2_key",
            "fingerprint": "a2:a4:e9:40:84:84:61:ac:2e:b8:1d:62:9e:f1:81:41",
            "id": "ec2_key",
            "key_name": "ec2_key",
            "key_name_prefix": null,
            "key_pair_id": "key-05f9d86ddfbd45972",
            "public_key": "ssh-rsa AAAAB3NzaC1yc2EAAAADAQABAAACAQD4PYjTDHNBCMiRF4BL3shsXp80CIYaYUt0buj2spRO0TxhoNnUe27NCUNOJn6XUqEWdJR+/OajDi+5stLcqPWMeUZNnI0MgbQ1olCEfH3+Bq+zTXDugVrgJgzUJrt92Y+FIF0C0QWbBVJ6DDvxEzQBmGm0yUvi/8ktTkT5Ti40DNyHFZa6/fJIXe744lLZXWjBQeS+mEREi61o8kV+5rx/FehYr9uO/uvqe2BTmHmZbIxVGIZ/tAqJ3kGRLG963PBhKqF+J5IQEU6ev42dIYADzQX8YPNtVjSAf1PjZVPnVH5cS0VKIK76Pmd2T9xba9og+X0c+BGM+MIx3IAtGhPA6MSdngkjEwotaGMD/1kICMnxdfwBZ8Y8Q9nXuoP2+XIjCWUdu3yolBGB241FIfELY+MX+TB2NHIENgCkTn0fsdAVy6IIwU/mIbP7xId9ePNI6bd58NM3rCuYNY+qZeA9Zd0bTsJ3qsVcYSrSIV9h1LkLb8O9nFt56doax2lSKJIzgUJ4eD8Czd4thNLBZIkwN2sfeQ+OOCpiXBV6DFPDzGipfFry3qlEFNfG8pTv5SapAE0NhR9tVUVBzwW4baLc6bE9uZvHX4PVsoz4JPaK5Y8kokDrFF5eIyzxKZCyvbfcllRoPMi5dfMTHZZD+hMlkIPWf4CowVunVL7Pz5ZKSw==",
            "tags": null,
            "tags_all": {}
          },
          "sensitive_attributes": [],
          "private": "eyJzY2hlbWFfdmVyc2lvbiI6IjEifQ==",
          "dependencies": [
            "tls_private_key.ec2_key"
          ]
        }
      ]
    },
    {
      "module": "module.nlb",
      "mode": "managed",
      "type": "aws_lb",
      "name": "this",
      "provider": "provider[\"registry.terraform.io/hashicorp/aws\"]",
      "instances": [
        {
          "index_key": 0,
          "schema_version": 0,
          "attributes": {
            "access_logs": [
              {
                "bucket": "",
                "enabled": false,
                "prefix": ""
              }
            ],
            "arn": "arn:aws:elasticloadbalancing:ap-southeast-1:324715918036:loadbalancer/net/demo-lb/ce1b33b74c718fb3",
            "arn_suffix": "net/demo-lb/ce1b33b74c718fb3",
            "customer_owned_ipv4_pool": "",
            "dns_name": "demo-lb-ce1b33b74c718fb3.elb.ap-southeast-1.amazonaws.com",
            "drop_invalid_header_fields": null,
            "enable_cross_zone_load_balancing": false,
            "enable_deletion_protection": false,
            "enable_http2": null,
            "id": "arn:aws:elasticloadbalancing:ap-southeast-1:324715918036:loadbalancer/net/demo-lb/ce1b33b74c718fb3",
            "idle_timeout": null,
            "internal": false,
            "ip_address_type": "ipv4",
            "load_balancer_type": "network",
            "name": "demo-lb",
            "name_prefix": null,
            "security_groups": [],
            "subnet_mapping": [
              {
                "allocation_id": "",
                "ipv6_address": "",
                "outpost_id": "",
                "private_ipv4_address": "",
                "subnet_id": "subnet-005cddbfb42a4485a"
              },
              {
                "allocation_id": "",
                "ipv6_address": "",
                "outpost_id": "",
                "private_ipv4_address": "",
                "subnet_id": "subnet-023895cbb83d6acc4"
              },
              {
                "allocation_id": "",
                "ipv6_address": "",
                "outpost_id": "",
                "private_ipv4_address": "",
                "subnet_id": "subnet-0a216b96ab22dd224"
              }
            ],
            "subnets": [
              "subnet-005cddbfb42a4485a",
              "subnet-023895cbb83d6acc4",
              "subnet-0a216b96ab22dd224"
            ],
            "tags": {
              "Name": "demo-lb",
              "project": "terra_demo"
            },
            "tags_all": {
              "Name": "demo-lb",
              "project": "terra_demo"
            },
            "timeouts": {
              "create": "10m",
              "delete": "10m",
              "update": "10m"
            },
            "vpc_id": "vpc-09dfca211c5fd29c4",
            "zone_id": "ZKVM4W9LS7TM"
          },
          "sensitive_attributes": [],
          "private": "eyJlMmJmYjczMC1lY2FhLTExZTYtOGY4OC0zNDM2M2JjN2M0YzAiOnsiY3JlYXRlIjo2MDAwMDAwMDAwMDAsImRlbGV0ZSI6NjAwMDAwMDAwMDAwLCJ1cGRhdGUiOjYwMDAwMDAwMDAwMH19",
          "dependencies": [
            "module.vpc.aws_subnet.public",
            "module.vpc.aws_vpc.this",
            "module.vpc.aws_vpc_ipv4_cidr_block_association.this"
          ],
          "create_before_destroy": true
        }
      ]
    },
    {
      "module": "module.nlb",
      "mode": "managed",
      "type": "aws_lb_listener",
      "name": "frontend_http_tcp",
      "provider": "provider[\"registry.terraform.io/hashicorp/aws\"]",
      "instances": [
        {
          "index_key": 0,
          "schema_version": 0,
          "attributes": {
            "alpn_policy": null,
            "arn": "arn:aws:elasticloadbalancing:ap-southeast-1:324715918036:listener/net/demo-lb/ce1b33b74c718fb3/8e30c0e3737bbad7",
            "certificate_arn": null,
            "default_action": [
              {
                "authenticate_cognito": [],
                "authenticate_oidc": [],
                "fixed_response": [],
                "forward": [],
                "order": 1,
                "redirect": [],
                "target_group_arn": "arn:aws:elasticloadbalancing:ap-southeast-1:324715918036:targetgroup/http20210508173451310800000003/e74e7ced7659ceb3",
                "type": "forward"
              }
            ],
            "id": "arn:aws:elasticloadbalancing:ap-southeast-1:324715918036:listener/net/demo-lb/ce1b33b74c718fb3/8e30c0e3737bbad7",
            "load_balancer_arn": "arn:aws:elasticloadbalancing:ap-southeast-1:324715918036:loadbalancer/net/demo-lb/ce1b33b74c718fb3",
            "port": 80,
            "protocol": "TCP",
            "ssl_policy": "",
            "timeouts": null
          },
          "sensitive_attributes": [],
          "private": "eyJlMmJmYjczMC1lY2FhLTExZTYtOGY4OC0zNDM2M2JjN2M0YzAiOnsicmVhZCI6NjAwMDAwMDAwMDAwfX0=",
          "dependencies": [
            "module.nlb.aws_lb.this",
            "module.nlb.aws_lb_target_group.main",
            "module.vpc.aws_subnet.public",
            "module.vpc.aws_vpc.this",
            "module.vpc.aws_vpc_ipv4_cidr_block_association.this"
          ]
        },
        {
          "index_key": 1,
          "schema_version": 0,
          "attributes": {
            "alpn_policy": null,
            "arn": "arn:aws:elasticloadbalancing:ap-southeast-1:324715918036:listener/net/demo-lb/ce1b33b74c718fb3/b9cc322ff2ecc403",
            "certificate_arn": null,
            "default_action": [
              {
                "authenticate_cognito": [],
                "authenticate_oidc": [],
                "fixed_response": [],
                "forward": [],
                "order": 1,
                "redirect": [],
                "target_group_arn": "arn:aws:elasticloadbalancing:ap-southeast-1:324715918036:targetgroup/ssh20210508173451310600000002/6696d8202cda0f90",
                "type": "forward"
              }
            ],
            "id": "arn:aws:elasticloadbalancing:ap-southeast-1:324715918036:listener/net/demo-lb/ce1b33b74c718fb3/b9cc322ff2ecc403",
            "load_balancer_arn": "arn:aws:elasticloadbalancing:ap-southeast-1:324715918036:loadbalancer/net/demo-lb/ce1b33b74c718fb3",
            "port": 22,
            "protocol": "TCP",
            "ssl_policy": "",
            "timeouts": null
          },
          "sensitive_attributes": [],
          "private": "eyJlMmJmYjczMC1lY2FhLTExZTYtOGY4OC0zNDM2M2JjN2M0YzAiOnsicmVhZCI6NjAwMDAwMDAwMDAwfX0=",
          "dependencies": [
            "module.nlb.aws_lb.this",
            "module.nlb.aws_lb_target_group.main",
            "module.vpc.aws_subnet.public",
            "module.vpc.aws_vpc.this",
            "module.vpc.aws_vpc_ipv4_cidr_block_association.this"
          ]
        }
      ]
    },
    {
      "module": "module.nlb",
      "mode": "managed",
      "type": "aws_lb_target_group",
      "name": "main",
      "provider": "provider[\"registry.terraform.io/hashicorp/aws\"]",
      "instances": [
        {
          "index_key": 0,
          "schema_version": 0,
          "attributes": {
            "arn": "arn:aws:elasticloadbalancing:ap-southeast-1:324715918036:targetgroup/http20210508173451310800000003/e74e7ced7659ceb3",
            "arn_suffix": "targetgroup/http20210508173451310800000003/e74e7ced7659ceb3",
            "deregistration_delay": 300,
            "health_check": [
              {
                "enabled": true,
                "healthy_threshold": 3,
                "interval": 30,
                "matcher": "",
                "path": "",
                "port": "traffic-port",
                "protocol": "TCP",
                "timeout": 10,
                "unhealthy_threshold": 3
              }
            ],
            "id": "arn:aws:elasticloadbalancing:ap-southeast-1:324715918036:targetgroup/http20210508173451310800000003/e74e7ced7659ceb3",
            "lambda_multi_value_headers_enabled": false,
            "load_balancing_algorithm_type": null,
            "name": "http20210508173451310800000003",
            "name_prefix": "http",
            "port": 80,
            "preserve_client_ip": "true",
            "protocol": "TCP",
            "protocol_version": null,
            "proxy_protocol_v2": false,
            "slow_start": 0,
            "stickiness": [
              {
                "cookie_duration": 0,
                "enabled": false,
                "type": "source_ip"
              }
            ],
            "tags": {
              "Name": "http",
              "project": "terra_demo"
            },
            "tags_all": {
              "Name": "http",
              "project": "terra_demo"
            },
            "target_type": "instance",
            "vpc_id": "vpc-09dfca211c5fd29c4"
          },
          "sensitive_attributes": [],
          "private": "bnVsbA==",
          "dependencies": [
            "module.nlb.aws_lb.this",
            "module.vpc.aws_subnet.public",
            "module.vpc.aws_vpc.this",
            "module.vpc.aws_vpc_ipv4_cidr_block_association.this"
          ],
          "create_before_destroy": true
        },
        {
          "index_key": 1,
          "schema_version": 0,
          "attributes": {
            "arn": "arn:aws:elasticloadbalancing:ap-southeast-1:324715918036:targetgroup/ssh20210508173451310600000002/6696d8202cda0f90",
            "arn_suffix": "targetgroup/ssh20210508173451310600000002/6696d8202cda0f90",
            "deregistration_delay": 300,
            "health_check": [
              {
                "enabled": true,
                "healthy_threshold": 3,
                "interval": 30,
                "matcher": "",
                "path": "",
                "port": "traffic-port",
                "protocol": "TCP",
                "timeout": 10,
                "unhealthy_threshold": 3
              }
            ],
            "id": "arn:aws:elasticloadbalancing:ap-southeast-1:324715918036:targetgroup/ssh20210508173451310600000002/6696d8202cda0f90",
            "lambda_multi_value_headers_enabled": false,
            "load_balancing_algorithm_type": null,
            "name": "ssh20210508173451310600000002",
            "name_prefix": "ssh",
            "port": 22,
            "preserve_client_ip": "true",
            "protocol": "TCP",
            "protocol_version": null,
            "proxy_protocol_v2": false,
            "slow_start": 0,
            "stickiness": [
              {
                "cookie_duration": 0,
                "enabled": false,
                "type": "source_ip"
              }
            ],
            "tags": {
              "Name": "ssh",
              "project": "terra_demo"
            },
            "tags_all": {
              "Name": "ssh",
              "project": "terra_demo"
            },
            "target_type": "instance",
            "vpc_id": "vpc-09dfca211c5fd29c4"
          },
          "sensitive_attributes": [],
          "private": "bnVsbA==",
          "dependencies": [
            "module.nlb.aws_lb.this",
            "module.vpc.aws_subnet.public",
            "module.vpc.aws_vpc.this",
            "module.vpc.aws_vpc_ipv4_cidr_block_association.this"
          ],
          "create_before_destroy": true
        }
      ]
    },
    {
      "module": "module.security_group",
      "mode": "managed",
      "type": "aws_security_group",
      "name": "this_name_prefix",
      "provider": "provider[\"registry.terraform.io/hashicorp/aws\"]",
      "instances": [
        {
          "index_key": 0,
          "schema_version": 1,
          "attributes": {
            "arn": "arn:aws:ec2:ap-southeast-1:324715918036:security-group/sg-0bd1c3d8dece5b360",
            "description": "Security group for example usage with EC2 instance",
            "egress": [],
            "id": "sg-0bd1c3d8dece5b360",
            "ingress": [],
            "name": "Private_SG-20210508173147435300000001",
            "name_prefix": "Private_SG-",
            "owner_id": "324715918036",
            "revoke_rules_on_delete": false,
            "tags": {
              "Name": "SG",
              "project": "terra_demo"
            },
            "tags_all": {
              "Name": "SG",
              "project": "terra_demo"
            },
            "timeouts": null,
            "vpc_id": "vpc-09dfca211c5fd29c4"
          },
          "sensitive_attributes": [],
          "private": "eyJlMmJmYjczMC1lY2FhLTExZTYtOGY4OC0zNDM2M2JjN2M0YzAiOnsiY3JlYXRlIjo2MDAwMDAwMDAwMDAsImRlbGV0ZSI6OTAwMDAwMDAwMDAwfSwic2NoZW1hX3ZlcnNpb24iOiIxIn0=",
          "dependencies": [
            "module.vpc.aws_vpc.this"
          ],
          "create_before_destroy": true
        }
      ]
    },
    {
      "module": "module.security_group",
      "mode": "managed",
      "type": "aws_security_group_rule",
      "name": "egress_rules",
      "provider": "provider[\"registry.terraform.io/hashicorp/aws\"]",
      "instances": [
        {
          "index_key": 0,
          "schema_version": 2,
          "attributes": {
            "cidr_blocks": [
              "0.0.0.0/0"
            ],
            "description": "All protocols",
            "from_port": -1,
            "id": "sgrule-1859409976",
            "ipv6_cidr_blocks": [
              "::/0"
            ],
            "prefix_list_ids": [],
            "protocol": "-1",
            "security_group_id": "sg-0bd1c3d8dece5b360",
            "self": false,
            "source_security_group_id": null,
            "to_port": -1,
            "type": "egress"
          },
          "sensitive_attributes": [],
          "private": "eyJzY2hlbWFfdmVyc2lvbiI6IjIifQ==",
          "dependencies": [
            "module.security_group.aws_security_group.this",
            "module.security_group.aws_security_group.this_name_prefix",
            "module.vpc.aws_vpc.this"
          ]
        }
      ]
    },
    {
      "module": "module.security_group",
      "mode": "managed",
      "type": "aws_security_group_rule",
      "name": "ingress_with_cidr_blocks",
      "provider": "provider[\"registry.terraform.io/hashicorp/aws\"]",
      "instances": [
        {
          "index_key": 0,
          "schema_version": 2,
          "attributes": {
            "cidr_blocks": [
              "0.0.0.0/0"
            ],
            "description": "Ingress Rule",
            "from_port": 22,
            "id": "sgrule-320055053",
            "ipv6_cidr_blocks": null,
            "prefix_list_ids": [],
            "protocol": "tcp",
            "security_group_id": "sg-0bd1c3d8dece5b360",
            "self": false,
            "source_security_group_id": null,
            "to_port": 22,
            "type": "ingress"
          },
          "sensitive_attributes": [],
          "private": "eyJzY2hlbWFfdmVyc2lvbiI6IjIifQ==",
          "dependencies": [
            "module.security_group.aws_security_group.this",
            "module.security_group.aws_security_group.this_name_prefix",
            "module.vpc.aws_vpc.this"
          ]
        },
        {
          "index_key": 1,
          "schema_version": 2,
          "attributes": {
            "cidr_blocks": [
              "118.189.0.0/16",
              "116.206.0.0/16",
              "223.25.0.0/16"
            ],
            "description": "Ingress Rule",
            "from_port": 80,
            "id": "sgrule-2492705512",
            "ipv6_cidr_blocks": null,
            "prefix_list_ids": [],
            "protocol": "tcp",
            "security_group_id": "sg-0bd1c3d8dece5b360",
            "self": false,
            "source_security_group_id": null,
            "to_port": 80,
            "type": "ingress"
          },
          "sensitive_attributes": [],
          "private": "eyJzY2hlbWFfdmVyc2lvbiI6IjIifQ==",
          "dependencies": [
            "module.security_group.aws_security_group.this",
            "module.security_group.aws_security_group.this_name_prefix",
            "module.vpc.aws_vpc.this"
          ]
        }
      ]
    },
    {
      "module": "module.vpc",
      "mode": "managed",
      "type": "aws_eip",
      "name": "nat",
      "provider": "provider[\"registry.terraform.io/hashicorp/aws\"]",
      "instances": [
        {
          "index_key": 0,
          "schema_version": 0,
          "attributes": {
            "address": null,
            "allocation_id": null,
            "associate_with_private_ip": null,
            "association_id": "",
            "carrier_ip": "",
            "customer_owned_ip": "",
            "customer_owned_ipv4_pool": "",
            "domain": "vpc",
            "id": "eipalloc-08e7f96f27d623713",
            "instance": "",
            "network_border_group": "ap-southeast-1",
            "network_interface": "",
            "private_dns": null,
            "private_ip": "",
            "public_dns": "ec2-18-139-66-218.ap-southeast-1.compute.amazonaws.com",
            "public_ip": "18.139.66.218",
            "public_ipv4_pool": "amazon",
            "tags": {
              "Name": "demo",
              "project": "terra_demo"
            },
            "tags_all": {
              "Name": "demo",
              "project": "terra_demo"
            },
            "timeouts": null,
            "vpc": true
          },
          "sensitive_attributes": [],
          "private": "eyJlMmJmYjczMC1lY2FhLTExZTYtOGY4OC0zNDM2M2JjN2M0YzAiOnsiZGVsZXRlIjoxODAwMDAwMDAwMDAsInJlYWQiOjkwMDAwMDAwMDAwMCwidXBkYXRlIjozMDAwMDAwMDAwMDB9fQ=="
        }
      ]
    },
    {
      "module": "module.vpc",
      "mode": "managed",
      "type": "aws_internet_gateway",
      "name": "this",
      "provider": "provider[\"registry.terraform.io/hashicorp/aws\"]",
      "instances": [
        {
          "index_key": 0,
          "schema_version": 0,
          "attributes": {
            "arn": "arn:aws:ec2:ap-southeast-1:324715918036:internet-gateway/igw-0e8b9dcbe0db3f558",
            "id": "igw-0e8b9dcbe0db3f558",
            "owner_id": "324715918036",
            "tags": {
              "Name": "demo",
              "project": "terra_demo"
            },
            "tags_all": {
              "Name": "demo",
              "project": "terra_demo"
            },
            "vpc_id": "vpc-09dfca211c5fd29c4"
          },
          "sensitive_attributes": [],
          "private": "bnVsbA==",
          "dependencies": [
            "module.vpc.aws_vpc.this",
            "module.vpc.aws_vpc_ipv4_cidr_block_association.this"
          ]
        }
      ]
    },
    {
      "module": "module.vpc",
      "mode": "managed",
      "type": "aws_nat_gateway",
      "name": "this",
      "provider": "provider[\"registry.terraform.io/hashicorp/aws\"]",
      "instances": [
        {
          "index_key": 0,
          "schema_version": 0,
          "attributes": {
            "allocation_id": "eipalloc-08e7f96f27d623713",
            "id": "nat-044eedb62a5cb7da0",
            "network_interface_id": "eni-0ce25ad9b7258792c",
            "private_ip": "10.0.4.189",
            "public_ip": "18.139.66.218",
            "subnet_id": "subnet-023895cbb83d6acc4",
            "tags": {
              "Name": "demo",
              "project": "terra_demo"
            },
            "tags_all": {
              "Name": "demo",
              "project": "terra_demo"
            }
          },
          "sensitive_attributes": [],
          "private": "bnVsbA==",
          "dependencies": [
            "module.vpc.aws_eip.nat",
            "module.vpc.aws_internet_gateway.this",
            "module.vpc.aws_subnet.public",
            "module.vpc.aws_vpc.this",
            "module.vpc.aws_vpc_ipv4_cidr_block_association.this"
          ]
        }
      ]
    },
    {
      "module": "module.vpc",
      "mode": "managed",
      "type": "aws_route",
      "name": "private_nat_gateway",
      "provider": "provider[\"registry.terraform.io/hashicorp/aws\"]",
      "instances": [
        {
          "index_key": 0,
          "schema_version": 0,
          "attributes": {
            "carrier_gateway_id": "",
            "destination_cidr_block": "0.0.0.0/0",
            "destination_ipv6_cidr_block": "",
            "destination_prefix_list_id": "",
            "egress_only_gateway_id": "",
            "gateway_id": "",
            "id": "r-rtb-0d165dcc05bfe3e3b1080289494",
            "instance_id": "",
            "instance_owner_id": "",
            "local_gateway_id": "",
            "nat_gateway_id": "nat-044eedb62a5cb7da0",
            "network_interface_id": "",
            "origin": "CreateRoute",
            "route_table_id": "rtb-0d165dcc05bfe3e3b",
            "state": "active",
            "timeouts": {
              "create": "5m",
              "delete": null
            },
            "transit_gateway_id": "",
            "vpc_endpoint_id": "",
            "vpc_peering_connection_id": ""
          },
          "sensitive_attributes": [],
          "private": "eyJlMmJmYjczMC1lY2FhLTExZTYtOGY4OC0zNDM2M2JjN2M0YzAiOnsiY3JlYXRlIjozMDAwMDAwMDAwMDAsImRlbGV0ZSI6MzAwMDAwMDAwMDAwfX0=",
          "dependencies": [
            "module.vpc.aws_eip.nat",
            "module.vpc.aws_internet_gateway.this",
            "module.vpc.aws_nat_gateway.this",
            "module.vpc.aws_route_table.private",
            "module.vpc.aws_subnet.public",
            "module.vpc.aws_vpc.this",
            "module.vpc.aws_vpc_ipv4_cidr_block_association.this"
          ]
        }
      ]
    },
    {
      "module": "module.vpc",
      "mode": "managed",
      "type": "aws_route",
      "name": "public_internet_gateway",
      "provider": "provider[\"registry.terraform.io/hashicorp/aws\"]",
      "instances": [
        {
          "index_key": 0,
          "schema_version": 0,
          "attributes": {
            "carrier_gateway_id": "",
            "destination_cidr_block": "0.0.0.0/0",
            "destination_ipv6_cidr_block": "",
            "destination_prefix_list_id": "",
            "egress_only_gateway_id": "",
            "gateway_id": "igw-0e8b9dcbe0db3f558",
            "id": "r-rtb-056315056c72edeea1080289494",
            "instance_id": "",
            "instance_owner_id": "",
            "local_gateway_id": "",
            "nat_gateway_id": "",
            "network_interface_id": "",
            "origin": "CreateRoute",
            "route_table_id": "rtb-056315056c72edeea",
            "state": "active",
            "timeouts": {
              "create": "5m",
              "delete": null
            },
            "transit_gateway_id": "",
            "vpc_endpoint_id": "",
            "vpc_peering_connection_id": ""
          },
          "sensitive_attributes": [],
          "private": "eyJlMmJmYjczMC1lY2FhLTExZTYtOGY4OC0zNDM2M2JjN2M0YzAiOnsiY3JlYXRlIjozMDAwMDAwMDAwMDAsImRlbGV0ZSI6MzAwMDAwMDAwMDAwfX0=",
          "dependencies": [
            "module.vpc.aws_internet_gateway.this",
            "module.vpc.aws_route_table.public",
            "module.vpc.aws_vpc.this",
            "module.vpc.aws_vpc_ipv4_cidr_block_association.this"
          ]
        }
      ]
    },
    {
      "module": "module.vpc",
      "mode": "managed",
      "type": "aws_route_table",
      "name": "private",
      "provider": "provider[\"registry.terraform.io/hashicorp/aws\"]",
      "instances": [
        {
          "index_key": 0,
          "schema_version": 0,
          "attributes": {
            "arn": "arn:aws:ec2:ap-southeast-1:324715918036:route-table/rtb-0d165dcc05bfe3e3b",
            "id": "rtb-0d165dcc05bfe3e3b",
            "owner_id": "324715918036",
            "propagating_vgws": [],
            "route": [],
            "tags": {
              "Name": "demo",
              "project": "terra_demo"
            },
            "tags_all": {
              "Name": "demo",
              "project": "terra_demo"
            },
            "vpc_id": "vpc-09dfca211c5fd29c4"
          },
          "sensitive_attributes": [],
          "private": "bnVsbA==",
          "dependencies": [
            "module.vpc.aws_vpc.this",
            "module.vpc.aws_vpc_ipv4_cidr_block_association.this"
          ]
        }
      ]
    },
    {
      "module": "module.vpc",
      "mode": "managed",
      "type": "aws_route_table",
      "name": "public",
      "provider": "provider[\"registry.terraform.io/hashicorp/aws\"]",
      "instances": [
        {
          "index_key": 0,
          "schema_version": 0,
          "attributes": {
            "arn": "arn:aws:ec2:ap-southeast-1:324715918036:route-table/rtb-056315056c72edeea",
            "id": "rtb-056315056c72edeea",
            "owner_id": "324715918036",
            "propagating_vgws": [],
            "route": [],
            "tags": {
              "Name": "demo",
              "project": "terra_demo"
            },
            "tags_all": {
              "Name": "demo",
              "project": "terra_demo"
            },
            "vpc_id": "vpc-09dfca211c5fd29c4"
          },
          "sensitive_attributes": [],
          "private": "bnVsbA==",
          "dependencies": [
            "module.vpc.aws_vpc.this",
            "module.vpc.aws_vpc_ipv4_cidr_block_association.this"
          ]
        }
      ]
    },
    {
      "module": "module.vpc",
      "mode": "managed",
      "type": "aws_route_table_association",
      "name": "private",
      "provider": "provider[\"registry.terraform.io/hashicorp/aws\"]",
      "instances": [
        {
          "index_key": 0,
          "schema_version": 0,
          "attributes": {
            "gateway_id": null,
            "id": "rtbassoc-0b5dd2f5161b728b1",
            "route_table_id": "rtb-0d165dcc05bfe3e3b",
            "subnet_id": "subnet-0e10ecdb7f32ed140"
          },
          "sensitive_attributes": [],
          "private": "bnVsbA==",
          "dependencies": [
            "module.vpc.aws_route_table.private",
            "module.vpc.aws_subnet.private",
            "module.vpc.aws_vpc.this",
            "module.vpc.aws_vpc_ipv4_cidr_block_association.this"
          ]
        },
        {
          "index_key": 1,
          "schema_version": 0,
          "attributes": {
            "gateway_id": null,
            "id": "rtbassoc-00f2b387a29975c81",
            "route_table_id": "rtb-0d165dcc05bfe3e3b",
            "subnet_id": "subnet-075afad883cddadd2"
          },
          "sensitive_attributes": [],
          "private": "bnVsbA==",
          "dependencies": [
            "module.vpc.aws_route_table.private",
            "module.vpc.aws_subnet.private",
            "module.vpc.aws_vpc.this",
            "module.vpc.aws_vpc_ipv4_cidr_block_association.this"
          ]
        },
        {
          "index_key": 2,
          "schema_version": 0,
          "attributes": {
            "gateway_id": null,
            "id": "rtbassoc-0b7e33a235faf8d45",
            "route_table_id": "rtb-0d165dcc05bfe3e3b",
            "subnet_id": "subnet-08f5f9a042bd28af2"
          },
          "sensitive_attributes": [],
          "private": "bnVsbA==",
          "dependencies": [
            "module.vpc.aws_route_table.private",
            "module.vpc.aws_subnet.private",
            "module.vpc.aws_vpc.this",
            "module.vpc.aws_vpc_ipv4_cidr_block_association.this"
          ]
        }
      ]
    },
    {
      "module": "module.vpc",
      "mode": "managed",
      "type": "aws_route_table_association",
      "name": "public",
      "provider": "provider[\"registry.terraform.io/hashicorp/aws\"]",
      "instances": [
        {
          "index_key": 0,
          "schema_version": 0,
          "attributes": {
            "gateway_id": null,
            "id": "rtbassoc-04c7e12180e94fcab",
            "route_table_id": "rtb-056315056c72edeea",
            "subnet_id": "subnet-023895cbb83d6acc4"
          },
          "sensitive_attributes": [],
          "private": "bnVsbA==",
          "dependencies": [
            "module.vpc.aws_route_table.public",
            "module.vpc.aws_subnet.public",
            "module.vpc.aws_vpc.this",
            "module.vpc.aws_vpc_ipv4_cidr_block_association.this"
          ]
        },
        {
          "index_key": 1,
          "schema_version": 0,
          "attributes": {
            "gateway_id": null,
            "id": "rtbassoc-002843246e925cff8",
            "route_table_id": "rtb-056315056c72edeea",
            "subnet_id": "subnet-0a216b96ab22dd224"
          },
          "sensitive_attributes": [],
          "private": "bnVsbA==",
          "dependencies": [
            "module.vpc.aws_route_table.public",
            "module.vpc.aws_subnet.public",
            "module.vpc.aws_vpc.this",
            "module.vpc.aws_vpc_ipv4_cidr_block_association.this"
          ]
        },
        {
          "index_key": 2,
          "schema_version": 0,
          "attributes": {
            "gateway_id": null,
            "id": "rtbassoc-0ea1ef115c671279f",
            "route_table_id": "rtb-056315056c72edeea",
            "subnet_id": "subnet-005cddbfb42a4485a"
          },
          "sensitive_attributes": [],
          "private": "bnVsbA==",
          "dependencies": [
            "module.vpc.aws_route_table.public",
            "module.vpc.aws_subnet.public",
            "module.vpc.aws_vpc.this",
            "module.vpc.aws_vpc_ipv4_cidr_block_association.this"
          ]
        }
      ]
    },
    {
      "module": "module.vpc",
      "mode": "managed",
      "type": "aws_subnet",
      "name": "private",
      "provider": "provider[\"registry.terraform.io/hashicorp/aws\"]",
      "instances": [
        {
          "index_key": 0,
          "schema_version": 1,
          "attributes": {
            "arn": "arn:aws:ec2:ap-southeast-1:324715918036:subnet/subnet-0e10ecdb7f32ed140",
            "assign_ipv6_address_on_creation": false,
            "availability_zone": "ap-southeast-1a",
            "availability_zone_id": "apse1-az1",
            "cidr_block": "10.0.1.0/24",
            "customer_owned_ipv4_pool": "",
            "id": "subnet-0e10ecdb7f32ed140",
            "ipv6_cidr_block": "",
            "ipv6_cidr_block_association_id": "",
            "map_customer_owned_ip_on_launch": false,
            "map_public_ip_on_launch": false,
            "outpost_arn": "",
            "owner_id": "324715918036",
            "tags": {
              "Name": "demo",
              "project": "terra_demo"
            },
            "tags_all": {
              "Name": "demo",
              "project": "terra_demo"
            },
            "timeouts": null,
            "vpc_id": "vpc-09dfca211c5fd29c4"
          },
          "sensitive_attributes": [],
          "private": "eyJlMmJmYjczMC1lY2FhLTExZTYtOGY4OC0zNDM2M2JjN2M0YzAiOnsiY3JlYXRlIjo2MDAwMDAwMDAwMDAsImRlbGV0ZSI6MTIwMDAwMDAwMDAwMH0sInNjaGVtYV92ZXJzaW9uIjoiMSJ9",
          "dependencies": [
            "module.vpc.aws_vpc.this",
            "module.vpc.aws_vpc_ipv4_cidr_block_association.this"
          ]
        },
        {
          "index_key": 1,
          "schema_version": 1,
          "attributes": {
            "arn": "arn:aws:ec2:ap-southeast-1:324715918036:subnet/subnet-075afad883cddadd2",
            "assign_ipv6_address_on_creation": false,
            "availability_zone": "ap-southeast-1b",
            "availability_zone_id": "apse1-az2",
            "cidr_block": "10.0.2.0/24",
            "customer_owned_ipv4_pool": "",
            "id": "subnet-075afad883cddadd2",
            "ipv6_cidr_block": "",
            "ipv6_cidr_block_association_id": "",
            "map_customer_owned_ip_on_launch": false,
            "map_public_ip_on_launch": false,
            "outpost_arn": "",
            "owner_id": "324715918036",
            "tags": {
              "Name": "demo",
              "project": "terra_demo"
            },
            "tags_all": {
              "Name": "demo",
              "project": "terra_demo"
            },
            "timeouts": null,
            "vpc_id": "vpc-09dfca211c5fd29c4"
          },
          "sensitive_attributes": [],
          "private": "eyJlMmJmYjczMC1lY2FhLTExZTYtOGY4OC0zNDM2M2JjN2M0YzAiOnsiY3JlYXRlIjo2MDAwMDAwMDAwMDAsImRlbGV0ZSI6MTIwMDAwMDAwMDAwMH0sInNjaGVtYV92ZXJzaW9uIjoiMSJ9",
          "dependencies": [
            "module.vpc.aws_vpc.this",
            "module.vpc.aws_vpc_ipv4_cidr_block_association.this"
          ]
        },
        {
          "index_key": 2,
          "schema_version": 1,
          "attributes": {
            "arn": "arn:aws:ec2:ap-southeast-1:324715918036:subnet/subnet-08f5f9a042bd28af2",
            "assign_ipv6_address_on_creation": false,
            "availability_zone": "ap-southeast-1c",
            "availability_zone_id": "apse1-az3",
            "cidr_block": "10.0.3.0/24",
            "customer_owned_ipv4_pool": "",
            "id": "subnet-08f5f9a042bd28af2",
            "ipv6_cidr_block": "",
            "ipv6_cidr_block_association_id": "",
            "map_customer_owned_ip_on_launch": false,
            "map_public_ip_on_launch": false,
            "outpost_arn": "",
            "owner_id": "324715918036",
            "tags": {
              "Name": "demo",
              "project": "terra_demo"
            },
            "tags_all": {
              "Name": "demo",
              "project": "terra_demo"
            },
            "timeouts": null,
            "vpc_id": "vpc-09dfca211c5fd29c4"
          },
          "sensitive_attributes": [],
          "private": "eyJlMmJmYjczMC1lY2FhLTExZTYtOGY4OC0zNDM2M2JjN2M0YzAiOnsiY3JlYXRlIjo2MDAwMDAwMDAwMDAsImRlbGV0ZSI6MTIwMDAwMDAwMDAwMH0sInNjaGVtYV92ZXJzaW9uIjoiMSJ9",
          "dependencies": [
            "module.vpc.aws_vpc.this",
            "module.vpc.aws_vpc_ipv4_cidr_block_association.this"
          ]
        }
      ]
    },
    {
      "module": "module.vpc",
      "mode": "managed",
      "type": "aws_subnet",
      "name": "public",
      "provider": "provider[\"registry.terraform.io/hashicorp/aws\"]",
      "instances": [
        {
          "index_key": 0,
          "schema_version": 1,
          "attributes": {
            "arn": "arn:aws:ec2:ap-southeast-1:324715918036:subnet/subnet-023895cbb83d6acc4",
            "assign_ipv6_address_on_creation": false,
            "availability_zone": "ap-southeast-1a",
            "availability_zone_id": "apse1-az1",
            "cidr_block": "10.0.4.0/24",
            "customer_owned_ipv4_pool": "",
            "id": "subnet-023895cbb83d6acc4",
            "ipv6_cidr_block": "",
            "ipv6_cidr_block_association_id": "",
            "map_customer_owned_ip_on_launch": false,
            "map_public_ip_on_launch": true,
            "outpost_arn": "",
            "owner_id": "324715918036",
            "tags": {
              "Name": "demo",
              "project": "terra_demo"
            },
            "tags_all": {
              "Name": "demo",
              "project": "terra_demo"
            },
            "timeouts": null,
            "vpc_id": "vpc-09dfca211c5fd29c4"
          },
          "sensitive_attributes": [],
          "private": "eyJlMmJmYjczMC1lY2FhLTExZTYtOGY4OC0zNDM2M2JjN2M0YzAiOnsiY3JlYXRlIjo2MDAwMDAwMDAwMDAsImRlbGV0ZSI6MTIwMDAwMDAwMDAwMH0sInNjaGVtYV92ZXJzaW9uIjoiMSJ9",
          "dependencies": [
            "module.vpc.aws_vpc.this",
            "module.vpc.aws_vpc_ipv4_cidr_block_association.this"
          ],
          "create_before_destroy": true
        },
        {
          "index_key": 1,
          "schema_version": 1,
          "attributes": {
            "arn": "arn:aws:ec2:ap-southeast-1:324715918036:subnet/subnet-0a216b96ab22dd224",
            "assign_ipv6_address_on_creation": false,
            "availability_zone": "ap-southeast-1b",
            "availability_zone_id": "apse1-az2",
            "cidr_block": "10.0.5.0/24",
            "customer_owned_ipv4_pool": "",
            "id": "subnet-0a216b96ab22dd224",
            "ipv6_cidr_block": "",
            "ipv6_cidr_block_association_id": "",
            "map_customer_owned_ip_on_launch": false,
            "map_public_ip_on_launch": true,
            "outpost_arn": "",
            "owner_id": "324715918036",
            "tags": {
              "Name": "demo",
              "project": "terra_demo"
            },
            "tags_all": {
              "Name": "demo",
              "project": "terra_demo"
            },
            "timeouts": null,
            "vpc_id": "vpc-09dfca211c5fd29c4"
          },
          "sensitive_attributes": [],
          "private": "eyJlMmJmYjczMC1lY2FhLTExZTYtOGY4OC0zNDM2M2JjN2M0YzAiOnsiY3JlYXRlIjo2MDAwMDAwMDAwMDAsImRlbGV0ZSI6MTIwMDAwMDAwMDAwMH0sInNjaGVtYV92ZXJzaW9uIjoiMSJ9",
          "dependencies": [
            "module.vpc.aws_vpc.this",
            "module.vpc.aws_vpc_ipv4_cidr_block_association.this"
          ],
          "create_before_destroy": true
        },
        {
          "index_key": 2,
          "schema_version": 1,
          "attributes": {
            "arn": "arn:aws:ec2:ap-southeast-1:324715918036:subnet/subnet-005cddbfb42a4485a",
            "assign_ipv6_address_on_creation": false,
            "availability_zone": "ap-southeast-1c",
            "availability_zone_id": "apse1-az3",
            "cidr_block": "10.0.6.0/24",
            "customer_owned_ipv4_pool": "",
            "id": "subnet-005cddbfb42a4485a",
            "ipv6_cidr_block": "",
            "ipv6_cidr_block_association_id": "",
            "map_customer_owned_ip_on_launch": false,
            "map_public_ip_on_launch": true,
            "outpost_arn": "",
            "owner_id": "324715918036",
            "tags": {
              "Name": "demo",
              "project": "terra_demo"
            },
            "tags_all": {
              "Name": "demo",
              "project": "terra_demo"
            },
            "timeouts": null,
            "vpc_id": "vpc-09dfca211c5fd29c4"
          },
          "sensitive_attributes": [],
          "private": "eyJlMmJmYjczMC1lY2FhLTExZTYtOGY4OC0zNDM2M2JjN2M0YzAiOnsiY3JlYXRlIjo2MDAwMDAwMDAwMDAsImRlbGV0ZSI6MTIwMDAwMDAwMDAwMH0sInNjaGVtYV92ZXJzaW9uIjoiMSJ9",
          "dependencies": [
            "module.vpc.aws_vpc.this",
            "module.vpc.aws_vpc_ipv4_cidr_block_association.this"
          ],
          "create_before_destroy": true
        }
      ]
    },
    {
      "module": "module.vpc",
      "mode": "managed",
      "type": "aws_vpc",
      "name": "this",
      "provider": "provider[\"registry.terraform.io/hashicorp/aws\"]",
      "instances": [
        {
          "index_key": 0,
          "schema_version": 1,
          "attributes": {
            "arn": "arn:aws:ec2:ap-southeast-1:324715918036:vpc/vpc-09dfca211c5fd29c4",
            "assign_generated_ipv6_cidr_block": false,
            "cidr_block": "10.0.0.0/16",
            "default_network_acl_id": "acl-067311f085635687f",
            "default_route_table_id": "rtb-0be4dd3550b1524d9",
            "default_security_group_id": "sg-07c738e7d9fcf4d00",
            "dhcp_options_id": "dopt-22a4b345",
            "enable_classiclink": false,
            "enable_classiclink_dns_support": false,
            "enable_dns_hostnames": false,
            "enable_dns_support": true,
            "id": "vpc-09dfca211c5fd29c4",
            "instance_tenancy": "default",
            "ipv6_association_id": "",
            "ipv6_cidr_block": "",
            "main_route_table_id": "rtb-0be4dd3550b1524d9",
            "owner_id": "324715918036",
            "tags": {
              "Name": "demo",
              "project": "terra_demo"
            },
            "tags_all": {
              "Name": "demo",
              "project": "terra_demo"
            }
          },
          "sensitive_attributes": [],
          "private": "eyJzY2hlbWFfdmVyc2lvbiI6IjEifQ==",
          "create_before_destroy": true
        }
      ]
    }
  ]
}
